<?xml version="1.0" encoding="utf-8"?>
<Project ToolsVersion="4.0" xmlns="http://schemas.microsoft.com/developer/msbuild/2003">
  <ItemGroup>
    <ClCompile Include="..\Src\AndroidApp.cpp">
      <Filter>Src</Filter>
    </ClCompile>
    <ClCompile Include="..\Src\AndroidWindow.cpp">
      <Filter>Src</Filter>
    </ClCompile>
    <ClCompile Include="..\Src\App.cpp">
      <Filter>Src</Filter>
    </ClCompile>
    <ClCompile Include="..\Src\ManagedLogListener.cpp">
      <Filter>Src</Filter>
    </ClCompile>
    <ClCompile Include="..\Src\MultiTouch.cpp">
      <Filter>Src</Filter>
    </ClCompile>
    <ClCompile Include="..\Src\NativeKeyboard.cpp">
      <Filter>Src</Filter>
    </ClCompile>
    <ClCompile Include="..\Src\NativeLog.cpp">
      <Filter>Src</Filter>
    </ClCompile>
    <ClCompile Include="..\Src\NativeMouse.cpp">
      <Filter>Src</Filter>
    </ClCompile>
    <ClCompile Include="..\Src\NativeOSWindow.cpp">
      <Filter>Src</Filter>
    </ClCompile>
    <ClCompile Include="..\Src\PerformanceCounter.cpp">
      <Filter>Src</Filter>
    </ClCompile>
    <ClCompile Include="..\Src\PlatformConfig.cpp">
      <Filter>Src</Filter>
    </ClCompile>
    <ClCompile Include="..\Stdafx.cpp">
      <Filter>Src</Filter>
    </ClCompile>
    <ClCompile Include="..\..\AndroidBaseApp\Common\native_app_glue\android_native_app_glue.c">
      <Filter>Src</Filter>
    </ClCompile>
  </ItemGroup>
  <ItemGroup>
    <Filter Include="Include">
      <UniqueIdentifier>{3abaaeac-e855-434f-a45e-3f78e587c678}</UniqueIdentifier>
    </Filter>
    <Filter Include="Src">
      <UniqueIdentifier>{b661d1d6-f719-4e3c-9d15-80fe2d882b1d}</UniqueIdentifier>
    </Filter>
  </ItemGroup>
  <ItemGroup>
    <ClInclude Include="..\Stdafx.h">
      <Filter>Include</Filter>
    </ClInclude>
    <ClInclude Include="..\Include\AndroidApp.h">
      <Filter>Include</Filter>
    </ClInclude>
    <ClInclude Include="..\Include\AndroidWindow.h">
      <Filter>Include</Filter>
    </ClInclude>
    <ClInclude Include="..\Include\App.h">
      <Filter>Include</Filter>
    </ClInclude>
    <ClInclude Include="..\Include\MouseButtonCode.h">
      <Filter>Include</Filter>
    </ClInclude>
    <ClInclude Include="..\Include\MultiTouch.h">
      <Filter>Include</Filter>
    </ClInclude>
    <ClInclude Include="..\Include\MultiTouchImpl.h">
      <Filter>Include</Filter>
    </ClInclude>
    <ClInclude Include="..\Include\NativeKeyboard.h">
      <Filter>Include</Filter>
    </ClInclude>
    <ClInclude Include="..\Include\NativeLog.h">
      <Filter>Include</Filter>
    </ClInclude>
    <ClInclude Include="..\Include\NativeMouse.h">
      <Filter>Include</Filter>
    </ClInclude>
    <ClInclude Include="..\Include\NativeOSWindow.h">
      <Filter>Include</Filter>
    </ClInclude>
    <ClInclude Include="..\Include\PerformanceCounter.h">
      <Filter>Include</Filter>
    </ClInclude>
    <ClInclude Include="..\..\AndroidBaseApp\Common\native_app_glue\android_native_app_glue.h">
      <Filter>Include</Filter>
    </ClInclude>
  </ItemGroup>
</Project>