
Microsoft Visual Studio Solution File, Format Version 12.00
# Visual Studio 15
VisualStudioVersion = 15.0.27004.2009
MinimumVisualStudioVersion = 10.0.40219.1
Project("{9A19103F-16F7-4668-BE54-9A1E7A4F7556}") = "Engine", "Engine\Engine.csproj", "{57C253F1-157F-4A6A-9FED-345A776B97D5}"
EndProject
Project("{9A19103F-16F7-4668-BE54-9A1E7A4F7556}") = "OgrePlugin", "OgrePlugin\OgrePlugin.csproj", "{E9FD5768-32E1-42C7-8256-4D7B97C22A9B}"
EndProject
Project("{FAE04EC0-301F-11D3-BF4B-00C04F79EFBC}") = "Anomaly", "Anomaly\Anomaly.csproj", "{1511A2C3-1C24-405F-8E0E-E1BA2D7E0266}"
EndProject
Project("{FAE04EC0-301F-11D3-BF4B-00C04F79EFBC}") = "OgreModelEditor", "OgreModelEditor\OgreModelEditor.csproj", "{49EEC126-950A-4775-8907-142F5A53EFE5}"
EndProject
Project("{9A19103F-16F7-4668-BE54-9A1E7A4F7556}") = "ShapeLoader", "ShapeLoader\ShapeLoader.csproj", "{FECE54F4-6796-486F-9617-6D706DDFD0DF}"
EndProject
Project("{9A19103F-16F7-4668-BE54-9A1E7A4F7556}") = "BulletWrapperPlugin", "BulletWrapperPlugin\BulletWrapperPlugin.csproj", "{EBA88DC3-837D-45D8-A91A-E291C6AE444E}"
EndProject
Project("{8BC9CEB8-8B4A-11D0-8D11-00A0C91BC942}") = "BulletWrapper", "BulletWrapper\BulletWrapper.vcxproj", "{2260FE23-93C4-42F2-8EF5-2CAC54B6D5C1}"
EndProject
Project("{8BC9CEB8-8B4A-11D0-8D11-00A0C91BC942}") = "Zip", "Zip\Zip.vcxproj", "{69A0214B-7625-450D-880B-4C363AA288C1}"
EndProject
Project("{8BC9CEB8-8B4A-11D0-8D11-00A0C91BC942}") = "OgreCWrapper", "OgreCWrapper\OgreCWrapper.vcxproj", "{D9E3A6BA-5CDD-4CCE-978B-8E25403CA82F}"
EndProject
Project("{9A19103F-16F7-4668-BE54-9A1E7A4F7556}") = "MyGUIPlugin", "MyGUIPlugin\MyGUIPlugin.csproj", "{02D4DA85-FD6C-421F-81C3-8F58F790BC81}"
EndProject
Project("{8BC9CEB8-8B4A-11D0-8D11-00A0C91BC942}") = "MyGUIWrapper", "MyGUIWrapper\MyGUIWrapper.vcxproj", "{A6D8D083-A1A3-4A90-B2CF-447DAA79404B}"
EndProject
Project("{FAE04EC0-301F-11D3-BF4B-00C04F79EFBC}") = "ImageAtlasPacker", "ImageAtlasPacker\ImageAtlasPacker.csproj", "{A5A6C939-C52E-4A84-9BC5-6BBD763F6A7B}"
EndProject
Project("{8BC9CEB8-8B4A-11D0-8D11-00A0C91BC942}") = "SoundWrapper", "SoundWrapper\SoundWrapper.vcxproj", "{6AA322EB-D00E-4724-B723-85D2560C2F61}"
EndProject
Project("{9A19103F-16F7-4668-BE54-9A1E7A4F7556}") = "SoundPlugin", "SoundPlugin\SoundPlugin.csproj", "{CCAEFE0A-AD1F-42E8-88DA-5A685CC7C73D}"
EndProject
Project("{9A19103F-16F7-4668-BE54-9A1E7A4F7556}") = "libRocketPlugin", "libRocketPlugin\libRocketPlugin.csproj", "{A221C2F5-2089-495B-B51A-54710507344A}"
EndProject
Project("{8BC9CEB8-8B4A-11D0-8D11-00A0C91BC942}") = "libRocketWrapper", "libRocketWrapper\libRocketWrapper.vcxproj", "{A6C12C76-FB7E-4402-B111-3118D0E5F17A}"
EndProject
Project("{FAE04EC0-301F-11D3-BF4B-00C04F79EFBC}") = "BEPUikPlugin", "BEPUikPlugin\BEPUikPlugin.csproj", "{39F1AB5F-F0B1-45FD-AD66-9C03AF1F022E}"
EndProject
Project("{FAE04EC0-301F-11D3-BF4B-00C04F79EFBC}") = "NativeLibraries", "NativeLibraries\NativeLibraries.csproj", "{7D94A1BC-04CF-4D71-9A6C-FCF4BB4C0AFB}"
EndProject
Project("{FAE04EC0-301F-11D3-BF4B-00C04F79EFBC}") = "NativeLibraries64", "NativeLibraries64\NativeLibraries64.csproj", "{4C333BAE-E797-431B-AF0E-B753BF9AAE2D}"
EndProject
Project("{8BC9CEB8-8B4A-11D0-8D11-00A0C91BC942}") = "OSHelper", "OSHelper\OSHelper.vcxproj", "{5DEF45C8-1C64-4A56-840B-B6F5A02346B7}"
EndProject
Project("{8BC9CEB8-8B4A-11D0-8D11-00A0C91BC942}") = "WinMTDriver", "WinMTDriver\WinMTDriver.vcxproj", "{74016E0D-C14D-448E-9AAF-FE8669EF50B1}"
EndProject
Project("{FAE04EC0-301F-11D3-BF4B-00C04F79EFBC}") = "TestMinimalApplication", "TestMinimalApplication\TestMinimalApplication.csproj", "{E8740DBB-4636-4058-9AF6-64222294EEEE}"
EndProject
Project("{9A19103F-16F7-4668-BE54-9A1E7A4F7556}") = "OSPlatform", "OSPlatform\OSPlatform.csproj", "{6E594C78-9CD8-432D-A135-11C4A72F3BCF}"
EndProject
Project("{9A19103F-16F7-4668-BE54-9A1E7A4F7556}") = "GuiFramework", "GuiFramework\GuiFramework.csproj", "{FC299A06-61BD-4562-A315-0F0BE454925A}"
EndProject
Project("{9A19103F-16F7-4668-BE54-9A1E7A4F7556}") = "libRocketWidget", "libRocketWidget\libRocketWidget.csproj", "{922F9AEC-9921-4234-89E5-14CE09625A07}"
EndProject
Project("{9A19103F-16F7-4668-BE54-9A1E7A4F7556}") = "GuiFramework.Cameras", "GuiFramework.Cameras\GuiFramework.Cameras.csproj", "{83D4BB54-FF33-4011-9819-582458329D9B}"
EndProject
Project("{9A19103F-16F7-4668-BE54-9A1E7A4F7556}") = "GuiFramework.Editor", "GuiFramework.Editor\GuiFramework.Editor.csproj", "{ACBBA2D0-C648-4798-9D40-CE8B797642AD}"
EndProject
Project("{FAE04EC0-301F-11D3-BF4B-00C04F79EFBC}") = "TestLibrary", "TestLibrary\TestLibrary.csproj", "{40428C46-EE61-44C9-B9AD-ADF263B69628}"
EndProject
Project("{9A19103F-16F7-4668-BE54-9A1E7A4F7556}") = "GuiFramework.Debugging", "GuiFramework.Debugging\GuiFramework.Debugging.csproj", "{9183C078-D330-459B-BE70-DA4CC96A361D}"
EndProject
Project("{FAE04EC0-301F-11D3-BF4B-00C04F79EFBC}") = "TextureCompiler", "TextureCompiler\TextureCompiler.csproj", "{4B395F64-4F52-4CC3-B983-33CC38A6450D}"
EndProject
Project("{2150E333-8FDC-42A3-9474-1A3956D46DE8}") = "Dependencies", "Dependencies", "{4DF4D5DA-3027-438C-AC3E-F2A16CDEA3E8}"
EndProject
Project("{9A19103F-16F7-4668-BE54-9A1E7A4F7556}") = "FreeImageDotNet", "..\Dependencies\FreeImage.NET\Library\FreeImageDotNet.csproj", "{6598A7CD-8F27-4D3F-A675-5AE63113A7C3}"
EndProject
Project("{FAE04EC0-301F-11D3-BF4B-00C04F79EFBC}") = "DotNetZip", "..\Dependencies\DotNetZip\DotNetZip.csproj", "{5068F53B-8D7B-4AEE-AF54-7428B0E997A3}"
EndProject
Project("{8BC9CEB8-8B4A-11D0-8D11-00A0C91BC942}") = "Win32UniversalBridge", "Win32UniversalBridge\Win32UniversalBridge.vcxproj", "{8810A5B6-B55D-4707-9B54-FEA08FFCA46D}"
EndProject
Project("{FAE04EC0-301F-11D3-BF4B-00C04F79EFBC}") = "OSPlatform.Win32", "OSPlatform.Win32\OSPlatform.Win32.csproj", "{ACBB3920-B6D8-497B-8BAE-9350C7A85C09}"
EndProject
Project("{2150E333-8FDC-42A3-9474-1A3956D46DE8}") = "Tests", "Tests", "{EA85E1C1-F4FC-455E-9061-D4D702A976F5}"
EndProject
Project("{FAE04EC0-301F-11D3-BF4B-00C04F79EFBC}") = "EngineTest", "EngineTest\EngineTest.csproj", "{8AA60981-92D9-4CBA-AC33-AE71A94C0231}"
EndProject
Project("{9A19103F-16F7-4668-BE54-9A1E7A4F7556}") = "SidescrollerCore", "SidescrollerCore\SidescrollerCore.csproj", "{7D71E5FD-3E93-49ED-B2D7-8436319DBD8E}"
EndProject
Project("{9A19103F-16F7-4668-BE54-9A1E7A4F7556}") = "TilesetPlugin", "TilesetPlugin\TilesetPlugin.csproj", "{B38EBC7A-D967-4BE3-AE22-67C82C6C9B48}"
EndProject
Project("{9A19103F-16F7-4668-BE54-9A1E7A4F7556}") = "GameApp", "GameApp\GameApp.csproj", "{33939ECF-6C10-4A4F-BBB1-8C63C0DC7559}"
EndProject
Project("{9A19103F-16F7-4668-BE54-9A1E7A4F7556}") = "GameAppTest", "GameAppTest\GameAppTest.csproj", "{29AA0C05-EEAF-4D80-B3DD-AF228ACCA4BC}"
EndProject
Project("{FAE04EC0-301F-11D3-BF4B-00C04F79EFBC}") = "GameAppTestWin32", "GameAppTestWin32\GameAppTestWin32.csproj", "{B80270CA-D7B0-405D-B564-085EB8529E12}"
EndProject
Global
	GlobalSection(SolutionConfigurationPlatforms) = preSolution
		Debug|Any CPU = Debug|Any CPU
		Debug|x64 = Debug|x64
		Debug|x86 = Debug|x86
		DebugAOT|Any CPU = DebugAOT|Any CPU
		DebugAOT|x64 = DebugAOT|x64
		DebugAOT|x86 = DebugAOT|x86
		Release|Any CPU = Release|Any CPU
		Release|x64 = Release|x64
		Release|x86 = Release|x86
		ReleaseAOT|Any CPU = ReleaseAOT|Any CPU
		ReleaseAOT|x64 = ReleaseAOT|x64
		ReleaseAOT|x86 = ReleaseAOT|x86
		RelMDeb|Any CPU = RelMDeb|Any CPU
		RelMDeb|x64 = RelMDeb|x64
		RelMDeb|x86 = RelMDeb|x86
	EndGlobalSection
	GlobalSection(ProjectConfigurationPlatforms) = postSolution
		{57C253F1-157F-4A6A-9FED-345A776B97D5}.Debug|Any CPU.ActiveCfg = Debug|Any CPU
		{57C253F1-157F-4A6A-9FED-345A776B97D5}.Debug|Any CPU.Build.0 = Debug|Any CPU
		{57C253F1-157F-4A6A-9FED-345A776B97D5}.Debug|x64.ActiveCfg = Debug|Any CPU
		{57C253F1-157F-4A6A-9FED-345A776B97D5}.Debug|x64.Build.0 = Debug|Any CPU
		{57C253F1-157F-4A6A-9FED-345A776B97D5}.Debug|x86.ActiveCfg = Debug|Any CPU
		{57C253F1-157F-4A6A-9FED-345A776B97D5}.Debug|x86.Build.0 = Debug|Any CPU
		{57C253F1-157F-4A6A-9FED-345A776B97D5}.DebugAOT|Any CPU.ActiveCfg = Debug|Any CPU
		{57C253F1-157F-4A6A-9FED-345A776B97D5}.DebugAOT|Any CPU.Build.0 = Debug|Any CPU
		{57C253F1-157F-4A6A-9FED-345A776B97D5}.DebugAOT|x64.ActiveCfg = Debug|Any CPU
		{57C253F1-157F-4A6A-9FED-345A776B97D5}.DebugAOT|x64.Build.0 = Debug|Any CPU
		{57C253F1-157F-4A6A-9FED-345A776B97D5}.DebugAOT|x86.ActiveCfg = Debug|Any CPU
		{57C253F1-157F-4A6A-9FED-345A776B97D5}.DebugAOT|x86.Build.0 = Debug|Any CPU
		{57C253F1-157F-4A6A-9FED-345A776B97D5}.Release|Any CPU.ActiveCfg = Release|Any CPU
		{57C253F1-157F-4A6A-9FED-345A776B97D5}.Release|Any CPU.Build.0 = Release|Any CPU
		{57C253F1-157F-4A6A-9FED-345A776B97D5}.Release|x64.ActiveCfg = Release|Any CPU
		{57C253F1-157F-4A6A-9FED-345A776B97D5}.Release|x64.Build.0 = Release|Any CPU
		{57C253F1-157F-4A6A-9FED-345A776B97D5}.Release|x86.ActiveCfg = Release|Any CPU
		{57C253F1-157F-4A6A-9FED-345A776B97D5}.Release|x86.Build.0 = Release|Any CPU
		{57C253F1-157F-4A6A-9FED-345A776B97D5}.ReleaseAOT|Any CPU.ActiveCfg = Release|Any CPU
		{57C253F1-157F-4A6A-9FED-345A776B97D5}.ReleaseAOT|Any CPU.Build.0 = Release|Any CPU
		{57C253F1-157F-4A6A-9FED-345A776B97D5}.ReleaseAOT|x64.ActiveCfg = Release|Any CPU
		{57C253F1-157F-4A6A-9FED-345A776B97D5}.ReleaseAOT|x64.Build.0 = Release|Any CPU
		{57C253F1-157F-4A6A-9FED-345A776B97D5}.ReleaseAOT|x86.ActiveCfg = Release|Any CPU
		{57C253F1-157F-4A6A-9FED-345A776B97D5}.ReleaseAOT|x86.Build.0 = Release|Any CPU
		{57C253F1-157F-4A6A-9FED-345A776B97D5}.RelMDeb|Any CPU.ActiveCfg = Release|Any CPU
		{57C253F1-157F-4A6A-9FED-345A776B97D5}.RelMDeb|Any CPU.Build.0 = Release|Any CPU
		{57C253F1-157F-4A6A-9FED-345A776B97D5}.RelMDeb|x64.ActiveCfg = Release|Any CPU
		{57C253F1-157F-4A6A-9FED-345A776B97D5}.RelMDeb|x64.Build.0 = Release|Any CPU
		{57C253F1-157F-4A6A-9FED-345A776B97D5}.RelMDeb|x86.ActiveCfg = Release|Any CPU
		{57C253F1-157F-4A6A-9FED-345A776B97D5}.RelMDeb|x86.Build.0 = Release|Any CPU
		{E9FD5768-32E1-42C7-8256-4D7B97C22A9B}.Debug|Any CPU.ActiveCfg = Debug|Any CPU
		{E9FD5768-32E1-42C7-8256-4D7B97C22A9B}.Debug|Any CPU.Build.0 = Debug|Any CPU
		{E9FD5768-32E1-42C7-8256-4D7B97C22A9B}.Debug|x64.ActiveCfg = Debug|Any CPU
		{E9FD5768-32E1-42C7-8256-4D7B97C22A9B}.Debug|x64.Build.0 = Debug|Any CPU
		{E9FD5768-32E1-42C7-8256-4D7B97C22A9B}.Debug|x86.ActiveCfg = Debug|Any CPU
		{E9FD5768-32E1-42C7-8256-4D7B97C22A9B}.Debug|x86.Build.0 = Debug|Any CPU
		{E9FD5768-32E1-42C7-8256-4D7B97C22A9B}.DebugAOT|Any CPU.ActiveCfg = Debug|Any CPU
		{E9FD5768-32E1-42C7-8256-4D7B97C22A9B}.DebugAOT|Any CPU.Build.0 = Debug|Any CPU
		{E9FD5768-32E1-42C7-8256-4D7B97C22A9B}.DebugAOT|x64.ActiveCfg = Debug|Any CPU
		{E9FD5768-32E1-42C7-8256-4D7B97C22A9B}.DebugAOT|x64.Build.0 = Debug|Any CPU
		{E9FD5768-32E1-42C7-8256-4D7B97C22A9B}.DebugAOT|x86.ActiveCfg = Debug|Any CPU
		{E9FD5768-32E1-42C7-8256-4D7B97C22A9B}.DebugAOT|x86.Build.0 = Debug|Any CPU
		{E9FD5768-32E1-42C7-8256-4D7B97C22A9B}.Release|Any CPU.ActiveCfg = Release|Any CPU
		{E9FD5768-32E1-42C7-8256-4D7B97C22A9B}.Release|Any CPU.Build.0 = Release|Any CPU
		{E9FD5768-32E1-42C7-8256-4D7B97C22A9B}.Release|x64.ActiveCfg = Release|Any CPU
		{E9FD5768-32E1-42C7-8256-4D7B97C22A9B}.Release|x64.Build.0 = Release|Any CPU
		{E9FD5768-32E1-42C7-8256-4D7B97C22A9B}.Release|x86.ActiveCfg = Release|Any CPU
		{E9FD5768-32E1-42C7-8256-4D7B97C22A9B}.Release|x86.Build.0 = Release|Any CPU
		{E9FD5768-32E1-42C7-8256-4D7B97C22A9B}.ReleaseAOT|Any CPU.ActiveCfg = Release|Any CPU
		{E9FD5768-32E1-42C7-8256-4D7B97C22A9B}.ReleaseAOT|Any CPU.Build.0 = Release|Any CPU
		{E9FD5768-32E1-42C7-8256-4D7B97C22A9B}.ReleaseAOT|x64.ActiveCfg = Release|Any CPU
		{E9FD5768-32E1-42C7-8256-4D7B97C22A9B}.ReleaseAOT|x64.Build.0 = Release|Any CPU
		{E9FD5768-32E1-42C7-8256-4D7B97C22A9B}.ReleaseAOT|x86.ActiveCfg = Release|Any CPU
		{E9FD5768-32E1-42C7-8256-4D7B97C22A9B}.ReleaseAOT|x86.Build.0 = Release|Any CPU
		{E9FD5768-32E1-42C7-8256-4D7B97C22A9B}.RelMDeb|Any CPU.ActiveCfg = Release|Any CPU
		{E9FD5768-32E1-42C7-8256-4D7B97C22A9B}.RelMDeb|Any CPU.Build.0 = Release|Any CPU
		{E9FD5768-32E1-42C7-8256-4D7B97C22A9B}.RelMDeb|x64.ActiveCfg = Release|Any CPU
		{E9FD5768-32E1-42C7-8256-4D7B97C22A9B}.RelMDeb|x64.Build.0 = Release|Any CPU
		{E9FD5768-32E1-42C7-8256-4D7B97C22A9B}.RelMDeb|x86.ActiveCfg = Release|Any CPU
		{E9FD5768-32E1-42C7-8256-4D7B97C22A9B}.RelMDeb|x86.Build.0 = Release|Any CPU
		{1511A2C3-1C24-405F-8E0E-E1BA2D7E0266}.Debug|Any CPU.ActiveCfg = Debug|Any CPU
		{1511A2C3-1C24-405F-8E0E-E1BA2D7E0266}.Debug|Any CPU.Build.0 = Debug|Any CPU
		{1511A2C3-1C24-405F-8E0E-E1BA2D7E0266}.Debug|x64.ActiveCfg = Debug|Any CPU
		{1511A2C3-1C24-405F-8E0E-E1BA2D7E0266}.Debug|x64.Build.0 = Debug|Any CPU
		{1511A2C3-1C24-405F-8E0E-E1BA2D7E0266}.Debug|x86.ActiveCfg = Debug|Any CPU
		{1511A2C3-1C24-405F-8E0E-E1BA2D7E0266}.Debug|x86.Build.0 = Debug|Any CPU
		{1511A2C3-1C24-405F-8E0E-E1BA2D7E0266}.DebugAOT|Any CPU.ActiveCfg = Debug|Any CPU
		{1511A2C3-1C24-405F-8E0E-E1BA2D7E0266}.DebugAOT|Any CPU.Build.0 = Debug|Any CPU
		{1511A2C3-1C24-405F-8E0E-E1BA2D7E0266}.DebugAOT|x64.ActiveCfg = Debug|Any CPU
		{1511A2C3-1C24-405F-8E0E-E1BA2D7E0266}.DebugAOT|x64.Build.0 = Debug|Any CPU
		{1511A2C3-1C24-405F-8E0E-E1BA2D7E0266}.DebugAOT|x86.ActiveCfg = Debug|Any CPU
		{1511A2C3-1C24-405F-8E0E-E1BA2D7E0266}.DebugAOT|x86.Build.0 = Debug|Any CPU
		{1511A2C3-1C24-405F-8E0E-E1BA2D7E0266}.Release|Any CPU.ActiveCfg = Release|Any CPU
		{1511A2C3-1C24-405F-8E0E-E1BA2D7E0266}.Release|Any CPU.Build.0 = Release|Any CPU
		{1511A2C3-1C24-405F-8E0E-E1BA2D7E0266}.Release|x64.ActiveCfg = Release|Any CPU
		{1511A2C3-1C24-405F-8E0E-E1BA2D7E0266}.Release|x64.Build.0 = Release|Any CPU
		{1511A2C3-1C24-405F-8E0E-E1BA2D7E0266}.Release|x86.ActiveCfg = Release|Any CPU
		{1511A2C3-1C24-405F-8E0E-E1BA2D7E0266}.Release|x86.Build.0 = Release|Any CPU
		{1511A2C3-1C24-405F-8E0E-E1BA2D7E0266}.ReleaseAOT|Any CPU.ActiveCfg = Release|Any CPU
		{1511A2C3-1C24-405F-8E0E-E1BA2D7E0266}.ReleaseAOT|Any CPU.Build.0 = Release|Any CPU
		{1511A2C3-1C24-405F-8E0E-E1BA2D7E0266}.ReleaseAOT|x64.ActiveCfg = Release|Any CPU
		{1511A2C3-1C24-405F-8E0E-E1BA2D7E0266}.ReleaseAOT|x64.Build.0 = Release|Any CPU
		{1511A2C3-1C24-405F-8E0E-E1BA2D7E0266}.ReleaseAOT|x86.ActiveCfg = Release|Any CPU
		{1511A2C3-1C24-405F-8E0E-E1BA2D7E0266}.ReleaseAOT|x86.Build.0 = Release|Any CPU
		{1511A2C3-1C24-405F-8E0E-E1BA2D7E0266}.RelMDeb|Any CPU.ActiveCfg = RelMDeb|Any CPU
		{1511A2C3-1C24-405F-8E0E-E1BA2D7E0266}.RelMDeb|Any CPU.Build.0 = RelMDeb|Any CPU
		{1511A2C3-1C24-405F-8E0E-E1BA2D7E0266}.RelMDeb|x64.ActiveCfg = RelMDeb|Any CPU
		{1511A2C3-1C24-405F-8E0E-E1BA2D7E0266}.RelMDeb|x64.Build.0 = RelMDeb|Any CPU
		{1511A2C3-1C24-405F-8E0E-E1BA2D7E0266}.RelMDeb|x86.ActiveCfg = RelMDeb|Any CPU
		{1511A2C3-1C24-405F-8E0E-E1BA2D7E0266}.RelMDeb|x86.Build.0 = RelMDeb|Any CPU
		{49EEC126-950A-4775-8907-142F5A53EFE5}.Debug|Any CPU.ActiveCfg = Debug|Any CPU
		{49EEC126-950A-4775-8907-142F5A53EFE5}.Debug|Any CPU.Build.0 = Debug|Any CPU
		{49EEC126-950A-4775-8907-142F5A53EFE5}.Debug|x64.ActiveCfg = Debug|Any CPU
		{49EEC126-950A-4775-8907-142F5A53EFE5}.Debug|x64.Build.0 = Debug|Any CPU
		{49EEC126-950A-4775-8907-142F5A53EFE5}.Debug|x86.ActiveCfg = Debug|Any CPU
		{49EEC126-950A-4775-8907-142F5A53EFE5}.Debug|x86.Build.0 = Debug|Any CPU
		{49EEC126-950A-4775-8907-142F5A53EFE5}.DebugAOT|Any CPU.ActiveCfg = Debug|Any CPU
		{49EEC126-950A-4775-8907-142F5A53EFE5}.DebugAOT|Any CPU.Build.0 = Debug|Any CPU
		{49EEC126-950A-4775-8907-142F5A53EFE5}.DebugAOT|x64.ActiveCfg = Debug|Any CPU
		{49EEC126-950A-4775-8907-142F5A53EFE5}.DebugAOT|x64.Build.0 = Debug|Any CPU
		{49EEC126-950A-4775-8907-142F5A53EFE5}.DebugAOT|x86.ActiveCfg = Debug|Any CPU
		{49EEC126-950A-4775-8907-142F5A53EFE5}.DebugAOT|x86.Build.0 = Debug|Any CPU
		{49EEC126-950A-4775-8907-142F5A53EFE5}.Release|Any CPU.ActiveCfg = Release|Any CPU
		{49EEC126-950A-4775-8907-142F5A53EFE5}.Release|Any CPU.Build.0 = Release|Any CPU
		{49EEC126-950A-4775-8907-142F5A53EFE5}.Release|x64.ActiveCfg = Release|Any CPU
		{49EEC126-950A-4775-8907-142F5A53EFE5}.Release|x64.Build.0 = Release|Any CPU
		{49EEC126-950A-4775-8907-142F5A53EFE5}.Release|x86.ActiveCfg = Release|Any CPU
		{49EEC126-950A-4775-8907-142F5A53EFE5}.Release|x86.Build.0 = Release|Any CPU
		{49EEC126-950A-4775-8907-142F5A53EFE5}.ReleaseAOT|Any CPU.ActiveCfg = Release|Any CPU
		{49EEC126-950A-4775-8907-142F5A53EFE5}.ReleaseAOT|Any CPU.Build.0 = Release|Any CPU
		{49EEC126-950A-4775-8907-142F5A53EFE5}.ReleaseAOT|x64.ActiveCfg = Release|Any CPU
		{49EEC126-950A-4775-8907-142F5A53EFE5}.ReleaseAOT|x64.Build.0 = Release|Any CPU
		{49EEC126-950A-4775-8907-142F5A53EFE5}.ReleaseAOT|x86.ActiveCfg = Release|Any CPU
		{49EEC126-950A-4775-8907-142F5A53EFE5}.ReleaseAOT|x86.Build.0 = Release|Any CPU
		{49EEC126-950A-4775-8907-142F5A53EFE5}.RelMDeb|Any CPU.ActiveCfg = RelMDeb|Any CPU
		{49EEC126-950A-4775-8907-142F5A53EFE5}.RelMDeb|Any CPU.Build.0 = RelMDeb|Any CPU
		{49EEC126-950A-4775-8907-142F5A53EFE5}.RelMDeb|x64.ActiveCfg = RelMDeb|Any CPU
		{49EEC126-950A-4775-8907-142F5A53EFE5}.RelMDeb|x64.Build.0 = RelMDeb|Any CPU
		{49EEC126-950A-4775-8907-142F5A53EFE5}.RelMDeb|x86.ActiveCfg = RelMDeb|Any CPU
		{49EEC126-950A-4775-8907-142F5A53EFE5}.RelMDeb|x86.Build.0 = RelMDeb|Any CPU
		{FECE54F4-6796-486F-9617-6D706DDFD0DF}.Debug|Any CPU.ActiveCfg = Debug|Any CPU
		{FECE54F4-6796-486F-9617-6D706DDFD0DF}.Debug|Any CPU.Build.0 = Debug|Any CPU
		{FECE54F4-6796-486F-9617-6D706DDFD0DF}.Debug|x64.ActiveCfg = Debug|Any CPU
		{FECE54F4-6796-486F-9617-6D706DDFD0DF}.Debug|x64.Build.0 = Debug|Any CPU
		{FECE54F4-6796-486F-9617-6D706DDFD0DF}.Debug|x86.ActiveCfg = Debug|Any CPU
		{FECE54F4-6796-486F-9617-6D706DDFD0DF}.Debug|x86.Build.0 = Debug|Any CPU
		{FECE54F4-6796-486F-9617-6D706DDFD0DF}.DebugAOT|Any CPU.ActiveCfg = Debug|Any CPU
		{FECE54F4-6796-486F-9617-6D706DDFD0DF}.DebugAOT|Any CPU.Build.0 = Debug|Any CPU
		{FECE54F4-6796-486F-9617-6D706DDFD0DF}.DebugAOT|x64.ActiveCfg = Debug|Any CPU
		{FECE54F4-6796-486F-9617-6D706DDFD0DF}.DebugAOT|x64.Build.0 = Debug|Any CPU
		{FECE54F4-6796-486F-9617-6D706DDFD0DF}.DebugAOT|x86.ActiveCfg = Debug|Any CPU
		{FECE54F4-6796-486F-9617-6D706DDFD0DF}.DebugAOT|x86.Build.0 = Debug|Any CPU
		{FECE54F4-6796-486F-9617-6D706DDFD0DF}.Release|Any CPU.ActiveCfg = Release|Any CPU
		{FECE54F4-6796-486F-9617-6D706DDFD0DF}.Release|Any CPU.Build.0 = Release|Any CPU
		{FECE54F4-6796-486F-9617-6D706DDFD0DF}.Release|x64.ActiveCfg = Release|Any CPU
		{FECE54F4-6796-486F-9617-6D706DDFD0DF}.Release|x64.Build.0 = Release|Any CPU
		{FECE54F4-6796-486F-9617-6D706DDFD0DF}.Release|x86.ActiveCfg = Release|Any CPU
		{FECE54F4-6796-486F-9617-6D706DDFD0DF}.Release|x86.Build.0 = Release|Any CPU
		{FECE54F4-6796-486F-9617-6D706DDFD0DF}.ReleaseAOT|Any CPU.ActiveCfg = Release|Any CPU
		{FECE54F4-6796-486F-9617-6D706DDFD0DF}.ReleaseAOT|Any CPU.Build.0 = Release|Any CPU
		{FECE54F4-6796-486F-9617-6D706DDFD0DF}.ReleaseAOT|x64.ActiveCfg = Release|Any CPU
		{FECE54F4-6796-486F-9617-6D706DDFD0DF}.ReleaseAOT|x64.Build.0 = Release|Any CPU
		{FECE54F4-6796-486F-9617-6D706DDFD0DF}.ReleaseAOT|x86.ActiveCfg = Release|Any CPU
		{FECE54F4-6796-486F-9617-6D706DDFD0DF}.ReleaseAOT|x86.Build.0 = Release|Any CPU
		{FECE54F4-6796-486F-9617-6D706DDFD0DF}.RelMDeb|Any CPU.ActiveCfg = Release|Any CPU
		{FECE54F4-6796-486F-9617-6D706DDFD0DF}.RelMDeb|Any CPU.Build.0 = Release|Any CPU
		{FECE54F4-6796-486F-9617-6D706DDFD0DF}.RelMDeb|x64.ActiveCfg = Release|Any CPU
		{FECE54F4-6796-486F-9617-6D706DDFD0DF}.RelMDeb|x64.Build.0 = Release|Any CPU
		{FECE54F4-6796-486F-9617-6D706DDFD0DF}.RelMDeb|x86.ActiveCfg = Release|Any CPU
		{FECE54F4-6796-486F-9617-6D706DDFD0DF}.RelMDeb|x86.Build.0 = Release|Any CPU
		{EBA88DC3-837D-45D8-A91A-E291C6AE444E}.Debug|Any CPU.ActiveCfg = Debug|Any CPU
		{EBA88DC3-837D-45D8-A91A-E291C6AE444E}.Debug|Any CPU.Build.0 = Debug|Any CPU
		{EBA88DC3-837D-45D8-A91A-E291C6AE444E}.Debug|x64.ActiveCfg = Debug|Any CPU
		{EBA88DC3-837D-45D8-A91A-E291C6AE444E}.Debug|x64.Build.0 = Debug|Any CPU
		{EBA88DC3-837D-45D8-A91A-E291C6AE444E}.Debug|x86.ActiveCfg = Debug|Any CPU
		{EBA88DC3-837D-45D8-A91A-E291C6AE444E}.Debug|x86.Build.0 = Debug|Any CPU
		{EBA88DC3-837D-45D8-A91A-E291C6AE444E}.DebugAOT|Any CPU.ActiveCfg = Debug|Any CPU
		{EBA88DC3-837D-45D8-A91A-E291C6AE444E}.DebugAOT|Any CPU.Build.0 = Debug|Any CPU
		{EBA88DC3-837D-45D8-A91A-E291C6AE444E}.DebugAOT|x64.ActiveCfg = Debug|Any CPU
		{EBA88DC3-837D-45D8-A91A-E291C6AE444E}.DebugAOT|x64.Build.0 = Debug|Any CPU
		{EBA88DC3-837D-45D8-A91A-E291C6AE444E}.DebugAOT|x86.ActiveCfg = Debug|Any CPU
		{EBA88DC3-837D-45D8-A91A-E291C6AE444E}.DebugAOT|x86.Build.0 = Debug|Any CPU
		{EBA88DC3-837D-45D8-A91A-E291C6AE444E}.Release|Any CPU.ActiveCfg = Release|Any CPU
		{EBA88DC3-837D-45D8-A91A-E291C6AE444E}.Release|Any CPU.Build.0 = Release|Any CPU
		{EBA88DC3-837D-45D8-A91A-E291C6AE444E}.Release|x64.ActiveCfg = Release|Any CPU
		{EBA88DC3-837D-45D8-A91A-E291C6AE444E}.Release|x64.Build.0 = Release|Any CPU
		{EBA88DC3-837D-45D8-A91A-E291C6AE444E}.Release|x86.ActiveCfg = Release|Any CPU
		{EBA88DC3-837D-45D8-A91A-E291C6AE444E}.Release|x86.Build.0 = Release|Any CPU
		{EBA88DC3-837D-45D8-A91A-E291C6AE444E}.ReleaseAOT|Any CPU.ActiveCfg = Release|Any CPU
		{EBA88DC3-837D-45D8-A91A-E291C6AE444E}.ReleaseAOT|Any CPU.Build.0 = Release|Any CPU
		{EBA88DC3-837D-45D8-A91A-E291C6AE444E}.ReleaseAOT|x64.ActiveCfg = Release|Any CPU
		{EBA88DC3-837D-45D8-A91A-E291C6AE444E}.ReleaseAOT|x64.Build.0 = Release|Any CPU
		{EBA88DC3-837D-45D8-A91A-E291C6AE444E}.ReleaseAOT|x86.ActiveCfg = Release|Any CPU
		{EBA88DC3-837D-45D8-A91A-E291C6AE444E}.ReleaseAOT|x86.Build.0 = Release|Any CPU
		{EBA88DC3-837D-45D8-A91A-E291C6AE444E}.RelMDeb|Any CPU.ActiveCfg = Release|Any CPU
		{EBA88DC3-837D-45D8-A91A-E291C6AE444E}.RelMDeb|Any CPU.Build.0 = Release|Any CPU
		{EBA88DC3-837D-45D8-A91A-E291C6AE444E}.RelMDeb|x64.ActiveCfg = Release|Any CPU
		{EBA88DC3-837D-45D8-A91A-E291C6AE444E}.RelMDeb|x64.Build.0 = Release|Any CPU
		{EBA88DC3-837D-45D8-A91A-E291C6AE444E}.RelMDeb|x86.ActiveCfg = Release|Any CPU
		{EBA88DC3-837D-45D8-A91A-E291C6AE444E}.RelMDeb|x86.Build.0 = Release|Any CPU
		{2260FE23-93C4-42F2-8EF5-2CAC54B6D5C1}.Debug|Any CPU.ActiveCfg = Debug|Win32
		{2260FE23-93C4-42F2-8EF5-2CAC54B6D5C1}.Debug|x64.ActiveCfg = Debug|x64
		{2260FE23-93C4-42F2-8EF5-2CAC54B6D5C1}.Debug|x64.Build.0 = Debug|x64
		{2260FE23-93C4-42F2-8EF5-2CAC54B6D5C1}.Debug|x86.ActiveCfg = Debug|Win32
		{2260FE23-93C4-42F2-8EF5-2CAC54B6D5C1}.Debug|x86.Build.0 = Debug|Win32
		{2260FE23-93C4-42F2-8EF5-2CAC54B6D5C1}.DebugAOT|Any CPU.ActiveCfg = Release|Win32
		{2260FE23-93C4-42F2-8EF5-2CAC54B6D5C1}.DebugAOT|Any CPU.Build.0 = Release|Win32
		{2260FE23-93C4-42F2-8EF5-2CAC54B6D5C1}.DebugAOT|x64.ActiveCfg = Debug|x64
		{2260FE23-93C4-42F2-8EF5-2CAC54B6D5C1}.DebugAOT|x64.Build.0 = Debug|x64
		{2260FE23-93C4-42F2-8EF5-2CAC54B6D5C1}.DebugAOT|x86.ActiveCfg = Debug|Win32
		{2260FE23-93C4-42F2-8EF5-2CAC54B6D5C1}.DebugAOT|x86.Build.0 = Debug|Win32
		{2260FE23-93C4-42F2-8EF5-2CAC54B6D5C1}.Release|Any CPU.ActiveCfg = Release|Win32
		{2260FE23-93C4-42F2-8EF5-2CAC54B6D5C1}.Release|x64.ActiveCfg = Release|x64
		{2260FE23-93C4-42F2-8EF5-2CAC54B6D5C1}.Release|x64.Build.0 = Release|x64
		{2260FE23-93C4-42F2-8EF5-2CAC54B6D5C1}.Release|x86.ActiveCfg = Release|Win32
		{2260FE23-93C4-42F2-8EF5-2CAC54B6D5C1}.Release|x86.Build.0 = Release|Win32
		{2260FE23-93C4-42F2-8EF5-2CAC54B6D5C1}.ReleaseAOT|Any CPU.ActiveCfg = Release|Win32
		{2260FE23-93C4-42F2-8EF5-2CAC54B6D5C1}.ReleaseAOT|Any CPU.Build.0 = Release|Win32
		{2260FE23-93C4-42F2-8EF5-2CAC54B6D5C1}.ReleaseAOT|x64.ActiveCfg = Release|x64
		{2260FE23-93C4-42F2-8EF5-2CAC54B6D5C1}.ReleaseAOT|x64.Build.0 = Release|x64
		{2260FE23-93C4-42F2-8EF5-2CAC54B6D5C1}.ReleaseAOT|x86.ActiveCfg = Release|Win32
		{2260FE23-93C4-42F2-8EF5-2CAC54B6D5C1}.ReleaseAOT|x86.Build.0 = Release|Win32
		{2260FE23-93C4-42F2-8EF5-2CAC54B6D5C1}.RelMDeb|Any CPU.ActiveCfg = Release|x64
		{2260FE23-93C4-42F2-8EF5-2CAC54B6D5C1}.RelMDeb|x64.ActiveCfg = Release|x64
		{2260FE23-93C4-42F2-8EF5-2CAC54B6D5C1}.RelMDeb|x86.ActiveCfg = Release|Win32
		{69A0214B-7625-450D-880B-4C363AA288C1}.Debug|Any CPU.ActiveCfg = Debug|Win32
		{69A0214B-7625-450D-880B-4C363AA288C1}.Debug|x64.ActiveCfg = Debug|x64
		{69A0214B-7625-450D-880B-4C363AA288C1}.Debug|x64.Build.0 = Debug|x64
		{69A0214B-7625-450D-880B-4C363AA288C1}.Debug|x86.ActiveCfg = Debug|Win32
		{69A0214B-7625-450D-880B-4C363AA288C1}.Debug|x86.Build.0 = Debug|Win32
		{69A0214B-7625-450D-880B-4C363AA288C1}.DebugAOT|Any CPU.ActiveCfg = Release|Win32
		{69A0214B-7625-450D-880B-4C363AA288C1}.DebugAOT|Any CPU.Build.0 = Release|Win32
		{69A0214B-7625-450D-880B-4C363AA288C1}.DebugAOT|x64.ActiveCfg = Debug|x64
		{69A0214B-7625-450D-880B-4C363AA288C1}.DebugAOT|x64.Build.0 = Debug|x64
		{69A0214B-7625-450D-880B-4C363AA288C1}.DebugAOT|x86.ActiveCfg = Debug|Win32
		{69A0214B-7625-450D-880B-4C363AA288C1}.DebugAOT|x86.Build.0 = Debug|Win32
		{69A0214B-7625-450D-880B-4C363AA288C1}.Release|Any CPU.ActiveCfg = Release|Win32
		{69A0214B-7625-450D-880B-4C363AA288C1}.Release|x64.ActiveCfg = Release|x64
		{69A0214B-7625-450D-880B-4C363AA288C1}.Release|x64.Build.0 = Release|x64
		{69A0214B-7625-450D-880B-4C363AA288C1}.Release|x86.ActiveCfg = Release|Win32
		{69A0214B-7625-450D-880B-4C363AA288C1}.Release|x86.Build.0 = Release|Win32
		{69A0214B-7625-450D-880B-4C363AA288C1}.ReleaseAOT|Any CPU.ActiveCfg = Release|Win32
		{69A0214B-7625-450D-880B-4C363AA288C1}.ReleaseAOT|Any CPU.Build.0 = Release|Win32
		{69A0214B-7625-450D-880B-4C363AA288C1}.ReleaseAOT|x64.ActiveCfg = Release|x64
		{69A0214B-7625-450D-880B-4C363AA288C1}.ReleaseAOT|x64.Build.0 = Release|x64
		{69A0214B-7625-450D-880B-4C363AA288C1}.ReleaseAOT|x86.ActiveCfg = Release|Win32
		{69A0214B-7625-450D-880B-4C363AA288C1}.ReleaseAOT|x86.Build.0 = Release|Win32
		{69A0214B-7625-450D-880B-4C363AA288C1}.RelMDeb|Any CPU.ActiveCfg = Release|x64
		{69A0214B-7625-450D-880B-4C363AA288C1}.RelMDeb|x64.ActiveCfg = Release|x64
		{69A0214B-7625-450D-880B-4C363AA288C1}.RelMDeb|x86.ActiveCfg = Release|Win32
		{D9E3A6BA-5CDD-4CCE-978B-8E25403CA82F}.Debug|Any CPU.ActiveCfg = Debug|Win32
		{D9E3A6BA-5CDD-4CCE-978B-8E25403CA82F}.Debug|x64.ActiveCfg = Debug|x64
		{D9E3A6BA-5CDD-4CCE-978B-8E25403CA82F}.Debug|x64.Build.0 = Debug|x64
		{D9E3A6BA-5CDD-4CCE-978B-8E25403CA82F}.Debug|x86.ActiveCfg = Debug|Win32
		{D9E3A6BA-5CDD-4CCE-978B-8E25403CA82F}.Debug|x86.Build.0 = Debug|Win32
		{D9E3A6BA-5CDD-4CCE-978B-8E25403CA82F}.DebugAOT|Any CPU.ActiveCfg = Release|Win32
		{D9E3A6BA-5CDD-4CCE-978B-8E25403CA82F}.DebugAOT|Any CPU.Build.0 = Release|Win32
		{D9E3A6BA-5CDD-4CCE-978B-8E25403CA82F}.DebugAOT|x64.ActiveCfg = Debug|x64
		{D9E3A6BA-5CDD-4CCE-978B-8E25403CA82F}.DebugAOT|x64.Build.0 = Debug|x64
		{D9E3A6BA-5CDD-4CCE-978B-8E25403CA82F}.DebugAOT|x86.ActiveCfg = Debug|Win32
		{D9E3A6BA-5CDD-4CCE-978B-8E25403CA82F}.DebugAOT|x86.Build.0 = Debug|Win32
		{D9E3A6BA-5CDD-4CCE-978B-8E25403CA82F}.Release|Any CPU.ActiveCfg = Release|Win32
		{D9E3A6BA-5CDD-4CCE-978B-8E25403CA82F}.Release|x64.ActiveCfg = Release|x64
		{D9E3A6BA-5CDD-4CCE-978B-8E25403CA82F}.Release|x64.Build.0 = Release|x64
		{D9E3A6BA-5CDD-4CCE-978B-8E25403CA82F}.Release|x86.ActiveCfg = Release|Win32
		{D9E3A6BA-5CDD-4CCE-978B-8E25403CA82F}.Release|x86.Build.0 = Release|Win32
		{D9E3A6BA-5CDD-4CCE-978B-8E25403CA82F}.ReleaseAOT|Any CPU.ActiveCfg = Release|Win32
		{D9E3A6BA-5CDD-4CCE-978B-8E25403CA82F}.ReleaseAOT|Any CPU.Build.0 = Release|Win32
		{D9E3A6BA-5CDD-4CCE-978B-8E25403CA82F}.ReleaseAOT|x64.ActiveCfg = Release|x64
		{D9E3A6BA-5CDD-4CCE-978B-8E25403CA82F}.ReleaseAOT|x64.Build.0 = Release|x64
		{D9E3A6BA-5CDD-4CCE-978B-8E25403CA82F}.ReleaseAOT|x86.ActiveCfg = Release|Win32
		{D9E3A6BA-5CDD-4CCE-978B-8E25403CA82F}.ReleaseAOT|x86.Build.0 = Release|Win32
		{D9E3A6BA-5CDD-4CCE-978B-8E25403CA82F}.RelMDeb|Any CPU.ActiveCfg = Release|x64
		{D9E3A6BA-5CDD-4CCE-978B-8E25403CA82F}.RelMDeb|x64.ActiveCfg = Release|x64
		{D9E3A6BA-5CDD-4CCE-978B-8E25403CA82F}.RelMDeb|x86.ActiveCfg = Release|Win32
		{02D4DA85-FD6C-421F-81C3-8F58F790BC81}.Debug|Any CPU.ActiveCfg = Debug|Any CPU
		{02D4DA85-FD6C-421F-81C3-8F58F790BC81}.Debug|Any CPU.Build.0 = Debug|Any CPU
		{02D4DA85-FD6C-421F-81C3-8F58F790BC81}.Debug|x64.ActiveCfg = Debug|Any CPU
		{02D4DA85-FD6C-421F-81C3-8F58F790BC81}.Debug|x64.Build.0 = Debug|Any CPU
		{02D4DA85-FD6C-421F-81C3-8F58F790BC81}.Debug|x86.ActiveCfg = Debug|Any CPU
		{02D4DA85-FD6C-421F-81C3-8F58F790BC81}.Debug|x86.Build.0 = Debug|Any CPU
		{02D4DA85-FD6C-421F-81C3-8F58F790BC81}.DebugAOT|Any CPU.ActiveCfg = Debug|Any CPU
		{02D4DA85-FD6C-421F-81C3-8F58F790BC81}.DebugAOT|Any CPU.Build.0 = Debug|Any CPU
		{02D4DA85-FD6C-421F-81C3-8F58F790BC81}.DebugAOT|x64.ActiveCfg = Debug|Any CPU
		{02D4DA85-FD6C-421F-81C3-8F58F790BC81}.DebugAOT|x64.Build.0 = Debug|Any CPU
		{02D4DA85-FD6C-421F-81C3-8F58F790BC81}.DebugAOT|x86.ActiveCfg = Debug|Any CPU
		{02D4DA85-FD6C-421F-81C3-8F58F790BC81}.DebugAOT|x86.Build.0 = Debug|Any CPU
		{02D4DA85-FD6C-421F-81C3-8F58F790BC81}.Release|Any CPU.ActiveCfg = Release|Any CPU
		{02D4DA85-FD6C-421F-81C3-8F58F790BC81}.Release|Any CPU.Build.0 = Release|Any CPU
		{02D4DA85-FD6C-421F-81C3-8F58F790BC81}.Release|x64.ActiveCfg = Release|Any CPU
		{02D4DA85-FD6C-421F-81C3-8F58F790BC81}.Release|x64.Build.0 = Release|Any CPU
		{02D4DA85-FD6C-421F-81C3-8F58F790BC81}.Release|x86.ActiveCfg = Release|Any CPU
		{02D4DA85-FD6C-421F-81C3-8F58F790BC81}.Release|x86.Build.0 = Release|Any CPU
		{02D4DA85-FD6C-421F-81C3-8F58F790BC81}.ReleaseAOT|Any CPU.ActiveCfg = Release|Any CPU
		{02D4DA85-FD6C-421F-81C3-8F58F790BC81}.ReleaseAOT|Any CPU.Build.0 = Release|Any CPU
		{02D4DA85-FD6C-421F-81C3-8F58F790BC81}.ReleaseAOT|x64.ActiveCfg = Release|Any CPU
		{02D4DA85-FD6C-421F-81C3-8F58F790BC81}.ReleaseAOT|x64.Build.0 = Release|Any CPU
		{02D4DA85-FD6C-421F-81C3-8F58F790BC81}.ReleaseAOT|x86.ActiveCfg = Release|Any CPU
		{02D4DA85-FD6C-421F-81C3-8F58F790BC81}.ReleaseAOT|x86.Build.0 = Release|Any CPU
		{02D4DA85-FD6C-421F-81C3-8F58F790BC81}.RelMDeb|Any CPU.ActiveCfg = Release|Any CPU
		{02D4DA85-FD6C-421F-81C3-8F58F790BC81}.RelMDeb|Any CPU.Build.0 = Release|Any CPU
		{02D4DA85-FD6C-421F-81C3-8F58F790BC81}.RelMDeb|x64.ActiveCfg = Release|Any CPU
		{02D4DA85-FD6C-421F-81C3-8F58F790BC81}.RelMDeb|x64.Build.0 = Release|Any CPU
		{02D4DA85-FD6C-421F-81C3-8F58F790BC81}.RelMDeb|x86.ActiveCfg = Release|Any CPU
		{02D4DA85-FD6C-421F-81C3-8F58F790BC81}.RelMDeb|x86.Build.0 = Release|Any CPU
		{A6D8D083-A1A3-4A90-B2CF-447DAA79404B}.Debug|Any CPU.ActiveCfg = Debug|Win32
		{A6D8D083-A1A3-4A90-B2CF-447DAA79404B}.Debug|x64.ActiveCfg = Debug|x64
		{A6D8D083-A1A3-4A90-B2CF-447DAA79404B}.Debug|x64.Build.0 = Debug|x64
		{A6D8D083-A1A3-4A90-B2CF-447DAA79404B}.Debug|x86.ActiveCfg = Debug|Win32
		{A6D8D083-A1A3-4A90-B2CF-447DAA79404B}.Debug|x86.Build.0 = Debug|Win32
		{A6D8D083-A1A3-4A90-B2CF-447DAA79404B}.DebugAOT|Any CPU.ActiveCfg = Release|Win32
		{A6D8D083-A1A3-4A90-B2CF-447DAA79404B}.DebugAOT|Any CPU.Build.0 = Release|Win32
		{A6D8D083-A1A3-4A90-B2CF-447DAA79404B}.DebugAOT|x64.ActiveCfg = Debug|x64
		{A6D8D083-A1A3-4A90-B2CF-447DAA79404B}.DebugAOT|x64.Build.0 = Debug|x64
		{A6D8D083-A1A3-4A90-B2CF-447DAA79404B}.DebugAOT|x86.ActiveCfg = Debug|Win32
		{A6D8D083-A1A3-4A90-B2CF-447DAA79404B}.DebugAOT|x86.Build.0 = Debug|Win32
		{A6D8D083-A1A3-4A90-B2CF-447DAA79404B}.Release|Any CPU.ActiveCfg = Release|Win32
		{A6D8D083-A1A3-4A90-B2CF-447DAA79404B}.Release|x64.ActiveCfg = Release|x64
		{A6D8D083-A1A3-4A90-B2CF-447DAA79404B}.Release|x64.Build.0 = Release|x64
		{A6D8D083-A1A3-4A90-B2CF-447DAA79404B}.Release|x86.ActiveCfg = Release|Win32
		{A6D8D083-A1A3-4A90-B2CF-447DAA79404B}.Release|x86.Build.0 = Release|Win32
		{A6D8D083-A1A3-4A90-B2CF-447DAA79404B}.ReleaseAOT|Any CPU.ActiveCfg = Release|Win32
		{A6D8D083-A1A3-4A90-B2CF-447DAA79404B}.ReleaseAOT|Any CPU.Build.0 = Release|Win32
		{A6D8D083-A1A3-4A90-B2CF-447DAA79404B}.ReleaseAOT|x64.ActiveCfg = Release|x64
		{A6D8D083-A1A3-4A90-B2CF-447DAA79404B}.ReleaseAOT|x64.Build.0 = Release|x64
		{A6D8D083-A1A3-4A90-B2CF-447DAA79404B}.ReleaseAOT|x86.ActiveCfg = Release|Win32
		{A6D8D083-A1A3-4A90-B2CF-447DAA79404B}.ReleaseAOT|x86.Build.0 = Release|Win32
		{A6D8D083-A1A3-4A90-B2CF-447DAA79404B}.RelMDeb|Any CPU.ActiveCfg = Release|x64
		{A6D8D083-A1A3-4A90-B2CF-447DAA79404B}.RelMDeb|x64.ActiveCfg = Release|x64
		{A6D8D083-A1A3-4A90-B2CF-447DAA79404B}.RelMDeb|x86.ActiveCfg = Release|Win32
		{A5A6C939-C52E-4A84-9BC5-6BBD763F6A7B}.Debug|Any CPU.ActiveCfg = Debug|Any CPU
		{A5A6C939-C52E-4A84-9BC5-6BBD763F6A7B}.Debug|Any CPU.Build.0 = Debug|Any CPU
		{A5A6C939-C52E-4A84-9BC5-6BBD763F6A7B}.Debug|x64.ActiveCfg = Debug|Any CPU
		{A5A6C939-C52E-4A84-9BC5-6BBD763F6A7B}.Debug|x64.Build.0 = Debug|Any CPU
		{A5A6C939-C52E-4A84-9BC5-6BBD763F6A7B}.Debug|x86.ActiveCfg = Debug|Any CPU
		{A5A6C939-C52E-4A84-9BC5-6BBD763F6A7B}.Debug|x86.Build.0 = Debug|Any CPU
		{A5A6C939-C52E-4A84-9BC5-6BBD763F6A7B}.DebugAOT|Any CPU.ActiveCfg = Debug|Any CPU
		{A5A6C939-C52E-4A84-9BC5-6BBD763F6A7B}.DebugAOT|Any CPU.Build.0 = Debug|Any CPU
		{A5A6C939-C52E-4A84-9BC5-6BBD763F6A7B}.DebugAOT|x64.ActiveCfg = Debug|Any CPU
		{A5A6C939-C52E-4A84-9BC5-6BBD763F6A7B}.DebugAOT|x64.Build.0 = Debug|Any CPU
		{A5A6C939-C52E-4A84-9BC5-6BBD763F6A7B}.DebugAOT|x86.ActiveCfg = Debug|Any CPU
		{A5A6C939-C52E-4A84-9BC5-6BBD763F6A7B}.DebugAOT|x86.Build.0 = Debug|Any CPU
		{A5A6C939-C52E-4A84-9BC5-6BBD763F6A7B}.Release|Any CPU.ActiveCfg = Release|Any CPU
		{A5A6C939-C52E-4A84-9BC5-6BBD763F6A7B}.Release|Any CPU.Build.0 = Release|Any CPU
		{A5A6C939-C52E-4A84-9BC5-6BBD763F6A7B}.Release|x64.ActiveCfg = Release|Any CPU
		{A5A6C939-C52E-4A84-9BC5-6BBD763F6A7B}.Release|x64.Build.0 = Release|Any CPU
		{A5A6C939-C52E-4A84-9BC5-6BBD763F6A7B}.Release|x86.ActiveCfg = Release|Any CPU
		{A5A6C939-C52E-4A84-9BC5-6BBD763F6A7B}.Release|x86.Build.0 = Release|Any CPU
		{A5A6C939-C52E-4A84-9BC5-6BBD763F6A7B}.ReleaseAOT|Any CPU.ActiveCfg = Release|Any CPU
		{A5A6C939-C52E-4A84-9BC5-6BBD763F6A7B}.ReleaseAOT|Any CPU.Build.0 = Release|Any CPU
		{A5A6C939-C52E-4A84-9BC5-6BBD763F6A7B}.ReleaseAOT|x64.ActiveCfg = Release|Any CPU
		{A5A6C939-C52E-4A84-9BC5-6BBD763F6A7B}.ReleaseAOT|x64.Build.0 = Release|Any CPU
		{A5A6C939-C52E-4A84-9BC5-6BBD763F6A7B}.ReleaseAOT|x86.ActiveCfg = Release|Any CPU
		{A5A6C939-C52E-4A84-9BC5-6BBD763F6A7B}.ReleaseAOT|x86.Build.0 = Release|Any CPU
		{A5A6C939-C52E-4A84-9BC5-6BBD763F6A7B}.RelMDeb|Any CPU.ActiveCfg = RelMDeb|Any CPU
		{A5A6C939-C52E-4A84-9BC5-6BBD763F6A7B}.RelMDeb|Any CPU.Build.0 = RelMDeb|Any CPU
		{A5A6C939-C52E-4A84-9BC5-6BBD763F6A7B}.RelMDeb|x64.ActiveCfg = RelMDeb|Any CPU
		{A5A6C939-C52E-4A84-9BC5-6BBD763F6A7B}.RelMDeb|x64.Build.0 = RelMDeb|Any CPU
		{A5A6C939-C52E-4A84-9BC5-6BBD763F6A7B}.RelMDeb|x86.ActiveCfg = RelMDeb|Any CPU
		{A5A6C939-C52E-4A84-9BC5-6BBD763F6A7B}.RelMDeb|x86.Build.0 = RelMDeb|Any CPU
		{6AA322EB-D00E-4724-B723-85D2560C2F61}.Debug|Any CPU.ActiveCfg = Debug|Win32
		{6AA322EB-D00E-4724-B723-85D2560C2F61}.Debug|x64.ActiveCfg = Debug|x64
		{6AA322EB-D00E-4724-B723-85D2560C2F61}.Debug|x64.Build.0 = Debug|x64
		{6AA322EB-D00E-4724-B723-85D2560C2F61}.Debug|x86.ActiveCfg = Debug|Win32
		{6AA322EB-D00E-4724-B723-85D2560C2F61}.Debug|x86.Build.0 = Debug|Win32
		{6AA322EB-D00E-4724-B723-85D2560C2F61}.DebugAOT|Any CPU.ActiveCfg = Release|Win32
		{6AA322EB-D00E-4724-B723-85D2560C2F61}.DebugAOT|Any CPU.Build.0 = Release|Win32
		{6AA322EB-D00E-4724-B723-85D2560C2F61}.DebugAOT|x64.ActiveCfg = Debug|x64
		{6AA322EB-D00E-4724-B723-85D2560C2F61}.DebugAOT|x64.Build.0 = Debug|x64
		{6AA322EB-D00E-4724-B723-85D2560C2F61}.DebugAOT|x86.ActiveCfg = Debug|Win32
		{6AA322EB-D00E-4724-B723-85D2560C2F61}.DebugAOT|x86.Build.0 = Debug|Win32
		{6AA322EB-D00E-4724-B723-85D2560C2F61}.Release|Any CPU.ActiveCfg = Release|Win32
		{6AA322EB-D00E-4724-B723-85D2560C2F61}.Release|x64.ActiveCfg = Release|x64
		{6AA322EB-D00E-4724-B723-85D2560C2F61}.Release|x64.Build.0 = Release|x64
		{6AA322EB-D00E-4724-B723-85D2560C2F61}.Release|x86.ActiveCfg = Release|Win32
		{6AA322EB-D00E-4724-B723-85D2560C2F61}.Release|x86.Build.0 = Release|Win32
		{6AA322EB-D00E-4724-B723-85D2560C2F61}.ReleaseAOT|Any CPU.ActiveCfg = Release|Win32
		{6AA322EB-D00E-4724-B723-85D2560C2F61}.ReleaseAOT|Any CPU.Build.0 = Release|Win32
		{6AA322EB-D00E-4724-B723-85D2560C2F61}.ReleaseAOT|x64.ActiveCfg = Release|x64
		{6AA322EB-D00E-4724-B723-85D2560C2F61}.ReleaseAOT|x64.Build.0 = Release|x64
		{6AA322EB-D00E-4724-B723-85D2560C2F61}.ReleaseAOT|x86.ActiveCfg = Release|Win32
		{6AA322EB-D00E-4724-B723-85D2560C2F61}.ReleaseAOT|x86.Build.0 = Release|Win32
		{6AA322EB-D00E-4724-B723-85D2560C2F61}.RelMDeb|Any CPU.ActiveCfg = Release|x64
		{6AA322EB-D00E-4724-B723-85D2560C2F61}.RelMDeb|x64.ActiveCfg = Release|x64
		{6AA322EB-D00E-4724-B723-85D2560C2F61}.RelMDeb|x86.ActiveCfg = Release|Win32
		{CCAEFE0A-AD1F-42E8-88DA-5A685CC7C73D}.Debug|Any CPU.ActiveCfg = Debug|Any CPU
		{CCAEFE0A-AD1F-42E8-88DA-5A685CC7C73D}.Debug|Any CPU.Build.0 = Debug|Any CPU
		{CCAEFE0A-AD1F-42E8-88DA-5A685CC7C73D}.Debug|x64.ActiveCfg = Debug|Any CPU
		{CCAEFE0A-AD1F-42E8-88DA-5A685CC7C73D}.Debug|x64.Build.0 = Debug|Any CPU
		{CCAEFE0A-AD1F-42E8-88DA-5A685CC7C73D}.Debug|x86.ActiveCfg = Debug|Any CPU
		{CCAEFE0A-AD1F-42E8-88DA-5A685CC7C73D}.Debug|x86.Build.0 = Debug|Any CPU
		{CCAEFE0A-AD1F-42E8-88DA-5A685CC7C73D}.DebugAOT|Any CPU.ActiveCfg = Debug|Any CPU
		{CCAEFE0A-AD1F-42E8-88DA-5A685CC7C73D}.DebugAOT|Any CPU.Build.0 = Debug|Any CPU
		{CCAEFE0A-AD1F-42E8-88DA-5A685CC7C73D}.DebugAOT|x64.ActiveCfg = Debug|Any CPU
		{CCAEFE0A-AD1F-42E8-88DA-5A685CC7C73D}.DebugAOT|x64.Build.0 = Debug|Any CPU
		{CCAEFE0A-AD1F-42E8-88DA-5A685CC7C73D}.DebugAOT|x86.ActiveCfg = Debug|Any CPU
		{CCAEFE0A-AD1F-42E8-88DA-5A685CC7C73D}.DebugAOT|x86.Build.0 = Debug|Any CPU
		{CCAEFE0A-AD1F-42E8-88DA-5A685CC7C73D}.Release|Any CPU.ActiveCfg = Release|Any CPU
		{CCAEFE0A-AD1F-42E8-88DA-5A685CC7C73D}.Release|Any CPU.Build.0 = Release|Any CPU
		{CCAEFE0A-AD1F-42E8-88DA-5A685CC7C73D}.Release|x64.ActiveCfg = Release|Any CPU
		{CCAEFE0A-AD1F-42E8-88DA-5A685CC7C73D}.Release|x64.Build.0 = Release|Any CPU
		{CCAEFE0A-AD1F-42E8-88DA-5A685CC7C73D}.Release|x86.ActiveCfg = Release|Any CPU
		{CCAEFE0A-AD1F-42E8-88DA-5A685CC7C73D}.Release|x86.Build.0 = Release|Any CPU
		{CCAEFE0A-AD1F-42E8-88DA-5A685CC7C73D}.ReleaseAOT|Any CPU.ActiveCfg = Release|Any CPU
		{CCAEFE0A-AD1F-42E8-88DA-5A685CC7C73D}.ReleaseAOT|Any CPU.Build.0 = Release|Any CPU
		{CCAEFE0A-AD1F-42E8-88DA-5A685CC7C73D}.ReleaseAOT|x64.ActiveCfg = Release|Any CPU
		{CCAEFE0A-AD1F-42E8-88DA-5A685CC7C73D}.ReleaseAOT|x64.Build.0 = Release|Any CPU
		{CCAEFE0A-AD1F-42E8-88DA-5A685CC7C73D}.ReleaseAOT|x86.ActiveCfg = Release|Any CPU
		{CCAEFE0A-AD1F-42E8-88DA-5A685CC7C73D}.ReleaseAOT|x86.Build.0 = Release|Any CPU
		{CCAEFE0A-AD1F-42E8-88DA-5A685CC7C73D}.RelMDeb|Any CPU.ActiveCfg = Release|Any CPU
		{CCAEFE0A-AD1F-42E8-88DA-5A685CC7C73D}.RelMDeb|Any CPU.Build.0 = Release|Any CPU
		{CCAEFE0A-AD1F-42E8-88DA-5A685CC7C73D}.RelMDeb|x64.ActiveCfg = Release|Any CPU
		{CCAEFE0A-AD1F-42E8-88DA-5A685CC7C73D}.RelMDeb|x64.Build.0 = Release|Any CPU
		{CCAEFE0A-AD1F-42E8-88DA-5A685CC7C73D}.RelMDeb|x86.ActiveCfg = Release|Any CPU
		{CCAEFE0A-AD1F-42E8-88DA-5A685CC7C73D}.RelMDeb|x86.Build.0 = Release|Any CPU
		{A221C2F5-2089-495B-B51A-54710507344A}.Debug|Any CPU.ActiveCfg = Debug|Any CPU
		{A221C2F5-2089-495B-B51A-54710507344A}.Debug|Any CPU.Build.0 = Debug|Any CPU
		{A221C2F5-2089-495B-B51A-54710507344A}.Debug|x64.ActiveCfg = Debug|Any CPU
		{A221C2F5-2089-495B-B51A-54710507344A}.Debug|x64.Build.0 = Debug|Any CPU
		{A221C2F5-2089-495B-B51A-54710507344A}.Debug|x86.ActiveCfg = Debug|Any CPU
		{A221C2F5-2089-495B-B51A-54710507344A}.Debug|x86.Build.0 = Debug|Any CPU
		{A221C2F5-2089-495B-B51A-54710507344A}.DebugAOT|Any CPU.ActiveCfg = Debug|Any CPU
		{A221C2F5-2089-495B-B51A-54710507344A}.DebugAOT|Any CPU.Build.0 = Debug|Any CPU
		{A221C2F5-2089-495B-B51A-54710507344A}.DebugAOT|x64.ActiveCfg = Debug|Any CPU
		{A221C2F5-2089-495B-B51A-54710507344A}.DebugAOT|x64.Build.0 = Debug|Any CPU
		{A221C2F5-2089-495B-B51A-54710507344A}.DebugAOT|x86.ActiveCfg = Debug|Any CPU
		{A221C2F5-2089-495B-B51A-54710507344A}.DebugAOT|x86.Build.0 = Debug|Any CPU
		{A221C2F5-2089-495B-B51A-54710507344A}.Release|Any CPU.ActiveCfg = Release|Any CPU
		{A221C2F5-2089-495B-B51A-54710507344A}.Release|Any CPU.Build.0 = Release|Any CPU
		{A221C2F5-2089-495B-B51A-54710507344A}.Release|x64.ActiveCfg = Release|Any CPU
		{A221C2F5-2089-495B-B51A-54710507344A}.Release|x64.Build.0 = Release|Any CPU
		{A221C2F5-2089-495B-B51A-54710507344A}.Release|x86.ActiveCfg = Release|Any CPU
		{A221C2F5-2089-495B-B51A-54710507344A}.Release|x86.Build.0 = Release|Any CPU
		{A221C2F5-2089-495B-B51A-54710507344A}.ReleaseAOT|Any CPU.ActiveCfg = Release|Any CPU
		{A221C2F5-2089-495B-B51A-54710507344A}.ReleaseAOT|Any CPU.Build.0 = Release|Any CPU
		{A221C2F5-2089-495B-B51A-54710507344A}.ReleaseAOT|x64.ActiveCfg = Release|Any CPU
		{A221C2F5-2089-495B-B51A-54710507344A}.ReleaseAOT|x64.Build.0 = Release|Any CPU
		{A221C2F5-2089-495B-B51A-54710507344A}.ReleaseAOT|x86.ActiveCfg = Release|Any CPU
		{A221C2F5-2089-495B-B51A-54710507344A}.ReleaseAOT|x86.Build.0 = Release|Any CPU
		{A221C2F5-2089-495B-B51A-54710507344A}.RelMDeb|Any CPU.ActiveCfg = Release|Any CPU
		{A221C2F5-2089-495B-B51A-54710507344A}.RelMDeb|Any CPU.Build.0 = Release|Any CPU
		{A221C2F5-2089-495B-B51A-54710507344A}.RelMDeb|x64.ActiveCfg = Release|Any CPU
		{A221C2F5-2089-495B-B51A-54710507344A}.RelMDeb|x64.Build.0 = Release|Any CPU
		{A221C2F5-2089-495B-B51A-54710507344A}.RelMDeb|x86.ActiveCfg = Release|Any CPU
		{A221C2F5-2089-495B-B51A-54710507344A}.RelMDeb|x86.Build.0 = Release|Any CPU
		{A6C12C76-FB7E-4402-B111-3118D0E5F17A}.Debug|Any CPU.ActiveCfg = Debug|Win32
		{A6C12C76-FB7E-4402-B111-3118D0E5F17A}.Debug|x64.ActiveCfg = Debug|x64
		{A6C12C76-FB7E-4402-B111-3118D0E5F17A}.Debug|x64.Build.0 = Debug|x64
		{A6C12C76-FB7E-4402-B111-3118D0E5F17A}.Debug|x86.ActiveCfg = Debug|Win32
		{A6C12C76-FB7E-4402-B111-3118D0E5F17A}.Debug|x86.Build.0 = Debug|Win32
		{A6C12C76-FB7E-4402-B111-3118D0E5F17A}.DebugAOT|Any CPU.ActiveCfg = Release|Win32
		{A6C12C76-FB7E-4402-B111-3118D0E5F17A}.DebugAOT|Any CPU.Build.0 = Release|Win32
		{A6C12C76-FB7E-4402-B111-3118D0E5F17A}.DebugAOT|x64.ActiveCfg = Debug|x64
		{A6C12C76-FB7E-4402-B111-3118D0E5F17A}.DebugAOT|x64.Build.0 = Debug|x64
		{A6C12C76-FB7E-4402-B111-3118D0E5F17A}.DebugAOT|x86.ActiveCfg = Debug|Win32
		{A6C12C76-FB7E-4402-B111-3118D0E5F17A}.DebugAOT|x86.Build.0 = Debug|Win32
		{A6C12C76-FB7E-4402-B111-3118D0E5F17A}.Release|Any CPU.ActiveCfg = Release|Win32
		{A6C12C76-FB7E-4402-B111-3118D0E5F17A}.Release|x64.ActiveCfg = Release|x64
		{A6C12C76-FB7E-4402-B111-3118D0E5F17A}.Release|x64.Build.0 = Release|x64
		{A6C12C76-FB7E-4402-B111-3118D0E5F17A}.Release|x86.ActiveCfg = Release|Win32
		{A6C12C76-FB7E-4402-B111-3118D0E5F17A}.Release|x86.Build.0 = Release|Win32
		{A6C12C76-FB7E-4402-B111-3118D0E5F17A}.ReleaseAOT|Any CPU.ActiveCfg = Release|Win32
		{A6C12C76-FB7E-4402-B111-3118D0E5F17A}.ReleaseAOT|Any CPU.Build.0 = Release|Win32
		{A6C12C76-FB7E-4402-B111-3118D0E5F17A}.ReleaseAOT|x64.ActiveCfg = Release|x64
		{A6C12C76-FB7E-4402-B111-3118D0E5F17A}.ReleaseAOT|x64.Build.0 = Release|x64
		{A6C12C76-FB7E-4402-B111-3118D0E5F17A}.ReleaseAOT|x86.ActiveCfg = Release|Win32
		{A6C12C76-FB7E-4402-B111-3118D0E5F17A}.ReleaseAOT|x86.Build.0 = Release|Win32
		{A6C12C76-FB7E-4402-B111-3118D0E5F17A}.RelMDeb|Any CPU.ActiveCfg = Release|x64
		{A6C12C76-FB7E-4402-B111-3118D0E5F17A}.RelMDeb|x64.ActiveCfg = Release|x64
		{A6C12C76-FB7E-4402-B111-3118D0E5F17A}.RelMDeb|x86.ActiveCfg = Release|Win32
		{39F1AB5F-F0B1-45FD-AD66-9C03AF1F022E}.Debug|Any CPU.ActiveCfg = Debug|Any CPU
		{39F1AB5F-F0B1-45FD-AD66-9C03AF1F022E}.Debug|Any CPU.Build.0 = Debug|Any CPU
		{39F1AB5F-F0B1-45FD-AD66-9C03AF1F022E}.Debug|x64.ActiveCfg = Debug|Any CPU
		{39F1AB5F-F0B1-45FD-AD66-9C03AF1F022E}.Debug|x64.Build.0 = Debug|Any CPU
		{39F1AB5F-F0B1-45FD-AD66-9C03AF1F022E}.Debug|x86.ActiveCfg = Debug|Any CPU
		{39F1AB5F-F0B1-45FD-AD66-9C03AF1F022E}.Debug|x86.Build.0 = Debug|Any CPU
		{39F1AB5F-F0B1-45FD-AD66-9C03AF1F022E}.DebugAOT|Any CPU.ActiveCfg = Debug|Any CPU
		{39F1AB5F-F0B1-45FD-AD66-9C03AF1F022E}.DebugAOT|Any CPU.Build.0 = Debug|Any CPU
		{39F1AB5F-F0B1-45FD-AD66-9C03AF1F022E}.DebugAOT|x64.ActiveCfg = Debug|Any CPU
		{39F1AB5F-F0B1-45FD-AD66-9C03AF1F022E}.DebugAOT|x64.Build.0 = Debug|Any CPU
		{39F1AB5F-F0B1-45FD-AD66-9C03AF1F022E}.DebugAOT|x86.ActiveCfg = Debug|Any CPU
		{39F1AB5F-F0B1-45FD-AD66-9C03AF1F022E}.DebugAOT|x86.Build.0 = Debug|Any CPU
		{39F1AB5F-F0B1-45FD-AD66-9C03AF1F022E}.Release|Any CPU.ActiveCfg = Release|Any CPU
		{39F1AB5F-F0B1-45FD-AD66-9C03AF1F022E}.Release|Any CPU.Build.0 = Release|Any CPU
		{39F1AB5F-F0B1-45FD-AD66-9C03AF1F022E}.Release|x64.ActiveCfg = Release|Any CPU
		{39F1AB5F-F0B1-45FD-AD66-9C03AF1F022E}.Release|x64.Build.0 = Release|Any CPU
		{39F1AB5F-F0B1-45FD-AD66-9C03AF1F022E}.Release|x86.ActiveCfg = Release|Any CPU
		{39F1AB5F-F0B1-45FD-AD66-9C03AF1F022E}.Release|x86.Build.0 = Release|Any CPU
		{39F1AB5F-F0B1-45FD-AD66-9C03AF1F022E}.ReleaseAOT|Any CPU.ActiveCfg = Release|Any CPU
		{39F1AB5F-F0B1-45FD-AD66-9C03AF1F022E}.ReleaseAOT|Any CPU.Build.0 = Release|Any CPU
		{39F1AB5F-F0B1-45FD-AD66-9C03AF1F022E}.ReleaseAOT|x64.ActiveCfg = Release|Any CPU
		{39F1AB5F-F0B1-45FD-AD66-9C03AF1F022E}.ReleaseAOT|x64.Build.0 = Release|Any CPU
		{39F1AB5F-F0B1-45FD-AD66-9C03AF1F022E}.ReleaseAOT|x86.ActiveCfg = Release|Any CPU
		{39F1AB5F-F0B1-45FD-AD66-9C03AF1F022E}.ReleaseAOT|x86.Build.0 = Release|Any CPU
		{39F1AB5F-F0B1-45FD-AD66-9C03AF1F022E}.RelMDeb|Any CPU.ActiveCfg = RelMDeb|Any CPU
		{39F1AB5F-F0B1-45FD-AD66-9C03AF1F022E}.RelMDeb|Any CPU.Build.0 = RelMDeb|Any CPU
		{39F1AB5F-F0B1-45FD-AD66-9C03AF1F022E}.RelMDeb|x64.ActiveCfg = RelMDeb|Any CPU
		{39F1AB5F-F0B1-45FD-AD66-9C03AF1F022E}.RelMDeb|x64.Build.0 = RelMDeb|Any CPU
		{39F1AB5F-F0B1-45FD-AD66-9C03AF1F022E}.RelMDeb|x86.ActiveCfg = RelMDeb|Any CPU
		{39F1AB5F-F0B1-45FD-AD66-9C03AF1F022E}.RelMDeb|x86.Build.0 = RelMDeb|Any CPU
		{7D94A1BC-04CF-4D71-9A6C-FCF4BB4C0AFB}.Debug|Any CPU.ActiveCfg = Debug|Any CPU
		{7D94A1BC-04CF-4D71-9A6C-FCF4BB4C0AFB}.Debug|Any CPU.Build.0 = Debug|Any CPU
		{7D94A1BC-04CF-4D71-9A6C-FCF4BB4C0AFB}.Debug|x64.ActiveCfg = Debug|Any CPU
		{7D94A1BC-04CF-4D71-9A6C-FCF4BB4C0AFB}.Debug|x86.ActiveCfg = Debug|Any CPU
		{7D94A1BC-04CF-4D71-9A6C-FCF4BB4C0AFB}.Debug|x86.Build.0 = Debug|Any CPU
		{7D94A1BC-04CF-4D71-9A6C-FCF4BB4C0AFB}.DebugAOT|Any CPU.ActiveCfg = Debug|Any CPU
		{7D94A1BC-04CF-4D71-9A6C-FCF4BB4C0AFB}.DebugAOT|Any CPU.Build.0 = Debug|Any CPU
		{7D94A1BC-04CF-4D71-9A6C-FCF4BB4C0AFB}.DebugAOT|x64.ActiveCfg = Debug|Any CPU
		{7D94A1BC-04CF-4D71-9A6C-FCF4BB4C0AFB}.DebugAOT|x86.ActiveCfg = Debug|Any CPU
		{7D94A1BC-04CF-4D71-9A6C-FCF4BB4C0AFB}.DebugAOT|x86.Build.0 = Debug|Any CPU
		{7D94A1BC-04CF-4D71-9A6C-FCF4BB4C0AFB}.Release|Any CPU.ActiveCfg = Release|Any CPU
		{7D94A1BC-04CF-4D71-9A6C-FCF4BB4C0AFB}.Release|Any CPU.Build.0 = Release|Any CPU
		{7D94A1BC-04CF-4D71-9A6C-FCF4BB4C0AFB}.Release|x64.ActiveCfg = Release|Any CPU
		{7D94A1BC-04CF-4D71-9A6C-FCF4BB4C0AFB}.Release|x86.ActiveCfg = Release|Any CPU
		{7D94A1BC-04CF-4D71-9A6C-FCF4BB4C0AFB}.Release|x86.Build.0 = Release|Any CPU
		{7D94A1BC-04CF-4D71-9A6C-FCF4BB4C0AFB}.ReleaseAOT|Any CPU.ActiveCfg = Release|Any CPU
		{7D94A1BC-04CF-4D71-9A6C-FCF4BB4C0AFB}.ReleaseAOT|Any CPU.Build.0 = Release|Any CPU
		{7D94A1BC-04CF-4D71-9A6C-FCF4BB4C0AFB}.ReleaseAOT|x64.ActiveCfg = Release|Any CPU
		{7D94A1BC-04CF-4D71-9A6C-FCF4BB4C0AFB}.ReleaseAOT|x86.ActiveCfg = Release|Any CPU
		{7D94A1BC-04CF-4D71-9A6C-FCF4BB4C0AFB}.ReleaseAOT|x86.Build.0 = Release|Any CPU
		{7D94A1BC-04CF-4D71-9A6C-FCF4BB4C0AFB}.RelMDeb|Any CPU.ActiveCfg = Release|Any CPU
		{7D94A1BC-04CF-4D71-9A6C-FCF4BB4C0AFB}.RelMDeb|x64.ActiveCfg = Release|Any CPU
		{7D94A1BC-04CF-4D71-9A6C-FCF4BB4C0AFB}.RelMDeb|x86.ActiveCfg = Release|Any CPU
		{4C333BAE-E797-431B-AF0E-B753BF9AAE2D}.Debug|Any CPU.ActiveCfg = Debug|Any CPU
		{4C333BAE-E797-431B-AF0E-B753BF9AAE2D}.Debug|Any CPU.Build.0 = Debug|Any CPU
		{4C333BAE-E797-431B-AF0E-B753BF9AAE2D}.Debug|x64.ActiveCfg = Debug|Any CPU
		{4C333BAE-E797-431B-AF0E-B753BF9AAE2D}.Debug|x64.Build.0 = Debug|Any CPU
		{4C333BAE-E797-431B-AF0E-B753BF9AAE2D}.Debug|x86.ActiveCfg = Debug|Any CPU
		{4C333BAE-E797-431B-AF0E-B753BF9AAE2D}.DebugAOT|Any CPU.ActiveCfg = Debug|Any CPU
		{4C333BAE-E797-431B-AF0E-B753BF9AAE2D}.DebugAOT|Any CPU.Build.0 = Debug|Any CPU
		{4C333BAE-E797-431B-AF0E-B753BF9AAE2D}.DebugAOT|x64.ActiveCfg = Debug|Any CPU
		{4C333BAE-E797-431B-AF0E-B753BF9AAE2D}.DebugAOT|x64.Build.0 = Debug|Any CPU
		{4C333BAE-E797-431B-AF0E-B753BF9AAE2D}.DebugAOT|x86.ActiveCfg = Debug|Any CPU
		{4C333BAE-E797-431B-AF0E-B753BF9AAE2D}.Release|Any CPU.ActiveCfg = Release|Any CPU
		{4C333BAE-E797-431B-AF0E-B753BF9AAE2D}.Release|Any CPU.Build.0 = Release|Any CPU
		{4C333BAE-E797-431B-AF0E-B753BF9AAE2D}.Release|x64.ActiveCfg = Release|Any CPU
		{4C333BAE-E797-431B-AF0E-B753BF9AAE2D}.Release|x64.Build.0 = Release|Any CPU
		{4C333BAE-E797-431B-AF0E-B753BF9AAE2D}.Release|x86.ActiveCfg = Release|Any CPU
		{4C333BAE-E797-431B-AF0E-B753BF9AAE2D}.ReleaseAOT|Any CPU.ActiveCfg = Release|Any CPU
		{4C333BAE-E797-431B-AF0E-B753BF9AAE2D}.ReleaseAOT|Any CPU.Build.0 = Release|Any CPU
		{4C333BAE-E797-431B-AF0E-B753BF9AAE2D}.ReleaseAOT|x64.ActiveCfg = Release|Any CPU
		{4C333BAE-E797-431B-AF0E-B753BF9AAE2D}.ReleaseAOT|x64.Build.0 = Release|Any CPU
		{4C333BAE-E797-431B-AF0E-B753BF9AAE2D}.ReleaseAOT|x86.ActiveCfg = Release|Any CPU
		{4C333BAE-E797-431B-AF0E-B753BF9AAE2D}.RelMDeb|Any CPU.ActiveCfg = Release|Any CPU
		{4C333BAE-E797-431B-AF0E-B753BF9AAE2D}.RelMDeb|x64.ActiveCfg = Release|Any CPU
		{4C333BAE-E797-431B-AF0E-B753BF9AAE2D}.RelMDeb|x86.ActiveCfg = Release|Any CPU
		{5DEF45C8-1C64-4A56-840B-B6F5A02346B7}.Debug|Any CPU.ActiveCfg = Debug|Win32
		{5DEF45C8-1C64-4A56-840B-B6F5A02346B7}.Debug|x64.ActiveCfg = Debug|x64
		{5DEF45C8-1C64-4A56-840B-B6F5A02346B7}.Debug|x64.Build.0 = Debug|x64
		{5DEF45C8-1C64-4A56-840B-B6F5A02346B7}.Debug|x86.ActiveCfg = Debug|Win32
		{5DEF45C8-1C64-4A56-840B-B6F5A02346B7}.Debug|x86.Build.0 = Debug|Win32
		{5DEF45C8-1C64-4A56-840B-B6F5A02346B7}.DebugAOT|Any CPU.ActiveCfg = PublicRelease|Win32
		{5DEF45C8-1C64-4A56-840B-B6F5A02346B7}.DebugAOT|Any CPU.Build.0 = PublicRelease|Win32
		{5DEF45C8-1C64-4A56-840B-B6F5A02346B7}.DebugAOT|x64.ActiveCfg = Debug|x64
		{5DEF45C8-1C64-4A56-840B-B6F5A02346B7}.DebugAOT|x64.Build.0 = Debug|x64
		{5DEF45C8-1C64-4A56-840B-B6F5A02346B7}.DebugAOT|x86.ActiveCfg = Debug|Win32
		{5DEF45C8-1C64-4A56-840B-B6F5A02346B7}.DebugAOT|x86.Build.0 = Debug|Win32
		{5DEF45C8-1C64-4A56-840B-B6F5A02346B7}.Release|Any CPU.ActiveCfg = Release|Win32
		{5DEF45C8-1C64-4A56-840B-B6F5A02346B7}.Release|x64.ActiveCfg = Release|x64
		{5DEF45C8-1C64-4A56-840B-B6F5A02346B7}.Release|x64.Build.0 = Release|x64
		{5DEF45C8-1C64-4A56-840B-B6F5A02346B7}.Release|x86.ActiveCfg = Release|Win32
		{5DEF45C8-1C64-4A56-840B-B6F5A02346B7}.Release|x86.Build.0 = Release|Win32
		{5DEF45C8-1C64-4A56-840B-B6F5A02346B7}.ReleaseAOT|Any CPU.ActiveCfg = PublicRelease|Win32
		{5DEF45C8-1C64-4A56-840B-B6F5A02346B7}.ReleaseAOT|Any CPU.Build.0 = PublicRelease|Win32
		{5DEF45C8-1C64-4A56-840B-B6F5A02346B7}.ReleaseAOT|x64.ActiveCfg = Release|x64
		{5DEF45C8-1C64-4A56-840B-B6F5A02346B7}.ReleaseAOT|x64.Build.0 = Release|x64
		{5DEF45C8-1C64-4A56-840B-B6F5A02346B7}.ReleaseAOT|x86.ActiveCfg = Release|Win32
		{5DEF45C8-1C64-4A56-840B-B6F5A02346B7}.ReleaseAOT|x86.Build.0 = Release|Win32
		{5DEF45C8-1C64-4A56-840B-B6F5A02346B7}.RelMDeb|Any CPU.ActiveCfg = PublicRelease|x64
		{5DEF45C8-1C64-4A56-840B-B6F5A02346B7}.RelMDeb|x64.ActiveCfg = Release|x64
		{5DEF45C8-1C64-4A56-840B-B6F5A02346B7}.RelMDeb|x86.ActiveCfg = Release|Win32
		{74016E0D-C14D-448E-9AAF-FE8669EF50B1}.Debug|Any CPU.ActiveCfg = Debug|Win32
		{74016E0D-C14D-448E-9AAF-FE8669EF50B1}.Debug|x64.ActiveCfg = Debug|x64
		{74016E0D-C14D-448E-9AAF-FE8669EF50B1}.Debug|x64.Build.0 = Debug|x64
		{74016E0D-C14D-448E-9AAF-FE8669EF50B1}.Debug|x86.ActiveCfg = Debug|Win32
		{74016E0D-C14D-448E-9AAF-FE8669EF50B1}.Debug|x86.Build.0 = Debug|Win32
		{74016E0D-C14D-448E-9AAF-FE8669EF50B1}.DebugAOT|Any CPU.ActiveCfg = PublicRelease|Win32
		{74016E0D-C14D-448E-9AAF-FE8669EF50B1}.DebugAOT|Any CPU.Build.0 = PublicRelease|Win32
		{74016E0D-C14D-448E-9AAF-FE8669EF50B1}.DebugAOT|x64.ActiveCfg = Debug|x64
		{74016E0D-C14D-448E-9AAF-FE8669EF50B1}.DebugAOT|x64.Build.0 = Debug|x64
		{74016E0D-C14D-448E-9AAF-FE8669EF50B1}.DebugAOT|x86.ActiveCfg = Debug|Win32
		{74016E0D-C14D-448E-9AAF-FE8669EF50B1}.DebugAOT|x86.Build.0 = Debug|Win32
		{74016E0D-C14D-448E-9AAF-FE8669EF50B1}.Release|Any CPU.ActiveCfg = Release|Win32
		{74016E0D-C14D-448E-9AAF-FE8669EF50B1}.Release|x64.ActiveCfg = Release|x64
		{74016E0D-C14D-448E-9AAF-FE8669EF50B1}.Release|x64.Build.0 = Release|x64
		{74016E0D-C14D-448E-9AAF-FE8669EF50B1}.Release|x86.ActiveCfg = Release|Win32
		{74016E0D-C14D-448E-9AAF-FE8669EF50B1}.Release|x86.Build.0 = Release|Win32
		{74016E0D-C14D-448E-9AAF-FE8669EF50B1}.ReleaseAOT|Any CPU.ActiveCfg = PublicRelease|Win32
		{74016E0D-C14D-448E-9AAF-FE8669EF50B1}.ReleaseAOT|Any CPU.Build.0 = PublicRelease|Win32
		{74016E0D-C14D-448E-9AAF-FE8669EF50B1}.ReleaseAOT|x64.ActiveCfg = Release|x64
		{74016E0D-C14D-448E-9AAF-FE8669EF50B1}.ReleaseAOT|x64.Build.0 = Release|x64
		{74016E0D-C14D-448E-9AAF-FE8669EF50B1}.ReleaseAOT|x86.ActiveCfg = Release|Win32
		{74016E0D-C14D-448E-9AAF-FE8669EF50B1}.ReleaseAOT|x86.Build.0 = Release|Win32
		{74016E0D-C14D-448E-9AAF-FE8669EF50B1}.RelMDeb|Any CPU.ActiveCfg = PublicRelease|x64
		{74016E0D-C14D-448E-9AAF-FE8669EF50B1}.RelMDeb|x64.ActiveCfg = Release|x64
		{74016E0D-C14D-448E-9AAF-FE8669EF50B1}.RelMDeb|x86.ActiveCfg = Release|Win32
		{E8740DBB-4636-4058-9AF6-64222294EEEE}.Debug|Any CPU.ActiveCfg = Debug|Any CPU
		{E8740DBB-4636-4058-9AF6-64222294EEEE}.Debug|Any CPU.Build.0 = Debug|Any CPU
		{E8740DBB-4636-4058-9AF6-64222294EEEE}.Debug|x64.ActiveCfg = Debug|Any CPU
		{E8740DBB-4636-4058-9AF6-64222294EEEE}.Debug|x64.Build.0 = Debug|Any CPU
		{E8740DBB-4636-4058-9AF6-64222294EEEE}.Debug|x86.ActiveCfg = Debug|Any CPU
		{E8740DBB-4636-4058-9AF6-64222294EEEE}.Debug|x86.Build.0 = Debug|Any CPU
		{E8740DBB-4636-4058-9AF6-64222294EEEE}.DebugAOT|Any CPU.ActiveCfg = Debug|Any CPU
		{E8740DBB-4636-4058-9AF6-64222294EEEE}.DebugAOT|Any CPU.Build.0 = Debug|Any CPU
		{E8740DBB-4636-4058-9AF6-64222294EEEE}.DebugAOT|x64.ActiveCfg = Debug|Any CPU
		{E8740DBB-4636-4058-9AF6-64222294EEEE}.DebugAOT|x64.Build.0 = Debug|Any CPU
		{E8740DBB-4636-4058-9AF6-64222294EEEE}.DebugAOT|x86.ActiveCfg = Debug|Any CPU
		{E8740DBB-4636-4058-9AF6-64222294EEEE}.DebugAOT|x86.Build.0 = Debug|Any CPU
		{E8740DBB-4636-4058-9AF6-64222294EEEE}.Release|Any CPU.ActiveCfg = Release|Any CPU
		{E8740DBB-4636-4058-9AF6-64222294EEEE}.Release|Any CPU.Build.0 = Release|Any CPU
		{E8740DBB-4636-4058-9AF6-64222294EEEE}.Release|x64.ActiveCfg = Release|Any CPU
		{E8740DBB-4636-4058-9AF6-64222294EEEE}.Release|x86.ActiveCfg = Release|Any CPU
		{E8740DBB-4636-4058-9AF6-64222294EEEE}.Release|x86.Build.0 = Release|Any CPU
		{E8740DBB-4636-4058-9AF6-64222294EEEE}.ReleaseAOT|Any CPU.ActiveCfg = Release|Any CPU
		{E8740DBB-4636-4058-9AF6-64222294EEEE}.ReleaseAOT|Any CPU.Build.0 = Release|Any CPU
		{E8740DBB-4636-4058-9AF6-64222294EEEE}.ReleaseAOT|x64.ActiveCfg = Release|Any CPU
		{E8740DBB-4636-4058-9AF6-64222294EEEE}.ReleaseAOT|x86.ActiveCfg = Release|Any CPU
		{E8740DBB-4636-4058-9AF6-64222294EEEE}.ReleaseAOT|x86.Build.0 = Release|Any CPU
		{E8740DBB-4636-4058-9AF6-64222294EEEE}.RelMDeb|Any CPU.ActiveCfg = RelMDeb|Any CPU
		{E8740DBB-4636-4058-9AF6-64222294EEEE}.RelMDeb|Any CPU.Build.0 = RelMDeb|Any CPU
		{E8740DBB-4636-4058-9AF6-64222294EEEE}.RelMDeb|x64.ActiveCfg = RelMDeb|Any CPU
		{E8740DBB-4636-4058-9AF6-64222294EEEE}.RelMDeb|x64.Build.0 = RelMDeb|Any CPU
		{E8740DBB-4636-4058-9AF6-64222294EEEE}.RelMDeb|x86.ActiveCfg = RelMDeb|Any CPU
		{E8740DBB-4636-4058-9AF6-64222294EEEE}.RelMDeb|x86.Build.0 = RelMDeb|Any CPU
		{6E594C78-9CD8-432D-A135-11C4A72F3BCF}.Debug|Any CPU.ActiveCfg = Debug|Any CPU
		{6E594C78-9CD8-432D-A135-11C4A72F3BCF}.Debug|Any CPU.Build.0 = Debug|Any CPU
		{6E594C78-9CD8-432D-A135-11C4A72F3BCF}.Debug|x64.ActiveCfg = Debug|Any CPU
		{6E594C78-9CD8-432D-A135-11C4A72F3BCF}.Debug|x64.Build.0 = Debug|Any CPU
		{6E594C78-9CD8-432D-A135-11C4A72F3BCF}.Debug|x86.ActiveCfg = Debug|Any CPU
		{6E594C78-9CD8-432D-A135-11C4A72F3BCF}.Debug|x86.Build.0 = Debug|Any CPU
		{6E594C78-9CD8-432D-A135-11C4A72F3BCF}.DebugAOT|Any CPU.ActiveCfg = Debug|Any CPU
		{6E594C78-9CD8-432D-A135-11C4A72F3BCF}.DebugAOT|Any CPU.Build.0 = Debug|Any CPU
		{6E594C78-9CD8-432D-A135-11C4A72F3BCF}.DebugAOT|x64.ActiveCfg = Debug|Any CPU
		{6E594C78-9CD8-432D-A135-11C4A72F3BCF}.DebugAOT|x64.Build.0 = Debug|Any CPU
		{6E594C78-9CD8-432D-A135-11C4A72F3BCF}.DebugAOT|x86.ActiveCfg = Debug|Any CPU
		{6E594C78-9CD8-432D-A135-11C4A72F3BCF}.DebugAOT|x86.Build.0 = Debug|Any CPU
		{6E594C78-9CD8-432D-A135-11C4A72F3BCF}.Release|Any CPU.ActiveCfg = Release|Any CPU
		{6E594C78-9CD8-432D-A135-11C4A72F3BCF}.Release|Any CPU.Build.0 = Release|Any CPU
		{6E594C78-9CD8-432D-A135-11C4A72F3BCF}.Release|x64.ActiveCfg = Release|Any CPU
		{6E594C78-9CD8-432D-A135-11C4A72F3BCF}.Release|x64.Build.0 = Release|Any CPU
		{6E594C78-9CD8-432D-A135-11C4A72F3BCF}.Release|x86.ActiveCfg = Release|Any CPU
		{6E594C78-9CD8-432D-A135-11C4A72F3BCF}.Release|x86.Build.0 = Release|Any CPU
		{6E594C78-9CD8-432D-A135-11C4A72F3BCF}.ReleaseAOT|Any CPU.ActiveCfg = Release|Any CPU
		{6E594C78-9CD8-432D-A135-11C4A72F3BCF}.ReleaseAOT|Any CPU.Build.0 = Release|Any CPU
		{6E594C78-9CD8-432D-A135-11C4A72F3BCF}.ReleaseAOT|x64.ActiveCfg = Release|Any CPU
		{6E594C78-9CD8-432D-A135-11C4A72F3BCF}.ReleaseAOT|x64.Build.0 = Release|Any CPU
		{6E594C78-9CD8-432D-A135-11C4A72F3BCF}.ReleaseAOT|x86.ActiveCfg = Release|Any CPU
		{6E594C78-9CD8-432D-A135-11C4A72F3BCF}.ReleaseAOT|x86.Build.0 = Release|Any CPU
		{6E594C78-9CD8-432D-A135-11C4A72F3BCF}.RelMDeb|Any CPU.ActiveCfg = Release|Any CPU
		{6E594C78-9CD8-432D-A135-11C4A72F3BCF}.RelMDeb|Any CPU.Build.0 = Release|Any CPU
		{6E594C78-9CD8-432D-A135-11C4A72F3BCF}.RelMDeb|x64.ActiveCfg = Release|Any CPU
		{6E594C78-9CD8-432D-A135-11C4A72F3BCF}.RelMDeb|x64.Build.0 = Release|Any CPU
		{6E594C78-9CD8-432D-A135-11C4A72F3BCF}.RelMDeb|x86.ActiveCfg = Release|Any CPU
		{6E594C78-9CD8-432D-A135-11C4A72F3BCF}.RelMDeb|x86.Build.0 = Release|Any CPU
		{FC299A06-61BD-4562-A315-0F0BE454925A}.Debug|Any CPU.ActiveCfg = Debug|Any CPU
		{FC299A06-61BD-4562-A315-0F0BE454925A}.Debug|Any CPU.Build.0 = Debug|Any CPU
		{FC299A06-61BD-4562-A315-0F0BE454925A}.Debug|x64.ActiveCfg = Debug|Any CPU
		{FC299A06-61BD-4562-A315-0F0BE454925A}.Debug|x64.Build.0 = Debug|Any CPU
		{FC299A06-61BD-4562-A315-0F0BE454925A}.Debug|x86.ActiveCfg = Debug|Any CPU
		{FC299A06-61BD-4562-A315-0F0BE454925A}.Debug|x86.Build.0 = Debug|Any CPU
		{FC299A06-61BD-4562-A315-0F0BE454925A}.DebugAOT|Any CPU.ActiveCfg = Debug|Any CPU
		{FC299A06-61BD-4562-A315-0F0BE454925A}.DebugAOT|Any CPU.Build.0 = Debug|Any CPU
		{FC299A06-61BD-4562-A315-0F0BE454925A}.DebugAOT|x64.ActiveCfg = Debug|Any CPU
		{FC299A06-61BD-4562-A315-0F0BE454925A}.DebugAOT|x64.Build.0 = Debug|Any CPU
		{FC299A06-61BD-4562-A315-0F0BE454925A}.DebugAOT|x86.ActiveCfg = Debug|Any CPU
		{FC299A06-61BD-4562-A315-0F0BE454925A}.DebugAOT|x86.Build.0 = Debug|Any CPU
		{FC299A06-61BD-4562-A315-0F0BE454925A}.Release|Any CPU.ActiveCfg = Release|Any CPU
		{FC299A06-61BD-4562-A315-0F0BE454925A}.Release|Any CPU.Build.0 = Release|Any CPU
		{FC299A06-61BD-4562-A315-0F0BE454925A}.Release|x64.ActiveCfg = Release|Any CPU
		{FC299A06-61BD-4562-A315-0F0BE454925A}.Release|x64.Build.0 = Release|Any CPU
		{FC299A06-61BD-4562-A315-0F0BE454925A}.Release|x86.ActiveCfg = Release|Any CPU
		{FC299A06-61BD-4562-A315-0F0BE454925A}.Release|x86.Build.0 = Release|Any CPU
		{FC299A06-61BD-4562-A315-0F0BE454925A}.ReleaseAOT|Any CPU.ActiveCfg = Release|Any CPU
		{FC299A06-61BD-4562-A315-0F0BE454925A}.ReleaseAOT|Any CPU.Build.0 = Release|Any CPU
		{FC299A06-61BD-4562-A315-0F0BE454925A}.ReleaseAOT|x64.ActiveCfg = Release|Any CPU
		{FC299A06-61BD-4562-A315-0F0BE454925A}.ReleaseAOT|x64.Build.0 = Release|Any CPU
		{FC299A06-61BD-4562-A315-0F0BE454925A}.ReleaseAOT|x86.ActiveCfg = Release|Any CPU
		{FC299A06-61BD-4562-A315-0F0BE454925A}.ReleaseAOT|x86.Build.0 = Release|Any CPU
		{FC299A06-61BD-4562-A315-0F0BE454925A}.RelMDeb|Any CPU.ActiveCfg = Release|Any CPU
		{FC299A06-61BD-4562-A315-0F0BE454925A}.RelMDeb|Any CPU.Build.0 = Release|Any CPU
		{FC299A06-61BD-4562-A315-0F0BE454925A}.RelMDeb|x64.ActiveCfg = Release|Any CPU
		{FC299A06-61BD-4562-A315-0F0BE454925A}.RelMDeb|x64.Build.0 = Release|Any CPU
		{FC299A06-61BD-4562-A315-0F0BE454925A}.RelMDeb|x86.ActiveCfg = Release|Any CPU
		{FC299A06-61BD-4562-A315-0F0BE454925A}.RelMDeb|x86.Build.0 = Release|Any CPU
		{922F9AEC-9921-4234-89E5-14CE09625A07}.Debug|Any CPU.ActiveCfg = Debug|Any CPU
		{922F9AEC-9921-4234-89E5-14CE09625A07}.Debug|Any CPU.Build.0 = Debug|Any CPU
		{922F9AEC-9921-4234-89E5-14CE09625A07}.Debug|x64.ActiveCfg = Debug|Any CPU
		{922F9AEC-9921-4234-89E5-14CE09625A07}.Debug|x64.Build.0 = Debug|Any CPU
		{922F9AEC-9921-4234-89E5-14CE09625A07}.Debug|x86.ActiveCfg = Debug|Any CPU
		{922F9AEC-9921-4234-89E5-14CE09625A07}.Debug|x86.Build.0 = Debug|Any CPU
		{922F9AEC-9921-4234-89E5-14CE09625A07}.DebugAOT|Any CPU.ActiveCfg = Debug|Any CPU
		{922F9AEC-9921-4234-89E5-14CE09625A07}.DebugAOT|Any CPU.Build.0 = Debug|Any CPU
		{922F9AEC-9921-4234-89E5-14CE09625A07}.DebugAOT|x64.ActiveCfg = Debug|Any CPU
		{922F9AEC-9921-4234-89E5-14CE09625A07}.DebugAOT|x64.Build.0 = Debug|Any CPU
		{922F9AEC-9921-4234-89E5-14CE09625A07}.DebugAOT|x86.ActiveCfg = Debug|Any CPU
		{922F9AEC-9921-4234-89E5-14CE09625A07}.DebugAOT|x86.Build.0 = Debug|Any CPU
		{922F9AEC-9921-4234-89E5-14CE09625A07}.Release|Any CPU.ActiveCfg = Release|Any CPU
		{922F9AEC-9921-4234-89E5-14CE09625A07}.Release|Any CPU.Build.0 = Release|Any CPU
		{922F9AEC-9921-4234-89E5-14CE09625A07}.Release|x64.ActiveCfg = Release|Any CPU
		{922F9AEC-9921-4234-89E5-14CE09625A07}.Release|x64.Build.0 = Release|Any CPU
		{922F9AEC-9921-4234-89E5-14CE09625A07}.Release|x86.ActiveCfg = Release|Any CPU
		{922F9AEC-9921-4234-89E5-14CE09625A07}.Release|x86.Build.0 = Release|Any CPU
		{922F9AEC-9921-4234-89E5-14CE09625A07}.ReleaseAOT|Any CPU.ActiveCfg = Release|Any CPU
		{922F9AEC-9921-4234-89E5-14CE09625A07}.ReleaseAOT|Any CPU.Build.0 = Release|Any CPU
		{922F9AEC-9921-4234-89E5-14CE09625A07}.ReleaseAOT|x64.ActiveCfg = Release|Any CPU
		{922F9AEC-9921-4234-89E5-14CE09625A07}.ReleaseAOT|x64.Build.0 = Release|Any CPU
		{922F9AEC-9921-4234-89E5-14CE09625A07}.ReleaseAOT|x86.ActiveCfg = Release|Any CPU
		{922F9AEC-9921-4234-89E5-14CE09625A07}.ReleaseAOT|x86.Build.0 = Release|Any CPU
		{922F9AEC-9921-4234-89E5-14CE09625A07}.RelMDeb|Any CPU.ActiveCfg = Release|Any CPU
		{922F9AEC-9921-4234-89E5-14CE09625A07}.RelMDeb|Any CPU.Build.0 = Release|Any CPU
		{922F9AEC-9921-4234-89E5-14CE09625A07}.RelMDeb|x64.ActiveCfg = Release|Any CPU
		{922F9AEC-9921-4234-89E5-14CE09625A07}.RelMDeb|x64.Build.0 = Release|Any CPU
		{922F9AEC-9921-4234-89E5-14CE09625A07}.RelMDeb|x86.ActiveCfg = Release|Any CPU
		{922F9AEC-9921-4234-89E5-14CE09625A07}.RelMDeb|x86.Build.0 = Release|Any CPU
		{83D4BB54-FF33-4011-9819-582458329D9B}.Debug|Any CPU.ActiveCfg = Debug|Any CPU
		{83D4BB54-FF33-4011-9819-582458329D9B}.Debug|Any CPU.Build.0 = Debug|Any CPU
		{83D4BB54-FF33-4011-9819-582458329D9B}.Debug|x64.ActiveCfg = Debug|Any CPU
		{83D4BB54-FF33-4011-9819-582458329D9B}.Debug|x64.Build.0 = Debug|Any CPU
		{83D4BB54-FF33-4011-9819-582458329D9B}.Debug|x86.ActiveCfg = Debug|Any CPU
		{83D4BB54-FF33-4011-9819-582458329D9B}.Debug|x86.Build.0 = Debug|Any CPU
		{83D4BB54-FF33-4011-9819-582458329D9B}.DebugAOT|Any CPU.ActiveCfg = Debug|Any CPU
		{83D4BB54-FF33-4011-9819-582458329D9B}.DebugAOT|Any CPU.Build.0 = Debug|Any CPU
		{83D4BB54-FF33-4011-9819-582458329D9B}.DebugAOT|x64.ActiveCfg = Debug|Any CPU
		{83D4BB54-FF33-4011-9819-582458329D9B}.DebugAOT|x64.Build.0 = Debug|Any CPU
		{83D4BB54-FF33-4011-9819-582458329D9B}.DebugAOT|x86.ActiveCfg = Debug|Any CPU
		{83D4BB54-FF33-4011-9819-582458329D9B}.DebugAOT|x86.Build.0 = Debug|Any CPU
		{83D4BB54-FF33-4011-9819-582458329D9B}.Release|Any CPU.ActiveCfg = Release|Any CPU
		{83D4BB54-FF33-4011-9819-582458329D9B}.Release|Any CPU.Build.0 = Release|Any CPU
		{83D4BB54-FF33-4011-9819-582458329D9B}.Release|x64.ActiveCfg = Release|Any CPU
		{83D4BB54-FF33-4011-9819-582458329D9B}.Release|x64.Build.0 = Release|Any CPU
		{83D4BB54-FF33-4011-9819-582458329D9B}.Release|x86.ActiveCfg = Release|Any CPU
		{83D4BB54-FF33-4011-9819-582458329D9B}.Release|x86.Build.0 = Release|Any CPU
		{83D4BB54-FF33-4011-9819-582458329D9B}.ReleaseAOT|Any CPU.ActiveCfg = Release|Any CPU
		{83D4BB54-FF33-4011-9819-582458329D9B}.ReleaseAOT|Any CPU.Build.0 = Release|Any CPU
		{83D4BB54-FF33-4011-9819-582458329D9B}.ReleaseAOT|x64.ActiveCfg = Release|Any CPU
		{83D4BB54-FF33-4011-9819-582458329D9B}.ReleaseAOT|x64.Build.0 = Release|Any CPU
		{83D4BB54-FF33-4011-9819-582458329D9B}.ReleaseAOT|x86.ActiveCfg = Release|Any CPU
		{83D4BB54-FF33-4011-9819-582458329D9B}.ReleaseAOT|x86.Build.0 = Release|Any CPU
		{83D4BB54-FF33-4011-9819-582458329D9B}.RelMDeb|Any CPU.ActiveCfg = Release|Any CPU
		{83D4BB54-FF33-4011-9819-582458329D9B}.RelMDeb|Any CPU.Build.0 = Release|Any CPU
		{83D4BB54-FF33-4011-9819-582458329D9B}.RelMDeb|x64.ActiveCfg = Release|Any CPU
		{83D4BB54-FF33-4011-9819-582458329D9B}.RelMDeb|x64.Build.0 = Release|Any CPU
		{83D4BB54-FF33-4011-9819-582458329D9B}.RelMDeb|x86.ActiveCfg = Release|Any CPU
		{83D4BB54-FF33-4011-9819-582458329D9B}.RelMDeb|x86.Build.0 = Release|Any CPU
		{ACBBA2D0-C648-4798-9D40-CE8B797642AD}.Debug|Any CPU.ActiveCfg = Debug|Any CPU
		{ACBBA2D0-C648-4798-9D40-CE8B797642AD}.Debug|Any CPU.Build.0 = Debug|Any CPU
		{ACBBA2D0-C648-4798-9D40-CE8B797642AD}.Debug|x64.ActiveCfg = Debug|Any CPU
		{ACBBA2D0-C648-4798-9D40-CE8B797642AD}.Debug|x64.Build.0 = Debug|Any CPU
		{ACBBA2D0-C648-4798-9D40-CE8B797642AD}.Debug|x86.ActiveCfg = Debug|Any CPU
		{ACBBA2D0-C648-4798-9D40-CE8B797642AD}.Debug|x86.Build.0 = Debug|Any CPU
		{ACBBA2D0-C648-4798-9D40-CE8B797642AD}.DebugAOT|Any CPU.ActiveCfg = Debug|Any CPU
		{ACBBA2D0-C648-4798-9D40-CE8B797642AD}.DebugAOT|Any CPU.Build.0 = Debug|Any CPU
		{ACBBA2D0-C648-4798-9D40-CE8B797642AD}.DebugAOT|x64.ActiveCfg = Debug|Any CPU
		{ACBBA2D0-C648-4798-9D40-CE8B797642AD}.DebugAOT|x64.Build.0 = Debug|Any CPU
		{ACBBA2D0-C648-4798-9D40-CE8B797642AD}.DebugAOT|x86.ActiveCfg = Debug|Any CPU
		{ACBBA2D0-C648-4798-9D40-CE8B797642AD}.DebugAOT|x86.Build.0 = Debug|Any CPU
		{ACBBA2D0-C648-4798-9D40-CE8B797642AD}.Release|Any CPU.ActiveCfg = Release|Any CPU
		{ACBBA2D0-C648-4798-9D40-CE8B797642AD}.Release|Any CPU.Build.0 = Release|Any CPU
		{ACBBA2D0-C648-4798-9D40-CE8B797642AD}.Release|x64.ActiveCfg = Release|Any CPU
		{ACBBA2D0-C648-4798-9D40-CE8B797642AD}.Release|x64.Build.0 = Release|Any CPU
		{ACBBA2D0-C648-4798-9D40-CE8B797642AD}.Release|x86.ActiveCfg = Release|Any CPU
		{ACBBA2D0-C648-4798-9D40-CE8B797642AD}.Release|x86.Build.0 = Release|Any CPU
		{ACBBA2D0-C648-4798-9D40-CE8B797642AD}.ReleaseAOT|Any CPU.ActiveCfg = Release|Any CPU
		{ACBBA2D0-C648-4798-9D40-CE8B797642AD}.ReleaseAOT|Any CPU.Build.0 = Release|Any CPU
		{ACBBA2D0-C648-4798-9D40-CE8B797642AD}.ReleaseAOT|x64.ActiveCfg = Release|Any CPU
		{ACBBA2D0-C648-4798-9D40-CE8B797642AD}.ReleaseAOT|x64.Build.0 = Release|Any CPU
		{ACBBA2D0-C648-4798-9D40-CE8B797642AD}.ReleaseAOT|x86.ActiveCfg = Release|Any CPU
		{ACBBA2D0-C648-4798-9D40-CE8B797642AD}.ReleaseAOT|x86.Build.0 = Release|Any CPU
		{ACBBA2D0-C648-4798-9D40-CE8B797642AD}.RelMDeb|Any CPU.ActiveCfg = Release|Any CPU
		{ACBBA2D0-C648-4798-9D40-CE8B797642AD}.RelMDeb|Any CPU.Build.0 = Release|Any CPU
		{ACBBA2D0-C648-4798-9D40-CE8B797642AD}.RelMDeb|x64.ActiveCfg = Release|Any CPU
		{ACBBA2D0-C648-4798-9D40-CE8B797642AD}.RelMDeb|x64.Build.0 = Release|Any CPU
		{ACBBA2D0-C648-4798-9D40-CE8B797642AD}.RelMDeb|x86.ActiveCfg = Release|Any CPU
		{ACBBA2D0-C648-4798-9D40-CE8B797642AD}.RelMDeb|x86.Build.0 = Release|Any CPU
		{40428C46-EE61-44C9-B9AD-ADF263B69628}.Debug|Any CPU.ActiveCfg = Debug|Any CPU
		{40428C46-EE61-44C9-B9AD-ADF263B69628}.Debug|Any CPU.Build.0 = Debug|Any CPU
		{40428C46-EE61-44C9-B9AD-ADF263B69628}.Debug|x64.ActiveCfg = Debug|Any CPU
		{40428C46-EE61-44C9-B9AD-ADF263B69628}.Debug|x64.Build.0 = Debug|Any CPU
		{40428C46-EE61-44C9-B9AD-ADF263B69628}.Debug|x86.ActiveCfg = Debug|Any CPU
		{40428C46-EE61-44C9-B9AD-ADF263B69628}.Debug|x86.Build.0 = Debug|Any CPU
		{40428C46-EE61-44C9-B9AD-ADF263B69628}.DebugAOT|Any CPU.ActiveCfg = Debug|Any CPU
		{40428C46-EE61-44C9-B9AD-ADF263B69628}.DebugAOT|Any CPU.Build.0 = Debug|Any CPU
		{40428C46-EE61-44C9-B9AD-ADF263B69628}.DebugAOT|x64.ActiveCfg = Debug|Any CPU
		{40428C46-EE61-44C9-B9AD-ADF263B69628}.DebugAOT|x64.Build.0 = Debug|Any CPU
		{40428C46-EE61-44C9-B9AD-ADF263B69628}.DebugAOT|x86.ActiveCfg = Debug|Any CPU
		{40428C46-EE61-44C9-B9AD-ADF263B69628}.DebugAOT|x86.Build.0 = Debug|Any CPU
		{40428C46-EE61-44C9-B9AD-ADF263B69628}.Release|Any CPU.ActiveCfg = Release|Any CPU
		{40428C46-EE61-44C9-B9AD-ADF263B69628}.Release|Any CPU.Build.0 = Release|Any CPU
		{40428C46-EE61-44C9-B9AD-ADF263B69628}.Release|x64.ActiveCfg = Release|Any CPU
		{40428C46-EE61-44C9-B9AD-ADF263B69628}.Release|x86.ActiveCfg = Release|Any CPU
		{40428C46-EE61-44C9-B9AD-ADF263B69628}.Release|x86.Build.0 = Release|Any CPU
		{40428C46-EE61-44C9-B9AD-ADF263B69628}.ReleaseAOT|Any CPU.ActiveCfg = Release|Any CPU
		{40428C46-EE61-44C9-B9AD-ADF263B69628}.ReleaseAOT|Any CPU.Build.0 = Release|Any CPU
		{40428C46-EE61-44C9-B9AD-ADF263B69628}.ReleaseAOT|x64.ActiveCfg = Release|Any CPU
		{40428C46-EE61-44C9-B9AD-ADF263B69628}.ReleaseAOT|x86.ActiveCfg = Release|Any CPU
		{40428C46-EE61-44C9-B9AD-ADF263B69628}.ReleaseAOT|x86.Build.0 = Release|Any CPU
		{40428C46-EE61-44C9-B9AD-ADF263B69628}.RelMDeb|Any CPU.ActiveCfg = RelMDeb|Any CPU
		{40428C46-EE61-44C9-B9AD-ADF263B69628}.RelMDeb|Any CPU.Build.0 = RelMDeb|Any CPU
		{40428C46-EE61-44C9-B9AD-ADF263B69628}.RelMDeb|x64.ActiveCfg = RelMDeb|Any CPU
		{40428C46-EE61-44C9-B9AD-ADF263B69628}.RelMDeb|x64.Build.0 = RelMDeb|Any CPU
		{40428C46-EE61-44C9-B9AD-ADF263B69628}.RelMDeb|x86.ActiveCfg = RelMDeb|Any CPU
		{40428C46-EE61-44C9-B9AD-ADF263B69628}.RelMDeb|x86.Build.0 = RelMDeb|Any CPU
		{9183C078-D330-459B-BE70-DA4CC96A361D}.Debug|Any CPU.ActiveCfg = Debug|Any CPU
		{9183C078-D330-459B-BE70-DA4CC96A361D}.Debug|Any CPU.Build.0 = Debug|Any CPU
		{9183C078-D330-459B-BE70-DA4CC96A361D}.Debug|x64.ActiveCfg = Debug|Any CPU
		{9183C078-D330-459B-BE70-DA4CC96A361D}.Debug|x64.Build.0 = Debug|Any CPU
		{9183C078-D330-459B-BE70-DA4CC96A361D}.Debug|x86.ActiveCfg = Debug|Any CPU
		{9183C078-D330-459B-BE70-DA4CC96A361D}.Debug|x86.Build.0 = Debug|Any CPU
		{9183C078-D330-459B-BE70-DA4CC96A361D}.DebugAOT|Any CPU.ActiveCfg = Debug|Any CPU
		{9183C078-D330-459B-BE70-DA4CC96A361D}.DebugAOT|Any CPU.Build.0 = Debug|Any CPU
		{9183C078-D330-459B-BE70-DA4CC96A361D}.DebugAOT|x64.ActiveCfg = Debug|Any CPU
		{9183C078-D330-459B-BE70-DA4CC96A361D}.DebugAOT|x64.Build.0 = Debug|Any CPU
		{9183C078-D330-459B-BE70-DA4CC96A361D}.DebugAOT|x86.ActiveCfg = Debug|Any CPU
		{9183C078-D330-459B-BE70-DA4CC96A361D}.DebugAOT|x86.Build.0 = Debug|Any CPU
		{9183C078-D330-459B-BE70-DA4CC96A361D}.Release|Any CPU.ActiveCfg = Release|Any CPU
		{9183C078-D330-459B-BE70-DA4CC96A361D}.Release|Any CPU.Build.0 = Release|Any CPU
		{9183C078-D330-459B-BE70-DA4CC96A361D}.Release|x64.ActiveCfg = Release|Any CPU
		{9183C078-D330-459B-BE70-DA4CC96A361D}.Release|x64.Build.0 = Release|Any CPU
		{9183C078-D330-459B-BE70-DA4CC96A361D}.Release|x86.ActiveCfg = Release|Any CPU
		{9183C078-D330-459B-BE70-DA4CC96A361D}.Release|x86.Build.0 = Release|Any CPU
		{9183C078-D330-459B-BE70-DA4CC96A361D}.ReleaseAOT|Any CPU.ActiveCfg = Release|Any CPU
		{9183C078-D330-459B-BE70-DA4CC96A361D}.ReleaseAOT|Any CPU.Build.0 = Release|Any CPU
		{9183C078-D330-459B-BE70-DA4CC96A361D}.ReleaseAOT|x64.ActiveCfg = Release|Any CPU
		{9183C078-D330-459B-BE70-DA4CC96A361D}.ReleaseAOT|x64.Build.0 = Release|Any CPU
		{9183C078-D330-459B-BE70-DA4CC96A361D}.ReleaseAOT|x86.ActiveCfg = Release|Any CPU
		{9183C078-D330-459B-BE70-DA4CC96A361D}.ReleaseAOT|x86.Build.0 = Release|Any CPU
		{9183C078-D330-459B-BE70-DA4CC96A361D}.RelMDeb|Any CPU.ActiveCfg = Release|Any CPU
		{9183C078-D330-459B-BE70-DA4CC96A361D}.RelMDeb|Any CPU.Build.0 = Release|Any CPU
		{9183C078-D330-459B-BE70-DA4CC96A361D}.RelMDeb|x64.ActiveCfg = Release|Any CPU
		{9183C078-D330-459B-BE70-DA4CC96A361D}.RelMDeb|x64.Build.0 = Release|Any CPU
		{9183C078-D330-459B-BE70-DA4CC96A361D}.RelMDeb|x86.ActiveCfg = Release|Any CPU
		{9183C078-D330-459B-BE70-DA4CC96A361D}.RelMDeb|x86.Build.0 = Release|Any CPU
		{4B395F64-4F52-4CC3-B983-33CC38A6450D}.Debug|Any CPU.ActiveCfg = Debug|Any CPU
		{4B395F64-4F52-4CC3-B983-33CC38A6450D}.Debug|Any CPU.Build.0 = Debug|Any CPU
		{4B395F64-4F52-4CC3-B983-33CC38A6450D}.Debug|x64.ActiveCfg = Debug|Any CPU
		{4B395F64-4F52-4CC3-B983-33CC38A6450D}.Debug|x64.Build.0 = Debug|Any CPU
		{4B395F64-4F52-4CC3-B983-33CC38A6450D}.Debug|x86.ActiveCfg = Debug|Any CPU
		{4B395F64-4F52-4CC3-B983-33CC38A6450D}.Debug|x86.Build.0 = Debug|Any CPU
		{4B395F64-4F52-4CC3-B983-33CC38A6450D}.DebugAOT|Any CPU.ActiveCfg = Debug|Any CPU
		{4B395F64-4F52-4CC3-B983-33CC38A6450D}.DebugAOT|Any CPU.Build.0 = Debug|Any CPU
		{4B395F64-4F52-4CC3-B983-33CC38A6450D}.DebugAOT|x64.ActiveCfg = Debug|Any CPU
		{4B395F64-4F52-4CC3-B983-33CC38A6450D}.DebugAOT|x64.Build.0 = Debug|Any CPU
		{4B395F64-4F52-4CC3-B983-33CC38A6450D}.DebugAOT|x86.ActiveCfg = Debug|Any CPU
		{4B395F64-4F52-4CC3-B983-33CC38A6450D}.DebugAOT|x86.Build.0 = Debug|Any CPU
		{4B395F64-4F52-4CC3-B983-33CC38A6450D}.Release|Any CPU.ActiveCfg = Release|Any CPU
		{4B395F64-4F52-4CC3-B983-33CC38A6450D}.Release|Any CPU.Build.0 = Release|Any CPU
		{4B395F64-4F52-4CC3-B983-33CC38A6450D}.Release|x64.ActiveCfg = Release|Any CPU
		{4B395F64-4F52-4CC3-B983-33CC38A6450D}.Release|x64.Build.0 = Release|Any CPU
		{4B395F64-4F52-4CC3-B983-33CC38A6450D}.Release|x86.ActiveCfg = Release|Any CPU
		{4B395F64-4F52-4CC3-B983-33CC38A6450D}.Release|x86.Build.0 = Release|Any CPU
		{4B395F64-4F52-4CC3-B983-33CC38A6450D}.ReleaseAOT|Any CPU.ActiveCfg = Release|Any CPU
		{4B395F64-4F52-4CC3-B983-33CC38A6450D}.ReleaseAOT|Any CPU.Build.0 = Release|Any CPU
		{4B395F64-4F52-4CC3-B983-33CC38A6450D}.ReleaseAOT|x64.ActiveCfg = Release|Any CPU
		{4B395F64-4F52-4CC3-B983-33CC38A6450D}.ReleaseAOT|x64.Build.0 = Release|Any CPU
		{4B395F64-4F52-4CC3-B983-33CC38A6450D}.ReleaseAOT|x86.ActiveCfg = Release|Any CPU
		{4B395F64-4F52-4CC3-B983-33CC38A6450D}.ReleaseAOT|x86.Build.0 = Release|Any CPU
		{4B395F64-4F52-4CC3-B983-33CC38A6450D}.RelMDeb|Any CPU.ActiveCfg = RelMDeb|Any CPU
		{4B395F64-4F52-4CC3-B983-33CC38A6450D}.RelMDeb|Any CPU.Build.0 = RelMDeb|Any CPU
		{4B395F64-4F52-4CC3-B983-33CC38A6450D}.RelMDeb|x64.ActiveCfg = RelMDeb|Any CPU
		{4B395F64-4F52-4CC3-B983-33CC38A6450D}.RelMDeb|x64.Build.0 = RelMDeb|Any CPU
		{4B395F64-4F52-4CC3-B983-33CC38A6450D}.RelMDeb|x86.ActiveCfg = RelMDeb|Any CPU
		{4B395F64-4F52-4CC3-B983-33CC38A6450D}.RelMDeb|x86.Build.0 = RelMDeb|Any CPU
		{6598A7CD-8F27-4D3F-A675-5AE63113A7C3}.Debug|Any CPU.ActiveCfg = Debug|Any CPU
		{6598A7CD-8F27-4D3F-A675-5AE63113A7C3}.Debug|Any CPU.Build.0 = Debug|Any CPU
		{6598A7CD-8F27-4D3F-A675-5AE63113A7C3}.Debug|x64.ActiveCfg = Debug|Any CPU
		{6598A7CD-8F27-4D3F-A675-5AE63113A7C3}.Debug|x64.Build.0 = Debug|Any CPU
		{6598A7CD-8F27-4D3F-A675-5AE63113A7C3}.Debug|x86.ActiveCfg = Debug|Any CPU
		{6598A7CD-8F27-4D3F-A675-5AE63113A7C3}.Debug|x86.Build.0 = Debug|Any CPU
		{6598A7CD-8F27-4D3F-A675-5AE63113A7C3}.DebugAOT|Any CPU.ActiveCfg = Debug|Any CPU
		{6598A7CD-8F27-4D3F-A675-5AE63113A7C3}.DebugAOT|Any CPU.Build.0 = Debug|Any CPU
		{6598A7CD-8F27-4D3F-A675-5AE63113A7C3}.DebugAOT|x64.ActiveCfg = Debug|Any CPU
		{6598A7CD-8F27-4D3F-A675-5AE63113A7C3}.DebugAOT|x64.Build.0 = Debug|Any CPU
		{6598A7CD-8F27-4D3F-A675-5AE63113A7C3}.DebugAOT|x86.ActiveCfg = Debug|Any CPU
		{6598A7CD-8F27-4D3F-A675-5AE63113A7C3}.DebugAOT|x86.Build.0 = Debug|Any CPU
		{6598A7CD-8F27-4D3F-A675-5AE63113A7C3}.Release|Any CPU.ActiveCfg = Release|Any CPU
		{6598A7CD-8F27-4D3F-A675-5AE63113A7C3}.Release|Any CPU.Build.0 = Release|Any CPU
		{6598A7CD-8F27-4D3F-A675-5AE63113A7C3}.Release|x64.ActiveCfg = Release|Any CPU
		{6598A7CD-8F27-4D3F-A675-5AE63113A7C3}.Release|x64.Build.0 = Release|Any CPU
		{6598A7CD-8F27-4D3F-A675-5AE63113A7C3}.Release|x86.ActiveCfg = Release|Any CPU
		{6598A7CD-8F27-4D3F-A675-5AE63113A7C3}.Release|x86.Build.0 = Release|Any CPU
		{6598A7CD-8F27-4D3F-A675-5AE63113A7C3}.ReleaseAOT|Any CPU.ActiveCfg = Release|Any CPU
		{6598A7CD-8F27-4D3F-A675-5AE63113A7C3}.ReleaseAOT|Any CPU.Build.0 = Release|Any CPU
		{6598A7CD-8F27-4D3F-A675-5AE63113A7C3}.ReleaseAOT|x64.ActiveCfg = Release|Any CPU
		{6598A7CD-8F27-4D3F-A675-5AE63113A7C3}.ReleaseAOT|x64.Build.0 = Release|Any CPU
		{6598A7CD-8F27-4D3F-A675-5AE63113A7C3}.ReleaseAOT|x86.ActiveCfg = Release|Any CPU
		{6598A7CD-8F27-4D3F-A675-5AE63113A7C3}.ReleaseAOT|x86.Build.0 = Release|Any CPU
		{6598A7CD-8F27-4D3F-A675-5AE63113A7C3}.RelMDeb|Any CPU.ActiveCfg = Release|Any CPU
		{6598A7CD-8F27-4D3F-A675-5AE63113A7C3}.RelMDeb|Any CPU.Build.0 = Release|Any CPU
		{6598A7CD-8F27-4D3F-A675-5AE63113A7C3}.RelMDeb|x64.ActiveCfg = Release|Any CPU
		{6598A7CD-8F27-4D3F-A675-5AE63113A7C3}.RelMDeb|x64.Build.0 = Release|Any CPU
		{6598A7CD-8F27-4D3F-A675-5AE63113A7C3}.RelMDeb|x86.ActiveCfg = Release|Any CPU
		{6598A7CD-8F27-4D3F-A675-5AE63113A7C3}.RelMDeb|x86.Build.0 = Release|Any CPU
		{5068F53B-8D7B-4AEE-AF54-7428B0E997A3}.Debug|Any CPU.ActiveCfg = Debug|Any CPU
		{5068F53B-8D7B-4AEE-AF54-7428B0E997A3}.Debug|Any CPU.Build.0 = Debug|Any CPU
		{5068F53B-8D7B-4AEE-AF54-7428B0E997A3}.Debug|x64.ActiveCfg = Debug|Any CPU
		{5068F53B-8D7B-4AEE-AF54-7428B0E997A3}.Debug|x64.Build.0 = Debug|Any CPU
		{5068F53B-8D7B-4AEE-AF54-7428B0E997A3}.Debug|x86.ActiveCfg = Debug|Any CPU
		{5068F53B-8D7B-4AEE-AF54-7428B0E997A3}.Debug|x86.Build.0 = Debug|Any CPU
		{5068F53B-8D7B-4AEE-AF54-7428B0E997A3}.DebugAOT|Any CPU.ActiveCfg = Debug|Any CPU
		{5068F53B-8D7B-4AEE-AF54-7428B0E997A3}.DebugAOT|Any CPU.Build.0 = Debug|Any CPU
		{5068F53B-8D7B-4AEE-AF54-7428B0E997A3}.DebugAOT|x64.ActiveCfg = Debug|Any CPU
		{5068F53B-8D7B-4AEE-AF54-7428B0E997A3}.DebugAOT|x64.Build.0 = Debug|Any CPU
		{5068F53B-8D7B-4AEE-AF54-7428B0E997A3}.DebugAOT|x86.ActiveCfg = Debug|Any CPU
		{5068F53B-8D7B-4AEE-AF54-7428B0E997A3}.DebugAOT|x86.Build.0 = Debug|Any CPU
		{5068F53B-8D7B-4AEE-AF54-7428B0E997A3}.Release|Any CPU.ActiveCfg = Release|Any CPU
		{5068F53B-8D7B-4AEE-AF54-7428B0E997A3}.Release|Any CPU.Build.0 = Release|Any CPU
		{5068F53B-8D7B-4AEE-AF54-7428B0E997A3}.Release|x64.ActiveCfg = Release|Any CPU
		{5068F53B-8D7B-4AEE-AF54-7428B0E997A3}.Release|x64.Build.0 = Release|Any CPU
		{5068F53B-8D7B-4AEE-AF54-7428B0E997A3}.Release|x86.ActiveCfg = Release|Any CPU
		{5068F53B-8D7B-4AEE-AF54-7428B0E997A3}.Release|x86.Build.0 = Release|Any CPU
		{5068F53B-8D7B-4AEE-AF54-7428B0E997A3}.ReleaseAOT|Any CPU.ActiveCfg = Release|Any CPU
		{5068F53B-8D7B-4AEE-AF54-7428B0E997A3}.ReleaseAOT|Any CPU.Build.0 = Release|Any CPU
		{5068F53B-8D7B-4AEE-AF54-7428B0E997A3}.ReleaseAOT|x64.ActiveCfg = Release|Any CPU
		{5068F53B-8D7B-4AEE-AF54-7428B0E997A3}.ReleaseAOT|x64.Build.0 = Release|Any CPU
		{5068F53B-8D7B-4AEE-AF54-7428B0E997A3}.ReleaseAOT|x86.ActiveCfg = Release|Any CPU
		{5068F53B-8D7B-4AEE-AF54-7428B0E997A3}.ReleaseAOT|x86.Build.0 = Release|Any CPU
		{5068F53B-8D7B-4AEE-AF54-7428B0E997A3}.RelMDeb|Any CPU.ActiveCfg = Release|Any CPU
		{5068F53B-8D7B-4AEE-AF54-7428B0E997A3}.RelMDeb|Any CPU.Build.0 = Release|Any CPU
		{5068F53B-8D7B-4AEE-AF54-7428B0E997A3}.RelMDeb|x64.ActiveCfg = Release|Any CPU
		{5068F53B-8D7B-4AEE-AF54-7428B0E997A3}.RelMDeb|x64.Build.0 = Release|Any CPU
		{5068F53B-8D7B-4AEE-AF54-7428B0E997A3}.RelMDeb|x86.ActiveCfg = Release|Any CPU
		{5068F53B-8D7B-4AEE-AF54-7428B0E997A3}.RelMDeb|x86.Build.0 = Release|Any CPU
		{8810A5B6-B55D-4707-9B54-FEA08FFCA46D}.Debug|Any CPU.ActiveCfg = Debug|Win32
		{8810A5B6-B55D-4707-9B54-FEA08FFCA46D}.Debug|x64.ActiveCfg = Debug|x64
		{8810A5B6-B55D-4707-9B54-FEA08FFCA46D}.Debug|x64.Build.0 = Debug|x64
		{8810A5B6-B55D-4707-9B54-FEA08FFCA46D}.Debug|x86.ActiveCfg = Debug|Win32
		{8810A5B6-B55D-4707-9B54-FEA08FFCA46D}.Debug|x86.Build.0 = Debug|Win32
		{8810A5B6-B55D-4707-9B54-FEA08FFCA46D}.DebugAOT|Any CPU.ActiveCfg = Release|Win32
		{8810A5B6-B55D-4707-9B54-FEA08FFCA46D}.DebugAOT|Any CPU.Build.0 = Release|Win32
		{8810A5B6-B55D-4707-9B54-FEA08FFCA46D}.DebugAOT|x64.ActiveCfg = Debug|x64
		{8810A5B6-B55D-4707-9B54-FEA08FFCA46D}.DebugAOT|x64.Build.0 = Debug|x64
		{8810A5B6-B55D-4707-9B54-FEA08FFCA46D}.DebugAOT|x86.ActiveCfg = Debug|Win32
		{8810A5B6-B55D-4707-9B54-FEA08FFCA46D}.DebugAOT|x86.Build.0 = Debug|Win32
		{8810A5B6-B55D-4707-9B54-FEA08FFCA46D}.Release|Any CPU.ActiveCfg = Release|Win32
		{8810A5B6-B55D-4707-9B54-FEA08FFCA46D}.Release|x64.ActiveCfg = Release|x64
		{8810A5B6-B55D-4707-9B54-FEA08FFCA46D}.Release|x64.Build.0 = Release|x64
		{8810A5B6-B55D-4707-9B54-FEA08FFCA46D}.Release|x86.ActiveCfg = Release|Win32
		{8810A5B6-B55D-4707-9B54-FEA08FFCA46D}.Release|x86.Build.0 = Release|Win32
		{8810A5B6-B55D-4707-9B54-FEA08FFCA46D}.ReleaseAOT|Any CPU.ActiveCfg = Release|Win32
		{8810A5B6-B55D-4707-9B54-FEA08FFCA46D}.ReleaseAOT|Any CPU.Build.0 = Release|Win32
		{8810A5B6-B55D-4707-9B54-FEA08FFCA46D}.ReleaseAOT|x64.ActiveCfg = Release|x64
		{8810A5B6-B55D-4707-9B54-FEA08FFCA46D}.ReleaseAOT|x64.Build.0 = Release|x64
		{8810A5B6-B55D-4707-9B54-FEA08FFCA46D}.ReleaseAOT|x86.ActiveCfg = Release|Win32
		{8810A5B6-B55D-4707-9B54-FEA08FFCA46D}.ReleaseAOT|x86.Build.0 = Release|Win32
		{8810A5B6-B55D-4707-9B54-FEA08FFCA46D}.RelMDeb|Any CPU.ActiveCfg = Release|x64
		{8810A5B6-B55D-4707-9B54-FEA08FFCA46D}.RelMDeb|x64.ActiveCfg = Release|x64
		{8810A5B6-B55D-4707-9B54-FEA08FFCA46D}.RelMDeb|x86.ActiveCfg = Release|Win32
		{ACBB3920-B6D8-497B-8BAE-9350C7A85C09}.Debug|Any CPU.ActiveCfg = Debug|Any CPU
		{ACBB3920-B6D8-497B-8BAE-9350C7A85C09}.Debug|Any CPU.Build.0 = Debug|Any CPU
		{ACBB3920-B6D8-497B-8BAE-9350C7A85C09}.Debug|x64.ActiveCfg = Debug|Any CPU
		{ACBB3920-B6D8-497B-8BAE-9350C7A85C09}.Debug|x64.Build.0 = Debug|Any CPU
		{ACBB3920-B6D8-497B-8BAE-9350C7A85C09}.Debug|x86.ActiveCfg = Debug|Any CPU
		{ACBB3920-B6D8-497B-8BAE-9350C7A85C09}.Debug|x86.Build.0 = Debug|Any CPU
		{ACBB3920-B6D8-497B-8BAE-9350C7A85C09}.DebugAOT|Any CPU.ActiveCfg = Debug|Any CPU
		{ACBB3920-B6D8-497B-8BAE-9350C7A85C09}.DebugAOT|Any CPU.Build.0 = Debug|Any CPU
		{ACBB3920-B6D8-497B-8BAE-9350C7A85C09}.DebugAOT|x64.ActiveCfg = Debug|Any CPU
		{ACBB3920-B6D8-497B-8BAE-9350C7A85C09}.DebugAOT|x64.Build.0 = Debug|Any CPU
		{ACBB3920-B6D8-497B-8BAE-9350C7A85C09}.DebugAOT|x86.ActiveCfg = Debug|Any CPU
		{ACBB3920-B6D8-497B-8BAE-9350C7A85C09}.DebugAOT|x86.Build.0 = Debug|Any CPU
		{ACBB3920-B6D8-497B-8BAE-9350C7A85C09}.Release|Any CPU.ActiveCfg = Release|Any CPU
		{ACBB3920-B6D8-497B-8BAE-9350C7A85C09}.Release|Any CPU.Build.0 = Release|Any CPU
		{ACBB3920-B6D8-497B-8BAE-9350C7A85C09}.Release|x64.ActiveCfg = Release|Any CPU
		{ACBB3920-B6D8-497B-8BAE-9350C7A85C09}.Release|x64.Build.0 = Release|Any CPU
		{ACBB3920-B6D8-497B-8BAE-9350C7A85C09}.Release|x86.ActiveCfg = Release|Any CPU
		{ACBB3920-B6D8-497B-8BAE-9350C7A85C09}.Release|x86.Build.0 = Release|Any CPU
		{ACBB3920-B6D8-497B-8BAE-9350C7A85C09}.ReleaseAOT|Any CPU.ActiveCfg = Release|Any CPU
		{ACBB3920-B6D8-497B-8BAE-9350C7A85C09}.ReleaseAOT|Any CPU.Build.0 = Release|Any CPU
		{ACBB3920-B6D8-497B-8BAE-9350C7A85C09}.ReleaseAOT|x64.ActiveCfg = Release|Any CPU
		{ACBB3920-B6D8-497B-8BAE-9350C7A85C09}.ReleaseAOT|x64.Build.0 = Release|Any CPU
		{ACBB3920-B6D8-497B-8BAE-9350C7A85C09}.ReleaseAOT|x86.ActiveCfg = Release|Any CPU
		{ACBB3920-B6D8-497B-8BAE-9350C7A85C09}.ReleaseAOT|x86.Build.0 = Release|Any CPU
		{ACBB3920-B6D8-497B-8BAE-9350C7A85C09}.RelMDeb|Any CPU.ActiveCfg = RelMDeb|Any CPU
		{ACBB3920-B6D8-497B-8BAE-9350C7A85C09}.RelMDeb|Any CPU.Build.0 = RelMDeb|Any CPU
		{ACBB3920-B6D8-497B-8BAE-9350C7A85C09}.RelMDeb|x64.ActiveCfg = RelMDeb|Any CPU
		{ACBB3920-B6D8-497B-8BAE-9350C7A85C09}.RelMDeb|x64.Build.0 = RelMDeb|Any CPU
		{ACBB3920-B6D8-497B-8BAE-9350C7A85C09}.RelMDeb|x86.ActiveCfg = RelMDeb|Any CPU
		{ACBB3920-B6D8-497B-8BAE-9350C7A85C09}.RelMDeb|x86.Build.0 = RelMDeb|Any CPU
		{8AA60981-92D9-4CBA-AC33-AE71A94C0231}.Debug|Any CPU.ActiveCfg = Debug|Any CPU
		{8AA60981-92D9-4CBA-AC33-AE71A94C0231}.Debug|Any CPU.Build.0 = Debug|Any CPU
		{8AA60981-92D9-4CBA-AC33-AE71A94C0231}.Debug|x64.ActiveCfg = Debug|Any CPU
		{8AA60981-92D9-4CBA-AC33-AE71A94C0231}.Debug|x64.Build.0 = Debug|Any CPU
		{8AA60981-92D9-4CBA-AC33-AE71A94C0231}.Debug|x86.ActiveCfg = Debug|Any CPU
		{8AA60981-92D9-4CBA-AC33-AE71A94C0231}.Debug|x86.Build.0 = Debug|Any CPU
		{8AA60981-92D9-4CBA-AC33-AE71A94C0231}.DebugAOT|Any CPU.ActiveCfg = Debug|Any CPU
		{8AA60981-92D9-4CBA-AC33-AE71A94C0231}.DebugAOT|Any CPU.Build.0 = Debug|Any CPU
		{8AA60981-92D9-4CBA-AC33-AE71A94C0231}.DebugAOT|x64.ActiveCfg = Debug|Any CPU
		{8AA60981-92D9-4CBA-AC33-AE71A94C0231}.DebugAOT|x64.Build.0 = Debug|Any CPU
		{8AA60981-92D9-4CBA-AC33-AE71A94C0231}.DebugAOT|x86.ActiveCfg = Debug|Any CPU
		{8AA60981-92D9-4CBA-AC33-AE71A94C0231}.DebugAOT|x86.Build.0 = Debug|Any CPU
		{8AA60981-92D9-4CBA-AC33-AE71A94C0231}.Release|Any CPU.ActiveCfg = Release|Any CPU
		{8AA60981-92D9-4CBA-AC33-AE71A94C0231}.Release|Any CPU.Build.0 = Release|Any CPU
		{8AA60981-92D9-4CBA-AC33-AE71A94C0231}.Release|x64.ActiveCfg = Release|Any CPU
		{8AA60981-92D9-4CBA-AC33-AE71A94C0231}.Release|x64.Build.0 = Release|Any CPU
		{8AA60981-92D9-4CBA-AC33-AE71A94C0231}.Release|x86.ActiveCfg = Release|Any CPU
		{8AA60981-92D9-4CBA-AC33-AE71A94C0231}.Release|x86.Build.0 = Release|Any CPU
		{8AA60981-92D9-4CBA-AC33-AE71A94C0231}.ReleaseAOT|Any CPU.ActiveCfg = Release|Any CPU
		{8AA60981-92D9-4CBA-AC33-AE71A94C0231}.ReleaseAOT|Any CPU.Build.0 = Release|Any CPU
		{8AA60981-92D9-4CBA-AC33-AE71A94C0231}.ReleaseAOT|x64.ActiveCfg = Release|Any CPU
		{8AA60981-92D9-4CBA-AC33-AE71A94C0231}.ReleaseAOT|x64.Build.0 = Release|Any CPU
		{8AA60981-92D9-4CBA-AC33-AE71A94C0231}.ReleaseAOT|x86.ActiveCfg = Release|Any CPU
		{8AA60981-92D9-4CBA-AC33-AE71A94C0231}.ReleaseAOT|x86.Build.0 = Release|Any CPU
		{8AA60981-92D9-4CBA-AC33-AE71A94C0231}.RelMDeb|Any CPU.ActiveCfg = RelMDeb|Any CPU
		{8AA60981-92D9-4CBA-AC33-AE71A94C0231}.RelMDeb|Any CPU.Build.0 = RelMDeb|Any CPU
		{8AA60981-92D9-4CBA-AC33-AE71A94C0231}.RelMDeb|x64.ActiveCfg = RelMDeb|Any CPU
		{8AA60981-92D9-4CBA-AC33-AE71A94C0231}.RelMDeb|x64.Build.0 = RelMDeb|Any CPU
		{8AA60981-92D9-4CBA-AC33-AE71A94C0231}.RelMDeb|x86.ActiveCfg = RelMDeb|Any CPU
		{8AA60981-92D9-4CBA-AC33-AE71A94C0231}.RelMDeb|x86.Build.0 = RelMDeb|Any CPU
		{7D71E5FD-3E93-49ED-B2D7-8436319DBD8E}.Debug|Any CPU.ActiveCfg = Debug|Any CPU
		{7D71E5FD-3E93-49ED-B2D7-8436319DBD8E}.Debug|Any CPU.Build.0 = Debug|Any CPU
		{7D71E5FD-3E93-49ED-B2D7-8436319DBD8E}.Debug|x64.ActiveCfg = Debug|Any CPU
		{7D71E5FD-3E93-49ED-B2D7-8436319DBD8E}.Debug|x64.Build.0 = Debug|Any CPU
		{7D71E5FD-3E93-49ED-B2D7-8436319DBD8E}.Debug|x86.ActiveCfg = Debug|Any CPU
		{7D71E5FD-3E93-49ED-B2D7-8436319DBD8E}.Debug|x86.Build.0 = Debug|Any CPU
		{7D71E5FD-3E93-49ED-B2D7-8436319DBD8E}.DebugAOT|Any CPU.ActiveCfg = Debug|Any CPU
		{7D71E5FD-3E93-49ED-B2D7-8436319DBD8E}.DebugAOT|Any CPU.Build.0 = Debug|Any CPU
		{7D71E5FD-3E93-49ED-B2D7-8436319DBD8E}.DebugAOT|x64.ActiveCfg = Debug|Any CPU
		{7D71E5FD-3E93-49ED-B2D7-8436319DBD8E}.DebugAOT|x64.Build.0 = Debug|Any CPU
		{7D71E5FD-3E93-49ED-B2D7-8436319DBD8E}.DebugAOT|x86.ActiveCfg = Debug|Any CPU
		{7D71E5FD-3E93-49ED-B2D7-8436319DBD8E}.DebugAOT|x86.Build.0 = Debug|Any CPU
		{7D71E5FD-3E93-49ED-B2D7-8436319DBD8E}.Release|Any CPU.ActiveCfg = Release|Any CPU
		{7D71E5FD-3E93-49ED-B2D7-8436319DBD8E}.Release|Any CPU.Build.0 = Release|Any CPU
		{7D71E5FD-3E93-49ED-B2D7-8436319DBD8E}.Release|x64.ActiveCfg = Release|Any CPU
		{7D71E5FD-3E93-49ED-B2D7-8436319DBD8E}.Release|x64.Build.0 = Release|Any CPU
		{7D71E5FD-3E93-49ED-B2D7-8436319DBD8E}.Release|x86.ActiveCfg = Release|Any CPU
		{7D71E5FD-3E93-49ED-B2D7-8436319DBD8E}.Release|x86.Build.0 = Release|Any CPU
		{7D71E5FD-3E93-49ED-B2D7-8436319DBD8E}.ReleaseAOT|Any CPU.ActiveCfg = Release|Any CPU
		{7D71E5FD-3E93-49ED-B2D7-8436319DBD8E}.ReleaseAOT|Any CPU.Build.0 = Release|Any CPU
		{7D71E5FD-3E93-49ED-B2D7-8436319DBD8E}.ReleaseAOT|x64.ActiveCfg = Release|Any CPU
		{7D71E5FD-3E93-49ED-B2D7-8436319DBD8E}.ReleaseAOT|x64.Build.0 = Release|Any CPU
		{7D71E5FD-3E93-49ED-B2D7-8436319DBD8E}.ReleaseAOT|x86.ActiveCfg = Release|Any CPU
		{7D71E5FD-3E93-49ED-B2D7-8436319DBD8E}.ReleaseAOT|x86.Build.0 = Release|Any CPU
		{7D71E5FD-3E93-49ED-B2D7-8436319DBD8E}.RelMDeb|Any CPU.ActiveCfg = Release|Any CPU
		{7D71E5FD-3E93-49ED-B2D7-8436319DBD8E}.RelMDeb|Any CPU.Build.0 = Release|Any CPU
		{7D71E5FD-3E93-49ED-B2D7-8436319DBD8E}.RelMDeb|x64.ActiveCfg = Release|Any CPU
		{7D71E5FD-3E93-49ED-B2D7-8436319DBD8E}.RelMDeb|x64.Build.0 = Release|Any CPU
		{7D71E5FD-3E93-49ED-B2D7-8436319DBD8E}.RelMDeb|x86.ActiveCfg = Release|Any CPU
		{7D71E5FD-3E93-49ED-B2D7-8436319DBD8E}.RelMDeb|x86.Build.0 = Release|Any CPU
		{B38EBC7A-D967-4BE3-AE22-67C82C6C9B48}.Debug|Any CPU.ActiveCfg = Debug|Any CPU
		{B38EBC7A-D967-4BE3-AE22-67C82C6C9B48}.Debug|Any CPU.Build.0 = Debug|Any CPU
		{B38EBC7A-D967-4BE3-AE22-67C82C6C9B48}.Debug|x64.ActiveCfg = Debug|Any CPU
		{B38EBC7A-D967-4BE3-AE22-67C82C6C9B48}.Debug|x64.Build.0 = Debug|Any CPU
		{B38EBC7A-D967-4BE3-AE22-67C82C6C9B48}.Debug|x86.ActiveCfg = Debug|Any CPU
		{B38EBC7A-D967-4BE3-AE22-67C82C6C9B48}.Debug|x86.Build.0 = Debug|Any CPU
		{B38EBC7A-D967-4BE3-AE22-67C82C6C9B48}.DebugAOT|Any CPU.ActiveCfg = Debug|Any CPU
		{B38EBC7A-D967-4BE3-AE22-67C82C6C9B48}.DebugAOT|Any CPU.Build.0 = Debug|Any CPU
		{B38EBC7A-D967-4BE3-AE22-67C82C6C9B48}.DebugAOT|x64.ActiveCfg = Debug|Any CPU
		{B38EBC7A-D967-4BE3-AE22-67C82C6C9B48}.DebugAOT|x64.Build.0 = Debug|Any CPU
		{B38EBC7A-D967-4BE3-AE22-67C82C6C9B48}.DebugAOT|x86.ActiveCfg = Debug|Any CPU
		{B38EBC7A-D967-4BE3-AE22-67C82C6C9B48}.DebugAOT|x86.Build.0 = Debug|Any CPU
		{B38EBC7A-D967-4BE3-AE22-67C82C6C9B48}.Release|Any CPU.ActiveCfg = Release|Any CPU
		{B38EBC7A-D967-4BE3-AE22-67C82C6C9B48}.Release|Any CPU.Build.0 = Release|Any CPU
		{B38EBC7A-D967-4BE3-AE22-67C82C6C9B48}.Release|x64.ActiveCfg = Release|Any CPU
		{B38EBC7A-D967-4BE3-AE22-67C82C6C9B48}.Release|x64.Build.0 = Release|Any CPU
		{B38EBC7A-D967-4BE3-AE22-67C82C6C9B48}.Release|x86.ActiveCfg = Release|Any CPU
		{B38EBC7A-D967-4BE3-AE22-67C82C6C9B48}.Release|x86.Build.0 = Release|Any CPU
		{B38EBC7A-D967-4BE3-AE22-67C82C6C9B48}.ReleaseAOT|Any CPU.ActiveCfg = Release|Any CPU
		{B38EBC7A-D967-4BE3-AE22-67C82C6C9B48}.ReleaseAOT|Any CPU.Build.0 = Release|Any CPU
		{B38EBC7A-D967-4BE3-AE22-67C82C6C9B48}.ReleaseAOT|x64.ActiveCfg = Release|Any CPU
		{B38EBC7A-D967-4BE3-AE22-67C82C6C9B48}.ReleaseAOT|x64.Build.0 = Release|Any CPU
		{B38EBC7A-D967-4BE3-AE22-67C82C6C9B48}.ReleaseAOT|x86.ActiveCfg = Release|Any CPU
		{B38EBC7A-D967-4BE3-AE22-67C82C6C9B48}.ReleaseAOT|x86.Build.0 = Release|Any CPU
		{B38EBC7A-D967-4BE3-AE22-67C82C6C9B48}.RelMDeb|Any CPU.ActiveCfg = Release|Any CPU
		{B38EBC7A-D967-4BE3-AE22-67C82C6C9B48}.RelMDeb|Any CPU.Build.0 = Release|Any CPU
		{B38EBC7A-D967-4BE3-AE22-67C82C6C9B48}.RelMDeb|x64.ActiveCfg = Release|Any CPU
		{B38EBC7A-D967-4BE3-AE22-67C82C6C9B48}.RelMDeb|x64.Build.0 = Release|Any CPU
		{B38EBC7A-D967-4BE3-AE22-67C82C6C9B48}.RelMDeb|x86.ActiveCfg = Release|Any CPU
		{B38EBC7A-D967-4BE3-AE22-67C82C6C9B48}.RelMDeb|x86.Build.0 = Release|Any CPU
		{33939ECF-6C10-4A4F-BBB1-8C63C0DC7559}.Debug|Any CPU.ActiveCfg = Debug|Any CPU
		{33939ECF-6C10-4A4F-BBB1-8C63C0DC7559}.Debug|Any CPU.Build.0 = Debug|Any CPU
		{33939ECF-6C10-4A4F-BBB1-8C63C0DC7559}.Debug|x64.ActiveCfg = Debug|Any CPU
		{33939ECF-6C10-4A4F-BBB1-8C63C0DC7559}.Debug|x64.Build.0 = Debug|Any CPU
		{33939ECF-6C10-4A4F-BBB1-8C63C0DC7559}.Debug|x86.ActiveCfg = Debug|Any CPU
		{33939ECF-6C10-4A4F-BBB1-8C63C0DC7559}.Debug|x86.Build.0 = Debug|Any CPU
		{33939ECF-6C10-4A4F-BBB1-8C63C0DC7559}.DebugAOT|Any CPU.ActiveCfg = Debug|Any CPU
		{33939ECF-6C10-4A4F-BBB1-8C63C0DC7559}.DebugAOT|Any CPU.Build.0 = Debug|Any CPU
		{33939ECF-6C10-4A4F-BBB1-8C63C0DC7559}.DebugAOT|x64.ActiveCfg = Debug|Any CPU
		{33939ECF-6C10-4A4F-BBB1-8C63C0DC7559}.DebugAOT|x64.Build.0 = Debug|Any CPU
		{33939ECF-6C10-4A4F-BBB1-8C63C0DC7559}.DebugAOT|x86.ActiveCfg = Debug|Any CPU
		{33939ECF-6C10-4A4F-BBB1-8C63C0DC7559}.DebugAOT|x86.Build.0 = Debug|Any CPU
		{33939ECF-6C10-4A4F-BBB1-8C63C0DC7559}.Release|Any CPU.ActiveCfg = Release|Any CPU
		{33939ECF-6C10-4A4F-BBB1-8C63C0DC7559}.Release|Any CPU.Build.0 = Release|Any CPU
		{33939ECF-6C10-4A4F-BBB1-8C63C0DC7559}.Release|x64.ActiveCfg = Release|Any CPU
		{33939ECF-6C10-4A4F-BBB1-8C63C0DC7559}.Release|x64.Build.0 = Release|Any CPU
		{33939ECF-6C10-4A4F-BBB1-8C63C0DC7559}.Release|x86.ActiveCfg = Release|Any CPU
		{33939ECF-6C10-4A4F-BBB1-8C63C0DC7559}.Release|x86.Build.0 = Release|Any CPU
		{33939ECF-6C10-4A4F-BBB1-8C63C0DC7559}.ReleaseAOT|Any CPU.ActiveCfg = Release|Any CPU
		{33939ECF-6C10-4A4F-BBB1-8C63C0DC7559}.ReleaseAOT|Any CPU.Build.0 = Release|Any CPU
		{33939ECF-6C10-4A4F-BBB1-8C63C0DC7559}.ReleaseAOT|x64.ActiveCfg = Release|Any CPU
		{33939ECF-6C10-4A4F-BBB1-8C63C0DC7559}.ReleaseAOT|x64.Build.0 = Release|Any CPU
		{33939ECF-6C10-4A4F-BBB1-8C63C0DC7559}.ReleaseAOT|x86.ActiveCfg = Release|Any CPU
		{33939ECF-6C10-4A4F-BBB1-8C63C0DC7559}.ReleaseAOT|x86.Build.0 = Release|Any CPU
		{33939ECF-6C10-4A4F-BBB1-8C63C0DC7559}.RelMDeb|Any CPU.ActiveCfg = Release|Any CPU
		{33939ECF-6C10-4A4F-BBB1-8C63C0DC7559}.RelMDeb|Any CPU.Build.0 = Release|Any CPU
		{33939ECF-6C10-4A4F-BBB1-8C63C0DC7559}.RelMDeb|x64.ActiveCfg = Release|Any CPU
		{33939ECF-6C10-4A4F-BBB1-8C63C0DC7559}.RelMDeb|x64.Build.0 = Release|Any CPU
		{33939ECF-6C10-4A4F-BBB1-8C63C0DC7559}.RelMDeb|x86.ActiveCfg = Release|Any CPU
		{33939ECF-6C10-4A4F-BBB1-8C63C0DC7559}.RelMDeb|x86.Build.0 = Release|Any CPU
		{29AA0C05-EEAF-4D80-B3DD-AF228ACCA4BC}.Debug|Any CPU.ActiveCfg = Debug|Any CPU
		{29AA0C05-EEAF-4D80-B3DD-AF228ACCA4BC}.Debug|Any CPU.Build.0 = Debug|Any CPU
		{29AA0C05-EEAF-4D80-B3DD-AF228ACCA4BC}.Debug|x64.ActiveCfg = Debug|Any CPU
		{29AA0C05-EEAF-4D80-B3DD-AF228ACCA4BC}.Debug|x64.Build.0 = Debug|Any CPU
		{29AA0C05-EEAF-4D80-B3DD-AF228ACCA4BC}.Debug|x86.ActiveCfg = Debug|Any CPU
		{29AA0C05-EEAF-4D80-B3DD-AF228ACCA4BC}.Debug|x86.Build.0 = Debug|Any CPU
		{29AA0C05-EEAF-4D80-B3DD-AF228ACCA4BC}.DebugAOT|Any CPU.ActiveCfg = Debug|Any CPU
		{29AA0C05-EEAF-4D80-B3DD-AF228ACCA4BC}.DebugAOT|Any CPU.Build.0 = Debug|Any CPU
		{29AA0C05-EEAF-4D80-B3DD-AF228ACCA4BC}.DebugAOT|x64.ActiveCfg = Debug|Any CPU
		{29AA0C05-EEAF-4D80-B3DD-AF228ACCA4BC}.DebugAOT|x64.Build.0 = Debug|Any CPU
		{29AA0C05-EEAF-4D80-B3DD-AF228ACCA4BC}.DebugAOT|x86.ActiveCfg = Debug|Any CPU
		{29AA0C05-EEAF-4D80-B3DD-AF228ACCA4BC}.DebugAOT|x86.Build.0 = Debug|Any CPU
		{29AA0C05-EEAF-4D80-B3DD-AF228ACCA4BC}.Release|Any CPU.ActiveCfg = Release|Any CPU
		{29AA0C05-EEAF-4D80-B3DD-AF228ACCA4BC}.Release|Any CPU.Build.0 = Release|Any CPU
		{29AA0C05-EEAF-4D80-B3DD-AF228ACCA4BC}.Release|x64.ActiveCfg = Release|Any CPU
		{29AA0C05-EEAF-4D80-B3DD-AF228ACCA4BC}.Release|x64.Build.0 = Release|Any CPU
		{29AA0C05-EEAF-4D80-B3DD-AF228ACCA4BC}.Release|x86.ActiveCfg = Release|Any CPU
		{29AA0C05-EEAF-4D80-B3DD-AF228ACCA4BC}.Release|x86.Build.0 = Release|Any CPU
		{29AA0C05-EEAF-4D80-B3DD-AF228ACCA4BC}.ReleaseAOT|Any CPU.ActiveCfg = Release|Any CPU
		{29AA0C05-EEAF-4D80-B3DD-AF228ACCA4BC}.ReleaseAOT|Any CPU.Build.0 = Release|Any CPU
		{29AA0C05-EEAF-4D80-B3DD-AF228ACCA4BC}.ReleaseAOT|x64.ActiveCfg = Release|Any CPU
		{29AA0C05-EEAF-4D80-B3DD-AF228ACCA4BC}.ReleaseAOT|x64.Build.0 = Release|Any CPU
		{29AA0C05-EEAF-4D80-B3DD-AF228ACCA4BC}.ReleaseAOT|x86.ActiveCfg = Release|Any CPU
		{29AA0C05-EEAF-4D80-B3DD-AF228ACCA4BC}.ReleaseAOT|x86.Build.0 = Release|Any CPU
		{29AA0C05-EEAF-4D80-B3DD-AF228ACCA4BC}.RelMDeb|Any CPU.ActiveCfg = Release|Any CPU
		{29AA0C05-EEAF-4D80-B3DD-AF228ACCA4BC}.RelMDeb|Any CPU.Build.0 = Release|Any CPU
		{29AA0C05-EEAF-4D80-B3DD-AF228ACCA4BC}.RelMDeb|x64.ActiveCfg = Release|Any CPU
		{29AA0C05-EEAF-4D80-B3DD-AF228ACCA4BC}.RelMDeb|x64.Build.0 = Release|Any CPU
		{29AA0C05-EEAF-4D80-B3DD-AF228ACCA4BC}.RelMDeb|x86.ActiveCfg = Release|Any CPU
		{29AA0C05-EEAF-4D80-B3DD-AF228ACCA4BC}.RelMDeb|x86.Build.0 = Release|Any CPU
		{B80270CA-D7B0-405D-B564-085EB8529E12}.Debug|Any CPU.ActiveCfg = Debug|Any CPU
		{B80270CA-D7B0-405D-B564-085EB8529E12}.Debug|Any CPU.Build.0 = Debug|Any CPU
		{B80270CA-D7B0-405D-B564-085EB8529E12}.Debug|x64.ActiveCfg = Debug|Any CPU
		{B80270CA-D7B0-405D-B564-085EB8529E12}.Debug|x64.Build.0 = Debug|Any CPU
		{B80270CA-D7B0-405D-B564-085EB8529E12}.Debug|x86.ActiveCfg = Debug|Any CPU
		{B80270CA-D7B0-405D-B564-085EB8529E12}.Debug|x86.Build.0 = Debug|Any CPU
		{B80270CA-D7B0-405D-B564-085EB8529E12}.DebugAOT|Any CPU.ActiveCfg = Debug|Any CPU
		{B80270CA-D7B0-405D-B564-085EB8529E12}.DebugAOT|Any CPU.Build.0 = Debug|Any CPU
		{B80270CA-D7B0-405D-B564-085EB8529E12}.DebugAOT|x64.ActiveCfg = Debug|Any CPU
		{B80270CA-D7B0-405D-B564-085EB8529E12}.DebugAOT|x64.Build.0 = Debug|Any CPU
		{B80270CA-D7B0-405D-B564-085EB8529E12}.DebugAOT|x86.ActiveCfg = Debug|Any CPU
		{B80270CA-D7B0-405D-B564-085EB8529E12}.DebugAOT|x86.Build.0 = Debug|Any CPU
		{B80270CA-D7B0-405D-B564-085EB8529E12}.Release|Any CPU.ActiveCfg = Release|Any CPU
		{B80270CA-D7B0-405D-B564-085EB8529E12}.Release|Any CPU.Build.0 = Release|Any CPU
		{B80270CA-D7B0-405D-B564-085EB8529E12}.Release|x64.ActiveCfg = Release|Any CPU
		{B80270CA-D7B0-405D-B564-085EB8529E12}.Release|x64.Build.0 = Release|Any CPU
		{B80270CA-D7B0-405D-B564-085EB8529E12}.Release|x86.ActiveCfg = Release|Any CPU
		{B80270CA-D7B0-405D-B564-085EB8529E12}.Release|x86.Build.0 = Release|Any CPU
		{B80270CA-D7B0-405D-B564-085EB8529E12}.ReleaseAOT|Any CPU.ActiveCfg = Release|Any CPU
		{B80270CA-D7B0-405D-B564-085EB8529E12}.ReleaseAOT|Any CPU.Build.0 = Release|Any CPU
		{B80270CA-D7B0-405D-B564-085EB8529E12}.ReleaseAOT|x64.ActiveCfg = Release|Any CPU
		{B80270CA-D7B0-405D-B564-085EB8529E12}.ReleaseAOT|x64.Build.0 = Release|Any CPU
		{B80270CA-D7B0-405D-B564-085EB8529E12}.ReleaseAOT|x86.ActiveCfg = Release|Any CPU
		{B80270CA-D7B0-405D-B564-085EB8529E12}.ReleaseAOT|x86.Build.0 = Release|Any CPU
		{B80270CA-D7B0-405D-B564-085EB8529E12}.RelMDeb|Any CPU.ActiveCfg = RelMDeb|Any CPU
		{B80270CA-D7B0-405D-B564-085EB8529E12}.RelMDeb|Any CPU.Build.0 = RelMDeb|Any CPU
		{B80270CA-D7B0-405D-B564-085EB8529E12}.RelMDeb|x64.ActiveCfg = Release|Any CPU
		{B80270CA-D7B0-405D-B564-085EB8529E12}.RelMDeb|x64.Build.0 = Release|Any CPU
		{B80270CA-D7B0-405D-B564-085EB8529E12}.RelMDeb|x86.ActiveCfg = RelMDeb|Any CPU
		{B80270CA-D7B0-405D-B564-085EB8529E12}.RelMDeb|x86.Build.0 = RelMDeb|Any CPU
	EndGlobalSection
	GlobalSection(SolutionProperties) = preSolution
		HideSolutionNode = FALSE
	EndGlobalSection
	GlobalSection(NestedProjects) = preSolution
		{6598A7CD-8F27-4D3F-A675-5AE63113A7C3} = {4DF4D5DA-3027-438C-AC3E-F2A16CDEA3E8}
		{5068F53B-8D7B-4AEE-AF54-7428B0E997A3} = {4DF4D5DA-3027-438C-AC3E-F2A16CDEA3E8}
		{8AA60981-92D9-4CBA-AC33-AE71A94C0231} = {EA85E1C1-F4FC-455E-9061-D4D702A976F5}
	EndGlobalSection
	GlobalSection(ExtensibilityGlobals) = postSolution
		SolutionGuid = {810024D2-F1B7-4056-A5FD-2893AF1C3851}
	EndGlobalSection
EndGlobal
