
Microsoft Visual Studio Solution File, Format Version 12.00
# Visual Studio 2013
VisualStudioVersion = 12.0.30723.0
MinimumVisualStudioVersion = 10.0.40219.1
Project("{FAE04EC0-301F-11D3-BF4B-00C04F79EFBC}") = "Engine", "Engine\Engine.csproj", "{57C253F1-157F-4A6A-9FED-345A776B97D5}"
EndProject
Project("{FAE04EC0-301F-11D3-BF4B-00C04F79EFBC}") = "OgrePlugin", "OgrePlugin\OgrePlugin.csproj", "{E9FD5768-32E1-42C7-8256-4D7B97C22A9B}"
EndProject
Project("{FAE04EC0-301F-11D3-BF4B-00C04F79EFBC}") = "ShapeLoader", "ShapeLoader\ShapeLoader.csproj", "{FECE54F4-6796-486F-9617-6D706DDFD0DF}"
EndProject
Project("{FAE04EC0-301F-11D3-BF4B-00C04F79EFBC}") = "BulletWrapperPlugin", "BulletWrapperPlugin\BulletWrapperPlugin.csproj", "{EBA88DC3-837D-45D8-A91A-E291C6AE444E}"
EndProject
Project("{FAE04EC0-301F-11D3-BF4B-00C04F79EFBC}") = "PCPlatformPlugin", "PCPlatformPlugin\PCPlatformPlugin.csproj", "{2D5AB440-5081-4C71-A2C2-9F7E05969EDE}"
EndProject
Project("{FAE04EC0-301F-11D3-BF4B-00C04F79EFBC}") = "MyGUIPlugin", "MyGUIPlugin\MyGUIPlugin.csproj", "{02D4DA85-FD6C-421F-81C3-8F58F790BC81}"
EndProject
Project("{FAE04EC0-301F-11D3-BF4B-00C04F79EFBC}") = "SoundPlugin", "SoundPlugin\SoundPlugin.csproj", "{CCAEFE0A-AD1F-42E8-88DA-5A685CC7C73D}"
EndProject
Project("{FAE04EC0-301F-11D3-BF4B-00C04F79EFBC}") = "BulletWrapper", "BulletWrapper\OSX\BulletWrapper.csproj", "{D8592C64-2FB3-422B-A7B0-F0C62D728221}"
EndProject
Project("{FAE04EC0-301F-11D3-BF4B-00C04F79EFBC}") = "MyGUIWrapper", "MyGUIWrapper\OSX\MyGUIWrapper.csproj", "{2FCF1010-CCD8-43D3-95F5-5E4DE83342AA}"
EndProject
Project("{FAE04EC0-301F-11D3-BF4B-00C04F79EFBC}") = "OgreCWrapper", "OgreCWrapper\OSX\OgreCWrapper.csproj", "{A9112934-B2B5-4C51-AC80-C476EB799B83}"
EndProject
Project("{FAE04EC0-301F-11D3-BF4B-00C04F79EFBC}") = "SoundWrapper", "SoundWrapper\OSX\SoundWrapper.csproj", "{6C6C94D3-6DF3-443D-8745-3800238E0D8F}"
EndProject
Project("{FAE04EC0-301F-11D3-BF4B-00C04F79EFBC}") = "Zip", "Zip\OSX\Zip.csproj", "{EC2D6D73-B418-48A7-AF42-A464D391BC5A}"
EndProject
Project("{FAE04EC0-301F-11D3-BF4B-00C04F79EFBC}") = "libRocketWrapper", "libRocketWrapper\OSX\libRocketWrapper\libRocketWrapper.csproj", "{5FD95DFB-D565-46F1-B813-0E8C9C191B3A}"
EndProject
Project("{FAE04EC0-301F-11D3-BF4B-00C04F79EFBC}") = "libRocketPlugin", "libRocketPlugin\libRocketPlugin.csproj", "{A221C2F5-2089-495B-B51A-54710507344A}"
EndProject
Project("{FAE04EC0-301F-11D3-BF4B-00C04F79EFBC}") = "BEPUikPlugin", "BEPUikPlugin\BEPUikPlugin.csproj", "{39F1AB5F-F0B1-45FD-AD66-9C03AF1F022E}"
EndProject
Project("{FAE04EC0-301F-11D3-BF4B-00C04F79EFBC}") = "OSHelper", "OSHelper\OSX\OSHelper.csproj", "{26885145-36F7-4110-9E8A-1C3249D102AA}"
EndProject
Project("{FAE04EC0-301F-11D3-BF4B-00C04F79EFBC}") = "GuiFramework", "GuiFramework\GuiFramework.csproj", "{FC299A06-61BD-4562-A315-0F0BE454925A}"
EndProject
Project("{FAE04EC0-301F-11D3-BF4B-00C04F79EFBC}") = "OSPlatform", "OSPlatform\OSPlatform.csproj", "{6E594C78-9CD8-432D-A135-11C4A72F3BCF}"
EndProject
Global
	GlobalSection(SolutionConfigurationPlatforms) = preSolution
		Debug|Any CPU = Debug|Any CPU
		Release|Any CPU = Release|Any CPU
	EndGlobalSection
	GlobalSection(ProjectConfigurationPlatforms) = postSolution
		{57C253F1-157F-4A6A-9FED-345A776B97D5}.Debug|Any CPU.ActiveCfg = Debug|Any CPU
		{57C253F1-157F-4A6A-9FED-345A776B97D5}.Debug|Any CPU.Build.0 = Debug|Any CPU
		{57C253F1-157F-4A6A-9FED-345A776B97D5}.Release|Any CPU.ActiveCfg = Release|Any CPU
		{57C253F1-157F-4A6A-9FED-345A776B97D5}.Release|Any CPU.Build.0 = Release|Any CPU
		{E9FD5768-32E1-42C7-8256-4D7B97C22A9B}.Debug|Any CPU.ActiveCfg = Debug|Any CPU
		{E9FD5768-32E1-42C7-8256-4D7B97C22A9B}.Debug|Any CPU.Build.0 = Debug|Any CPU
		{E9FD5768-32E1-42C7-8256-4D7B97C22A9B}.Release|Any CPU.ActiveCfg = Release|Any CPU
		{E9FD5768-32E1-42C7-8256-4D7B97C22A9B}.Release|Any CPU.Build.0 = Release|Any CPU
		{FECE54F4-6796-486F-9617-6D706DDFD0DF}.Debug|Any CPU.ActiveCfg = Debug|Any CPU
		{FECE54F4-6796-486F-9617-6D706DDFD0DF}.Debug|Any CPU.Build.0 = Debug|Any CPU
		{FECE54F4-6796-486F-9617-6D706DDFD0DF}.Release|Any CPU.ActiveCfg = Release|Any CPU
		{FECE54F4-6796-486F-9617-6D706DDFD0DF}.Release|Any CPU.Build.0 = Release|Any CPU
		{EBA88DC3-837D-45D8-A91A-E291C6AE444E}.Debug|Any CPU.ActiveCfg = Debug|Any CPU
		{EBA88DC3-837D-45D8-A91A-E291C6AE444E}.Debug|Any CPU.Build.0 = Debug|Any CPU
		{EBA88DC3-837D-45D8-A91A-E291C6AE444E}.Release|Any CPU.ActiveCfg = Release|Any CPU
		{EBA88DC3-837D-45D8-A91A-E291C6AE444E}.Release|Any CPU.Build.0 = Release|Any CPU
		{2D5AB440-5081-4C71-A2C2-9F7E05969EDE}.Debug|Any CPU.ActiveCfg = Debug|Any CPU
		{2D5AB440-5081-4C71-A2C2-9F7E05969EDE}.Debug|Any CPU.Build.0 = Debug|Any CPU
		{2D5AB440-5081-4C71-A2C2-9F7E05969EDE}.Release|Any CPU.ActiveCfg = Release|Any CPU
		{2D5AB440-5081-4C71-A2C2-9F7E05969EDE}.Release|Any CPU.Build.0 = Release|Any CPU
		{02D4DA85-FD6C-421F-81C3-8F58F790BC81}.Debug|Any CPU.ActiveCfg = Debug|Any CPU
		{02D4DA85-FD6C-421F-81C3-8F58F790BC81}.Debug|Any CPU.Build.0 = Debug|Any CPU
		{02D4DA85-FD6C-421F-81C3-8F58F790BC81}.Release|Any CPU.ActiveCfg = Release|Any CPU
		{02D4DA85-FD6C-421F-81C3-8F58F790BC81}.Release|Any CPU.Build.0 = Release|Any CPU
		{CCAEFE0A-AD1F-42E8-88DA-5A685CC7C73D}.Debug|Any CPU.ActiveCfg = Debug|Any CPU
		{CCAEFE0A-AD1F-42E8-88DA-5A685CC7C73D}.Debug|Any CPU.Build.0 = Debug|Any CPU
		{CCAEFE0A-AD1F-42E8-88DA-5A685CC7C73D}.Release|Any CPU.ActiveCfg = Release|Any CPU
		{CCAEFE0A-AD1F-42E8-88DA-5A685CC7C73D}.Release|Any CPU.Build.0 = Release|Any CPU
		{D8592C64-2FB3-422B-A7B0-F0C62D728221}.Debug|Any CPU.ActiveCfg = Debug|Any CPU
		{D8592C64-2FB3-422B-A7B0-F0C62D728221}.Debug|Any CPU.Build.0 = Debug|Any CPU
		{D8592C64-2FB3-422B-A7B0-F0C62D728221}.Release|Any CPU.ActiveCfg = Release|Any CPU
		{D8592C64-2FB3-422B-A7B0-F0C62D728221}.Release|Any CPU.Build.0 = Release|Any CPU
		{2FCF1010-CCD8-43D3-95F5-5E4DE83342AA}.Debug|Any CPU.ActiveCfg = Debug|Any CPU
		{2FCF1010-CCD8-43D3-95F5-5E4DE83342AA}.Debug|Any CPU.Build.0 = Debug|Any CPU
		{2FCF1010-CCD8-43D3-95F5-5E4DE83342AA}.Release|Any CPU.ActiveCfg = Release|Any CPU
		{2FCF1010-CCD8-43D3-95F5-5E4DE83342AA}.Release|Any CPU.Build.0 = Release|Any CPU
		{A9112934-B2B5-4C51-AC80-C476EB799B83}.Debug|Any CPU.ActiveCfg = Debug|Any CPU
		{A9112934-B2B5-4C51-AC80-C476EB799B83}.Debug|Any CPU.Build.0 = Debug|Any CPU
		{A9112934-B2B5-4C51-AC80-C476EB799B83}.Release|Any CPU.ActiveCfg = Release|Any CPU
		{A9112934-B2B5-4C51-AC80-C476EB799B83}.Release|Any CPU.Build.0 = Release|Any CPU
		{6C6C94D3-6DF3-443D-8745-3800238E0D8F}.Debug|Any CPU.ActiveCfg = Debug|Any CPU
		{6C6C94D3-6DF3-443D-8745-3800238E0D8F}.Debug|Any CPU.Build.0 = Debug|Any CPU
		{6C6C94D3-6DF3-443D-8745-3800238E0D8F}.Release|Any CPU.ActiveCfg = Release|Any CPU
		{6C6C94D3-6DF3-443D-8745-3800238E0D8F}.Release|Any CPU.Build.0 = Release|Any CPU
		{EC2D6D73-B418-48A7-AF42-A464D391BC5A}.Debug|Any CPU.ActiveCfg = Debug|Any CPU
		{EC2D6D73-B418-48A7-AF42-A464D391BC5A}.Debug|Any CPU.Build.0 = Debug|Any CPU
		{EC2D6D73-B418-48A7-AF42-A464D391BC5A}.Release|Any CPU.ActiveCfg = Release|Any CPU
		{EC2D6D73-B418-48A7-AF42-A464D391BC5A}.Release|Any CPU.Build.0 = Release|Any CPU
		{5FD95DFB-D565-46F1-B813-0E8C9C191B3A}.Debug|Any CPU.ActiveCfg = Debug|Any CPU
		{5FD95DFB-D565-46F1-B813-0E8C9C191B3A}.Debug|Any CPU.Build.0 = Debug|Any CPU
		{5FD95DFB-D565-46F1-B813-0E8C9C191B3A}.Release|Any CPU.ActiveCfg = Release|Any CPU
		{5FD95DFB-D565-46F1-B813-0E8C9C191B3A}.Release|Any CPU.Build.0 = Release|Any CPU
		{A221C2F5-2089-495B-B51A-54710507344A}.Debug|Any CPU.ActiveCfg = Debug|Any CPU
		{A221C2F5-2089-495B-B51A-54710507344A}.Debug|Any CPU.Build.0 = Debug|Any CPU
		{A221C2F5-2089-495B-B51A-54710507344A}.Release|Any CPU.ActiveCfg = Release|Any CPU
		{A221C2F5-2089-495B-B51A-54710507344A}.Release|Any CPU.Build.0 = Release|Any CPU
		{39F1AB5F-F0B1-45FD-AD66-9C03AF1F022E}.Debug|Any CPU.ActiveCfg = Debug|Any CPU
		{39F1AB5F-F0B1-45FD-AD66-9C03AF1F022E}.Debug|Any CPU.Build.0 = Debug|Any CPU
		{39F1AB5F-F0B1-45FD-AD66-9C03AF1F022E}.Release|Any CPU.ActiveCfg = Release|Any CPU
		{39F1AB5F-F0B1-45FD-AD66-9C03AF1F022E}.Release|Any CPU.Build.0 = Release|Any CPU
		{26885145-36F7-4110-9E8A-1C3249D102AA}.Debug|Any CPU.ActiveCfg = Debug|Any CPU
		{26885145-36F7-4110-9E8A-1C3249D102AA}.Debug|Any CPU.Build.0 = Debug|Any CPU
		{26885145-36F7-4110-9E8A-1C3249D102AA}.Release|Any CPU.ActiveCfg = Release|Any CPU
		{26885145-36F7-4110-9E8A-1C3249D102AA}.Release|Any CPU.Build.0 = Release|Any CPU
		{FC299A06-61BD-4562-A315-0F0BE454925A}.Debug|Any CPU.ActiveCfg = Debug|Any CPU
		{FC299A06-61BD-4562-A315-0F0BE454925A}.Debug|Any CPU.Build.0 = Debug|Any CPU
		{FC299A06-61BD-4562-A315-0F0BE454925A}.Release|Any CPU.ActiveCfg = Release|Any CPU
		{FC299A06-61BD-4562-A315-0F0BE454925A}.Release|Any CPU.Build.0 = Release|Any CPU
		{6E594C78-9CD8-432D-A135-11C4A72F3BCF}.Debug|Any CPU.ActiveCfg = Debug|Any CPU
		{6E594C78-9CD8-432D-A135-11C4A72F3BCF}.Debug|Any CPU.Build.0 = Debug|Any CPU
		{6E594C78-9CD8-432D-A135-11C4A72F3BCF}.Release|Any CPU.ActiveCfg = Release|Any CPU
		{6E594C78-9CD8-432D-A135-11C4A72F3BCF}.Release|Any CPU.Build.0 = Release|Any CPU
	EndGlobalSection
	GlobalSection(SolutionProperties) = preSolution
		HideSolutionNode = FALSE
	EndGlobalSection
	GlobalSection(MonoDevelopProperties) = preSolution
		StartupItem = Engine\Engine.csproj
	EndGlobalSection
EndGlobal
