<?xml version="1.0" encoding="utf-8"?>
<Project ToolsVersion="4.0" xmlns="http://schemas.microsoft.com/developer/msbuild/2003">
  <ItemGroup>
    <Filter Include="Include">
      <UniqueIdentifier>{c527d0a8-7c5d-4f3a-b464-3ebff9502a6c}</UniqueIdentifier>
    </Filter>
    <Filter Include="Src">
      <UniqueIdentifier>{f547fc1b-0ea2-4c1b-9755-61466277ea28}</UniqueIdentifier>
    </Filter>
  </ItemGroup>
  <ItemGroup>
    <ClInclude Include="..\Include\CommonResources.h">
      <Filter>Include</Filter>
    </ClInclude>
    <ClInclude Include="..\Include\ElementListIter.h">
      <Filter>Include</Filter>
    </ClInclude>
    <ClInclude Include="..\Include\ManagedSystemInterface.h">
      <Filter>Include</Filter>
    </ClInclude>
    <ClInclude Include="..\Include\RenderInterfaceOgre3D.h">
      <Filter>Include</Filter>
    </ClInclude>
    <ClInclude Include="..\StdAfx.h">
      <Filter>Include</Filter>
    </ClInclude>
  </ItemGroup>
  <ItemGroup>
    <ClCompile Include="..\StdAfx.cpp">
      <Filter>Src</Filter>
    </ClCompile>
    <ClCompile Include="..\Src\Context.cpp">
      <Filter>Src</Filter>
    </ClCompile>
    <ClCompile Include="..\Src\Controls.cpp">
      <Filter>Src</Filter>
    </ClCompile>
    <ClCompile Include="..\Src\Core.cpp">
      <Filter>Src</Filter>
    </ClCompile>
    <ClCompile Include="..\Src\Debugger.cpp">
      <Filter>Src</Filter>
    </ClCompile>
    <ClCompile Include="..\Src\Dictionary.cpp">
      <Filter>Src</Filter>
    </ClCompile>
    <ClCompile Include="..\Src\Element.cpp">
      <Filter>Src</Filter>
    </ClCompile>
    <ClCompile Include="..\Src\ElementDocument.cpp">
      <Filter>Src</Filter>
    </ClCompile>
    <ClCompile Include="..\Src\ElementFormControl.cpp">
      <Filter>Src</Filter>
    </ClCompile>
    <ClCompile Include="..\Src\ElementListIter.cpp">
      <Filter>Src</Filter>
    </ClCompile>
    <ClCompile Include="..\Src\ElementManager.cpp">
      <Filter>Src</Filter>
    </ClCompile>
    <ClCompile Include="..\Src\Event.cpp">
      <Filter>Src</Filter>
    </ClCompile>
    <ClCompile Include="..\Src\Factory.cpp">
      <Filter>Src</Filter>
    </ClCompile>
    <ClCompile Include="..\Src\FontDatabase.cpp">
      <Filter>Src</Filter>
    </ClCompile>
    <ClCompile Include="..\Src\ManagedEventInstancer.cpp">
      <Filter>Src</Filter>
    </ClCompile>
    <ClCompile Include="..\Src\ManagedEventListener.cpp">
      <Filter>Src</Filter>
    </ClCompile>
    <ClCompile Include="..\Src\ManagedEventListenerInstancer.cpp">
      <Filter>Src</Filter>
    </ClCompile>
    <ClCompile Include="..\Src\ManagedFileInterface.cpp">
      <Filter>Src</Filter>
    </ClCompile>
    <ClCompile Include="..\Src\ManagedSystemInterface.cpp">
      <Filter>Src</Filter>
    </ClCompile>
    <ClCompile Include="..\Src\ReferenceCountable.cpp">
      <Filter>Src</Filter>
    </ClCompile>
    <ClCompile Include="..\Src\RenderInterfaceOgre3D.cpp">
      <Filter>Src</Filter>
    </ClCompile>
    <ClCompile Include="..\Src\Template.cpp">
      <Filter>Src</Filter>
    </ClCompile>
    <ClCompile Include="..\Src\TemplateCache.cpp">
      <Filter>Src</Filter>
    </ClCompile>
    <ClCompile Include="..\Src\TextureDatabase.cpp">
      <Filter>Src</Filter>
    </ClCompile>
    <ClCompile Include="..\Src\Variant.cpp">
      <Filter>Src</Filter>
    </ClCompile>
  </ItemGroup>
</Project>