// !$*UTF8*$!
{
	archiveVersion = 1;
	classes = {
	};
	objectVersion = 45;
	objects = {

/* Begin PBXBuildFile section */
		01041D3A1549C7AF006F49FD /* ElementManager.cpp in Sources */ = {isa = PBXBuildFile; fileRef = 01041D391549C7AF006F49FD /* ElementManager.cpp */; };
		011DEAFD15E5711B00D1443B /* ElementListIter.cpp in Sources */ = {isa = PBXBuildFile; fileRef = 011DEAFB15E5711B00D1443B /* ElementListIter.cpp */; };
		011DEAFE15E5711B00D1443B /* ElementFormControl.cpp in Sources */ = {isa = PBXBuildFile; fileRef = 011DEAFC15E5711B00D1443B /* ElementFormControl.cpp */; };
		011DEB0015E5712800D1443B /* ElementListIter.h in Headers */ = {isa = PBXBuildFile; fileRef = 011DEAFF15E5712800D1443B /* ElementListIter.h */; };
		0124874215498A1D001D41C3 /* StdAfx.h in Headers */ = {isa = PBXBuildFile; fileRef = 0124874015498A1D001D41C3 /* StdAfx.h */; };
		0124874315498A1D001D41C3 /* StdAfx.cpp in Sources */ = {isa = PBXBuildFile; fileRef = 0124874115498A1D001D41C3 /* StdAfx.cpp */; };
		0124875615498A42001D41C3 /* Context.cpp in Sources */ = {isa = PBXBuildFile; fileRef = 0124874515498A42001D41C3 /* Context.cpp */; };
		0124875715498A42001D41C3 /* Controls.cpp in Sources */ = {isa = PBXBuildFile; fileRef = 0124874615498A42001D41C3 /* Controls.cpp */; };
		0124875815498A42001D41C3 /* Core.cpp in Sources */ = {isa = PBXBuildFile; fileRef = 0124874715498A42001D41C3 /* Core.cpp */; };
		0124875915498A42001D41C3 /* Debugger.cpp in Sources */ = {isa = PBXBuildFile; fileRef = 0124874815498A42001D41C3 /* Debugger.cpp */; };
		0124875A15498A42001D41C3 /* Dictionary.cpp in Sources */ = {isa = PBXBuildFile; fileRef = 0124874915498A42001D41C3 /* Dictionary.cpp */; };
		0124875B15498A42001D41C3 /* ElementDocument.cpp in Sources */ = {isa = PBXBuildFile; fileRef = 0124874A15498A42001D41C3 /* ElementDocument.cpp */; };
		0124875C15498A42001D41C3 /* Event.cpp in Sources */ = {isa = PBXBuildFile; fileRef = 0124874B15498A42001D41C3 /* Event.cpp */; };
		0124875D15498A42001D41C3 /* Factory.cpp in Sources */ = {isa = PBXBuildFile; fileRef = 0124874C15498A42001D41C3 /* Factory.cpp */; };
		0124875E15498A42001D41C3 /* FontDatabase.cpp in Sources */ = {isa = PBXBuildFile; fileRef = 0124874D15498A42001D41C3 /* FontDatabase.cpp */; };
		0124875F15498A42001D41C3 /* ManagedEventInstancer.cpp in Sources */ = {isa = PBXBuildFile; fileRef = 0124874E15498A42001D41C3 /* ManagedEventInstancer.cpp */; };
		0124876015498A42001D41C3 /* ManagedEventListener.cpp in Sources */ = {isa = PBXBuildFile; fileRef = 0124874F15498A42001D41C3 /* ManagedEventListener.cpp */; };
		0124876115498A42001D41C3 /* ManagedEventListenerInstancer.cpp in Sources */ = {isa = PBXBuildFile; fileRef = 0124875015498A42001D41C3 /* ManagedEventListenerInstancer.cpp */; };
		0124876215498A42001D41C3 /* ManagedFileInterface.cpp in Sources */ = {isa = PBXBuildFile; fileRef = 0124875115498A42001D41C3 /* ManagedFileInterface.cpp */; };
		0124876315498A42001D41C3 /* ManagedSystemInterface.cpp in Sources */ = {isa = PBXBuildFile; fileRef = 0124875215498A42001D41C3 /* ManagedSystemInterface.cpp */; };
		0124876415498A42001D41C3 /* ReferenceCountable.cpp in Sources */ = {isa = PBXBuildFile; fileRef = 0124875315498A42001D41C3 /* ReferenceCountable.cpp */; };
		0124876515498A42001D41C3 /* RenderInterfaceOgre3D.cpp in Sources */ = {isa = PBXBuildFile; fileRef = 0124875415498A42001D41C3 /* RenderInterfaceOgre3D.cpp */; };
		0124876615498A42001D41C3 /* Variant.cpp in Sources */ = {isa = PBXBuildFile; fileRef = 0124875515498A42001D41C3 /* Variant.cpp */; };
		0124876A15498A4E001D41C3 /* ManagedSystemInterface.h in Headers */ = {isa = PBXBuildFile; fileRef = 0124876815498A4E001D41C3 /* ManagedSystemInterface.h */; };
		0124876B15498A4E001D41C3 /* RenderInterfaceOgre3D.h in Headers */ = {isa = PBXBuildFile; fileRef = 0124876915498A4E001D41C3 /* RenderInterfaceOgre3D.h */; };
		014BB48718D0B41E00B77623 /* libfreetype.a in Frameworks */ = {isa = PBXBuildFile; fileRef = 014BB48618D0B41E00B77623 /* libfreetype.a */; };
		014BB48918D0B42900B77623 /* Ogre.framework in Frameworks */ = {isa = PBXBuildFile; fileRef = 014BB48818D0B42900B77623 /* Ogre.framework */; };
		014BB48D18D0B43800B77623 /* libRocketControls.a in Frameworks */ = {isa = PBXBuildFile; fileRef = 014BB48A18D0B43800B77623 /* libRocketControls.a */; };
		014BB48E18D0B43800B77623 /* libRocketCore.a in Frameworks */ = {isa = PBXBuildFile; fileRef = 014BB48B18D0B43800B77623 /* libRocketCore.a */; };
		014BB48F18D0B43800B77623 /* libRocketDebugger.a in Frameworks */ = {isa = PBXBuildFile; fileRef = 014BB48C18D0B43800B77623 /* libRocketDebugger.a */; };
		0181126C15506D7700056F5F /* TextureDatabase.cpp in Sources */ = {isa = PBXBuildFile; fileRef = 0181126B15506D7700056F5F /* TextureDatabase.cpp */; };
		0194792715B4826600FBD21C /* TemplateCache.cpp in Sources */ = {isa = PBXBuildFile; fileRef = 0194792515B4826600FBD21C /* TemplateCache.cpp */; };
		0194792815B4826600FBD21C /* Template.cpp in Sources */ = {isa = PBXBuildFile; fileRef = 0194792615B4826600FBD21C /* Template.cpp */; };
		0195A86716A0A1C300FD0022 /* CommonResources.h in Headers */ = {isa = PBXBuildFile; fileRef = 0195A86616A0A1C300FD0022 /* CommonResources.h */; };
		01A4FA4E15501D610075EFD1 /* Element.cpp in Sources */ = {isa = PBXBuildFile; fileRef = 01A4FA4D15501D610075EFD1 /* Element.cpp */; };
/* End PBXBuildFile section */

/* Begin PBXFileReference section */
		01041D391549C7AF006F49FD /* ElementManager.cpp */ = {isa = PBXFileReference; fileEncoding = 4; lastKnownFileType = sourcecode.cpp.cpp; path = ElementManager.cpp; sourceTree = "<group>"; };
		011DEAFB15E5711B00D1443B /* ElementListIter.cpp */ = {isa = PBXFileReference; fileEncoding = 4; lastKnownFileType = sourcecode.cpp.cpp; path = ElementListIter.cpp; sourceTree = "<group>"; };
		011DEAFC15E5711B00D1443B /* ElementFormControl.cpp */ = {isa = PBXFileReference; fileEncoding = 4; lastKnownFileType = sourcecode.cpp.cpp; path = ElementFormControl.cpp; sourceTree = "<group>"; };
		011DEAFF15E5712800D1443B /* ElementListIter.h */ = {isa = PBXFileReference; fileEncoding = 4; lastKnownFileType = sourcecode.c.h; path = ElementListIter.h; sourceTree = "<group>"; };
		0124873B15498961001D41C3 /* libRocketWrapper.dylib */ = {isa = PBXFileReference; explicitFileType = "compiled.mach-o.dylib"; includeInIndex = 0; path = libRocketWrapper.dylib; sourceTree = BUILT_PRODUCTS_DIR; };
		0124874015498A1D001D41C3 /* StdAfx.h */ = {isa = PBXFileReference; fileEncoding = 4; lastKnownFileType = sourcecode.c.h; name = StdAfx.h; path = ../../StdAfx.h; sourceTree = SOURCE_ROOT; };
		0124874115498A1D001D41C3 /* StdAfx.cpp */ = {isa = PBXFileReference; fileEncoding = 4; lastKnownFileType = sourcecode.cpp.cpp; name = StdAfx.cpp; path = ../../StdAfx.cpp; sourceTree = SOURCE_ROOT; };
		0124874515498A42001D41C3 /* Context.cpp */ = {isa = PBXFileReference; fileEncoding = 4; lastKnownFileType = sourcecode.cpp.cpp; path = Context.cpp; sourceTree = "<group>"; };
		0124874615498A42001D41C3 /* Controls.cpp */ = {isa = PBXFileReference; fileEncoding = 4; lastKnownFileType = sourcecode.cpp.cpp; path = Controls.cpp; sourceTree = "<group>"; };
		0124874715498A42001D41C3 /* Core.cpp */ = {isa = PBXFileReference; fileEncoding = 4; lastKnownFileType = sourcecode.cpp.cpp; path = Core.cpp; sourceTree = "<group>"; };
		0124874815498A42001D41C3 /* Debugger.cpp */ = {isa = PBXFileReference; fileEncoding = 4; lastKnownFileType = sourcecode.cpp.cpp; path = Debugger.cpp; sourceTree = "<group>"; };
		0124874915498A42001D41C3 /* Dictionary.cpp */ = {isa = PBXFileReference; fileEncoding = 4; lastKnownFileType = sourcecode.cpp.cpp; path = Dictionary.cpp; sourceTree = "<group>"; };
		0124874A15498A42001D41C3 /* ElementDocument.cpp */ = {isa = PBXFileReference; fileEncoding = 4; lastKnownFileType = sourcecode.cpp.cpp; path = ElementDocument.cpp; sourceTree = "<group>"; };
		0124874B15498A42001D41C3 /* Event.cpp */ = {isa = PBXFileReference; fileEncoding = 4; lastKnownFileType = sourcecode.cpp.cpp; path = Event.cpp; sourceTree = "<group>"; };
		0124874C15498A42001D41C3 /* Factory.cpp */ = {isa = PBXFileReference; fileEncoding = 4; lastKnownFileType = sourcecode.cpp.cpp; path = Factory.cpp; sourceTree = "<group>"; };
		0124874D15498A42001D41C3 /* FontDatabase.cpp */ = {isa = PBXFileReference; fileEncoding = 4; lastKnownFileType = sourcecode.cpp.cpp; path = FontDatabase.cpp; sourceTree = "<group>"; };
		0124874E15498A42001D41C3 /* ManagedEventInstancer.cpp */ = {isa = PBXFileReference; fileEncoding = 4; lastKnownFileType = sourcecode.cpp.cpp; path = ManagedEventInstancer.cpp; sourceTree = "<group>"; };
		0124874F15498A42001D41C3 /* ManagedEventListener.cpp */ = {isa = PBXFileReference; fileEncoding = 4; lastKnownFileType = sourcecode.cpp.cpp; path = ManagedEventListener.cpp; sourceTree = "<group>"; };
		0124875015498A42001D41C3 /* ManagedEventListenerInstancer.cpp */ = {isa = PBXFileReference; fileEncoding = 4; lastKnownFileType = sourcecode.cpp.cpp; path = ManagedEventListenerInstancer.cpp; sourceTree = "<group>"; };
		0124875115498A42001D41C3 /* ManagedFileInterface.cpp */ = {isa = PBXFileReference; fileEncoding = 4; lastKnownFileType = sourcecode.cpp.cpp; path = ManagedFileInterface.cpp; sourceTree = "<group>"; };
		0124875215498A42001D41C3 /* ManagedSystemInterface.cpp */ = {isa = PBXFileReference; fileEncoding = 4; lastKnownFileType = sourcecode.cpp.cpp; path = ManagedSystemInterface.cpp; sourceTree = "<group>"; };
		0124875315498A42001D41C3 /* ReferenceCountable.cpp */ = {isa = PBXFileReference; fileEncoding = 4; lastKnownFileType = sourcecode.cpp.cpp; path = ReferenceCountable.cpp; sourceTree = "<group>"; };
		0124875415498A42001D41C3 /* RenderInterfaceOgre3D.cpp */ = {isa = PBXFileReference; fileEncoding = 4; lastKnownFileType = sourcecode.cpp.cpp; path = RenderInterfaceOgre3D.cpp; sourceTree = "<group>"; };
		0124875515498A42001D41C3 /* Variant.cpp */ = {isa = PBXFileReference; fileEncoding = 4; lastKnownFileType = sourcecode.cpp.cpp; path = Variant.cpp; sourceTree = "<group>"; };
		0124876815498A4E001D41C3 /* ManagedSystemInterface.h */ = {isa = PBXFileReference; fileEncoding = 4; lastKnownFileType = sourcecode.c.h; path = ManagedSystemInterface.h; sourceTree = "<group>"; };
		0124876915498A4E001D41C3 /* RenderInterfaceOgre3D.h */ = {isa = PBXFileReference; fileEncoding = 4; lastKnownFileType = sourcecode.c.h; path = RenderInterfaceOgre3D.h; sourceTree = "<group>"; };
		014BB48618D0B41E00B77623 /* libfreetype.a */ = {isa = PBXFileReference; lastKnownFileType = archive.ar; name = libfreetype.a; path = ../../../../Dependencies/Ogre/OSX/Dependencies/lib/libfreetype.a; sourceTree = "<group>"; };
		014BB48818D0B42900B77623 /* Ogre.framework */ = {isa = PBXFileReference; lastKnownFileType = wrapper.framework; name = Ogre.framework; path = ../../../../Dependencies/Ogre/OSX/Build/lib/macosx/Release/Ogre.framework; sourceTree = "<group>"; };
		014BB48A18D0B43800B77623 /* libRocketControls.a */ = {isa = PBXFileReference; lastKnownFileType = archive.ar; name = libRocketControls.a; path = ../../../../Dependencies/libRocket/OSXBuild/Release/libRocketControls.a; sourceTree = "<group>"; };
		014BB48B18D0B43800B77623 /* libRocketCore.a */ = {isa = PBXFileReference; lastKnownFileType = archive.ar; name = libRocketCore.a; path = ../../../../Dependencies/libRocket/OSXBuild/Release/libRocketCore.a; sourceTree = "<group>"; };
		014BB48C18D0B43800B77623 /* libRocketDebugger.a */ = {isa = PBXFileReference; lastKnownFileType = archive.ar; name = libRocketDebugger.a; path = ../../../../Dependencies/libRocket/OSXBuild/Release/libRocketDebugger.a; sourceTree = "<group>"; };
		0181126B15506D7700056F5F /* TextureDatabase.cpp */ = {isa = PBXFileReference; fileEncoding = 4; lastKnownFileType = sourcecode.cpp.cpp; path = TextureDatabase.cpp; sourceTree = "<group>"; };
		0194792515B4826600FBD21C /* TemplateCache.cpp */ = {isa = PBXFileReference; fileEncoding = 4; lastKnownFileType = sourcecode.cpp.cpp; path = TemplateCache.cpp; sourceTree = "<group>"; };
		0194792615B4826600FBD21C /* Template.cpp */ = {isa = PBXFileReference; fileEncoding = 4; lastKnownFileType = sourcecode.cpp.cpp; path = Template.cpp; sourceTree = "<group>"; };
		0195A86616A0A1C300FD0022 /* CommonResources.h */ = {isa = PBXFileReference; fileEncoding = 4; lastKnownFileType = sourcecode.c.h; path = CommonResources.h; sourceTree = "<group>"; };
		01A4FA4D15501D610075EFD1 /* Element.cpp */ = {isa = PBXFileReference; fileEncoding = 4; lastKnownFileType = sourcecode.cpp.cpp; path = Element.cpp; sourceTree = "<group>"; };
		32BAE0B70371A74B00C91783 /* libRocketWrapper_Prefix.pch */ = {isa = PBXFileReference; fileEncoding = 4; lastKnownFileType = sourcecode.c.h; path = libRocketWrapper_Prefix.pch; sourceTree = "<group>"; };
		50149BD909E781A5002DEE6A /* libRocketWrapper.h */ = {isa = PBXFileReference; fileEncoding = 4; lastKnownFileType = sourcecode.c.h; path = libRocketWrapper.h; sourceTree = "<group>"; };
		5073E0C409E734A800EC74B6 /* libRocketWrapper.cp */ = {isa = PBXFileReference; fileEncoding = 30; lastKnownFileType = sourcecode.cpp.cpp; path = libRocketWrapper.cp; sourceTree = "<group>"; };
		5073E0C609E734A800EC74B6 /* libRocketWrapperProj.xcconfig */ = {isa = PBXFileReference; fileEncoding = 30; lastKnownFileType = text.xcconfig; path = libRocketWrapperProj.xcconfig; sourceTree = "<group>"; };
		5073E0C709E734A800EC74B6 /* libRocketWrapperTarget.xcconfig */ = {isa = PBXFileReference; fileEncoding = 30; lastKnownFileType = text.xcconfig; path = libRocketWrapperTarget.xcconfig; sourceTree = "<group>"; };
		50B2938909F016FC00694E55 /* libRocketWrapperPriv.h */ = {isa = PBXFileReference; fileEncoding = 4; lastKnownFileType = sourcecode.c.h; path = libRocketWrapperPriv.h; sourceTree = "<group>"; };
/* End PBXFileReference section */

/* Begin PBXFrameworksBuildPhase section */
		0124873915498961001D41C3 /* Frameworks */ = {
			isa = PBXFrameworksBuildPhase;
			buildActionMask = 2147483647;
			files = (
				014BB48718D0B41E00B77623 /* libfreetype.a in Frameworks */,
				014BB48F18D0B43800B77623 /* libRocketDebugger.a in Frameworks */,
				014BB48D18D0B43800B77623 /* libRocketControls.a in Frameworks */,
				014BB48E18D0B43800B77623 /* libRocketCore.a in Frameworks */,
				014BB48918D0B42900B77623 /* Ogre.framework in Frameworks */,
			);
			runOnlyForDeploymentPostprocessing = 0;
		};
/* End PBXFrameworksBuildPhase section */

/* Begin PBXGroup section */
		0124873E1549898A001D41C3 /* libRocketWrapper */ = {
			isa = PBXGroup;
			children = (
				0124876715498A4E001D41C3 /* Include */,
				0124874415498A42001D41C3 /* Src */,
				0124874015498A1D001D41C3 /* StdAfx.h */,
				0124874115498A1D001D41C3 /* StdAfx.cpp */,
			);
			name = libRocketWrapper;
			sourceTree = "<group>";
		};
		0124874415498A42001D41C3 /* Src */ = {
			isa = PBXGroup;
			children = (
				011DEAFB15E5711B00D1443B /* ElementListIter.cpp */,
				011DEAFC15E5711B00D1443B /* ElementFormControl.cpp */,
				0194792515B4826600FBD21C /* TemplateCache.cpp */,
				0194792615B4826600FBD21C /* Template.cpp */,
				0181126B15506D7700056F5F /* TextureDatabase.cpp */,
				01A4FA4D15501D610075EFD1 /* Element.cpp */,
				01041D391549C7AF006F49FD /* ElementManager.cpp */,
				0124874515498A42001D41C3 /* Context.cpp */,
				0124874615498A42001D41C3 /* Controls.cpp */,
				0124874715498A42001D41C3 /* Core.cpp */,
				0124874815498A42001D41C3 /* Debugger.cpp */,
				0124874915498A42001D41C3 /* Dictionary.cpp */,
				0124874A15498A42001D41C3 /* ElementDocument.cpp */,
				0124874B15498A42001D41C3 /* Event.cpp */,
				0124874C15498A42001D41C3 /* Factory.cpp */,
				0124874D15498A42001D41C3 /* FontDatabase.cpp */,
				0124874E15498A42001D41C3 /* ManagedEventInstancer.cpp */,
				0124874F15498A42001D41C3 /* ManagedEventListener.cpp */,
				0124875015498A42001D41C3 /* ManagedEventListenerInstancer.cpp */,
				0124875115498A42001D41C3 /* ManagedFileInterface.cpp */,
				0124875215498A42001D41C3 /* ManagedSystemInterface.cpp */,
				0124875315498A42001D41C3 /* ReferenceCountable.cpp */,
				0124875415498A42001D41C3 /* RenderInterfaceOgre3D.cpp */,
				0124875515498A42001D41C3 /* Variant.cpp */,
			);
			name = Src;
			path = ../../Src;
			sourceTree = SOURCE_ROOT;
		};
		0124876715498A4E001D41C3 /* Include */ = {
			isa = PBXGroup;
			children = (
				0195A86616A0A1C300FD0022 /* CommonResources.h */,
				011DEAFF15E5712800D1443B /* ElementListIter.h */,
				0124876815498A4E001D41C3 /* ManagedSystemInterface.h */,
				0124876915498A4E001D41C3 /* RenderInterfaceOgre3D.h */,
			);
			name = Include;
			path = ../../Include;
			sourceTree = SOURCE_ROOT;
		};
		034768DDFF38A45A11DB9C8B /* Products */ = {
			isa = PBXGroup;
			children = (
				0124873B15498961001D41C3 /* libRocketWrapper.dylib */,
			);
			name = Products;
			sourceTree = "<group>";
		};
		0867D691FE84028FC02AAC07 /* libRocketWrapper */ = {
			isa = PBXGroup;
			children = (
				0124873E1549898A001D41C3 /* libRocketWrapper */,
				5073E0CA09E734BC00EC74B6 /* Configuration Files */,
				08FB77ACFE841707C02AAC07 /* Source */,
				0867D69AFE84028FC02AAC07 /* External Frameworks and Libraries */,
				034768DDFF38A45A11DB9C8B /* Products */,
			);
			name = libRocketWrapper;
			sourceTree = "<group>";
		};
		0867D69AFE84028FC02AAC07 /* External Frameworks and Libraries */ = {
			isa = PBXGroup;
			children = (
				014BB48A18D0B43800B77623 /* libRocketControls.a */,
				014BB48B18D0B43800B77623 /* libRocketCore.a */,
				014BB48C18D0B43800B77623 /* libRocketDebugger.a */,
				014BB48818D0B42900B77623 /* Ogre.framework */,
				014BB48618D0B41E00B77623 /* libfreetype.a */,
			);
			name = "External Frameworks and Libraries";
			sourceTree = "<group>";
		};
		08FB77ACFE841707C02AAC07 /* Source */ = {
			isa = PBXGroup;
			children = (
				32BAE0B70371A74B00C91783 /* libRocketWrapper_Prefix.pch */,
				50149BD909E781A5002DEE6A /* libRocketWrapper.h */,
				50B2938909F016FC00694E55 /* libRocketWrapperPriv.h */,
				5073E0C409E734A800EC74B6 /* libRocketWrapper.cp */,
			);
			name = Source;
			sourceTree = "<group>";
		};
		5073E0CA09E734BC00EC74B6 /* Configuration Files */ = {
			isa = PBXGroup;
			children = (
				5073E0C609E734A800EC74B6 /* libRocketWrapperProj.xcconfig */,
				5073E0C709E734A800EC74B6 /* libRocketWrapperTarget.xcconfig */,
			);
			name = "Configuration Files";
			sourceTree = "<group>";
		};
/* End PBXGroup section */

/* Begin PBXHeadersBuildPhase section */
		0124873715498961001D41C3 /* Headers */ = {
			isa = PBXHeadersBuildPhase;
			buildActionMask = 2147483647;
			files = (
				0124874215498A1D001D41C3 /* StdAfx.h in Headers */,
				0124876A15498A4E001D41C3 /* ManagedSystemInterface.h in Headers */,
				0124876B15498A4E001D41C3 /* RenderInterfaceOgre3D.h in Headers */,
				011DEB0015E5712800D1443B /* ElementListIter.h in Headers */,
				0195A86716A0A1C300FD0022 /* CommonResources.h in Headers */,
			);
			runOnlyForDeploymentPostprocessing = 0;
		};
/* End PBXHeadersBuildPhase section */

/* Begin PBXNativeTarget section */
		0124873A15498961001D41C3 /* libRocketWrapper */ = {
			isa = PBXNativeTarget;
			buildConfigurationList = 0124873F1549898A001D41C3 /* Build configuration list for PBXNativeTarget "libRocketWrapper" */;
			buildPhases = (
				0124873715498961001D41C3 /* Headers */,
				0124873815498961001D41C3 /* Sources */,
				0124873915498961001D41C3 /* Frameworks */,
			);
			buildRules = (
			);
			dependencies = (
			);
			name = libRocketWrapper;
			productName = libRocketWrapper;
			productReference = 0124873B15498961001D41C3 /* libRocketWrapper.dylib */;
			productType = "com.apple.product-type.library.dynamic";
		};
/* End PBXNativeTarget section */

/* Begin PBXProject section */
		0867D690FE84028FC02AAC07 /* Project object */ = {
			isa = PBXProject;
			attributes = {
			};
			buildConfigurationList = 1DEB916408733D950010E9CD /* Build configuration list for PBXProject "libRocketWrapper" */;
			compatibilityVersion = "Xcode 3.1";
			developmentRegion = English;
			hasScannedForEncodings = 1;
			knownRegions = (
				English,
				Japanese,
				French,
				German,
			);
			mainGroup = 0867D691FE84028FC02AAC07 /* libRocketWrapper */;
			productRefGroup = 034768DDFF38A45A11DB9C8B /* Products */;
			projectDirPath = "";
			projectRoot = "";
			targets = (
				0124873A15498961001D41C3 /* libRocketWrapper */,
			);
		};
/* End PBXProject section */

/* Begin PBXSourcesBuildPhase section */
		0124873815498961001D41C3 /* Sources */ = {
			isa = PBXSourcesBuildPhase;
			buildActionMask = 2147483647;
			files = (
				0124874315498A1D001D41C3 /* StdAfx.cpp in Sources */,
				0124875615498A42001D41C3 /* Context.cpp in Sources */,
				0124875715498A42001D41C3 /* Controls.cpp in Sources */,
				0124875815498A42001D41C3 /* Core.cpp in Sources */,
				0124875915498A42001D41C3 /* Debugger.cpp in Sources */,
				0124875A15498A42001D41C3 /* Dictionary.cpp in Sources */,
				0124875B15498A42001D41C3 /* ElementDocument.cpp in Sources */,
				0124875C15498A42001D41C3 /* Event.cpp in Sources */,
				0124875D15498A42001D41C3 /* Factory.cpp in Sources */,
				0124875E15498A42001D41C3 /* FontDatabase.cpp in Sources */,
				0124875F15498A42001D41C3 /* ManagedEventInstancer.cpp in Sources */,
				0124876015498A42001D41C3 /* ManagedEventListener.cpp in Sources */,
				0124876115498A42001D41C3 /* ManagedEventListenerInstancer.cpp in Sources */,
				0124876215498A42001D41C3 /* ManagedFileInterface.cpp in Sources */,
				0124876315498A42001D41C3 /* ManagedSystemInterface.cpp in Sources */,
				0124876415498A42001D41C3 /* ReferenceCountable.cpp in Sources */,
				0124876515498A42001D41C3 /* RenderInterfaceOgre3D.cpp in Sources */,
				0124876615498A42001D41C3 /* Variant.cpp in Sources */,
				01041D3A1549C7AF006F49FD /* ElementManager.cpp in Sources */,
				01A4FA4E15501D610075EFD1 /* Element.cpp in Sources */,
				0181126C15506D7700056F5F /* TextureDatabase.cpp in Sources */,
				0194792715B4826600FBD21C /* TemplateCache.cpp in Sources */,
				0194792815B4826600FBD21C /* Template.cpp in Sources */,
				011DEAFD15E5711B00D1443B /* ElementListIter.cpp in Sources */,
				011DEAFE15E5711B00D1443B /* ElementFormControl.cpp in Sources */,
			);
			runOnlyForDeploymentPostprocessing = 0;
		};
/* End PBXSourcesBuildPhase section */

/* Begin XCBuildConfiguration section */
		0124873C15498961001D41C3 /* Debug */ = {
			isa = XCBuildConfiguration;
			buildSettings = {
				ALWAYS_SEARCH_USER_PATHS = NO;
				COPY_PHASE_STRIP = NO;
				DYLIB_COMPATIBILITY_VERSION = 1;
				DYLIB_CURRENT_VERSION = 1;
				FRAMEWORK_SEARCH_PATHS = (
					"$(inherited)",
					/Users/andrewpiper/Development/Dependencies/Ogre/OSX/Build/lib/macosx/Release,
				);
				GCC_DYNAMIC_NO_PIC = NO;
				GCC_ENABLE_FIX_AND_CONTINUE = YES;
				GCC_MODEL_TUNING = G5;
				GCC_OPTIMIZATION_LEVEL = 0;
				GCC_PRECOMPILE_PREFIX_HEADER = YES;
				GCC_PREFIX_HEADER = "$(SYSTEM_LIBRARY_DIR)/Frameworks/AppKit.framework/Headers/AppKit.h";
				INSTALL_PATH = /usr/local/lib;
				LIBRARY_SEARCH_PATHS = (
					"$(inherited)",
					"\"$(SRCROOT)/../../../../Dependencies/libRocket/OSXBuild/Release\"",
					/Users/andrewpiper/Development/Dependencies/Ogre/OSX/Dependencies/lib,
				);
				ONLY_ACTIVE_ARCH = NO;
				OTHER_LDFLAGS = (
					"-framework",
					Foundation,
					"-framework",
					AppKit,
				);
				PREBINDING = NO;
				PRODUCT_NAME = libRocketWrapper;
			};
			name = Debug;
		};
		0124873D15498961001D41C3 /* Release */ = {
			isa = XCBuildConfiguration;
			buildSettings = {
				ALWAYS_SEARCH_USER_PATHS = NO;
				COPY_PHASE_STRIP = YES;
				DEBUG_INFORMATION_FORMAT = "dwarf-with-dsym";
				DYLIB_COMPATIBILITY_VERSION = 1;
				DYLIB_CURRENT_VERSION = 1;
				FRAMEWORK_SEARCH_PATHS = (
					"$(inherited)",
					/Users/andrewpiper/Development/Dependencies/Ogre/OSX/Build/lib/macosx/Release,
				);
				GCC_ENABLE_FIX_AND_CONTINUE = NO;
				GCC_MODEL_TUNING = G5;
				GCC_PRECOMPILE_PREFIX_HEADER = YES;
				GCC_PREFIX_HEADER = ../../StdAfx.h;
				GCC_PREPROCESSOR_DEFINITIONS = (
					STATIC_LIB,
					MAC_OSX,
				);
				HEADER_SEARCH_PATHS = (
					/Users/andrewpiper/Development/Dependencies/libRocket/src/Include,
					/Users/andrewpiper/Development/Dependencies/Ogre/OSX/Build/include,
					/Users/andrewpiper/Development/Dependencies/Ogre/src/OgreMain/include,
				);
				INSTALL_PATH = /usr/local/lib;
				LIBRARY_SEARCH_PATHS = (
					"$(inherited)",
					"\"$(SRCROOT)/../../../../Dependencies/libRocket/OSXBuild/Release\"",
					/Users/andrewpiper/Development/Dependencies/Ogre/OSX/Dependencies/lib,
				);
				ONLY_ACTIVE_ARCH = NO;
				OTHER_LDFLAGS = (
					"-framework",
					Foundation,
					"-framework",
					AppKit,
				);
				PREBINDING = NO;
				PRODUCT_NAME = libRocketWrapper;
				ZERO_LINK = NO;
			};
			name = Release;
		};
		1DEB916508733D950010E9CD /* Debug */ = {
			isa = XCBuildConfiguration;
			baseConfigurationReference = 5073E0C609E734A800EC74B6 /* libRocketWrapperProj.xcconfig */;
			buildSettings = {
				ARCHS = "$(ARCHS_STANDARD_32_BIT)";
				GCC_C_LANGUAGE_STANDARD = gnu99;
				GCC_OPTIMIZATION_LEVEL = 0;
				GCC_WARN_ABOUT_RETURN_TYPE = YES;
				GCC_WARN_UNUSED_VARIABLE = YES;
				LD_RUNPATH_SEARCH_PATHS = "@loader_path/../Frameworks";
				MACOSX_DEPLOYMENT_TARGET = 10.7;
				ONLY_ACTIVE_ARCH = NO;
				PREBINDING = NO;
				SDKROOT = macosx;
			};
			name = Debug;
		};
		1DEB916608733D950010E9CD /* Release */ = {
			isa = XCBuildConfiguration;
			baseConfigurationReference = 5073E0C609E734A800EC74B6 /* libRocketWrapperProj.xcconfig */;
			buildSettings = {
				ARCHS = "$(ARCHS_STANDARD_32_BIT)";
				GCC_C_LANGUAGE_STANDARD = gnu99;
				GCC_PREPROCESSOR_DEFINITIONS = MAC_OSX;
				GCC_WARN_ABOUT_RETURN_TYPE = YES;
				GCC_WARN_UNUSED_VARIABLE = YES;
				HEADER_SEARCH_PATHS = "";
				LD_RUNPATH_SEARCH_PATHS = "@loader_path/../Frameworks";
				MACOSX_DEPLOYMENT_TARGET = 10.7;
				ONLY_ACTIVE_ARCH = NO;
				PREBINDING = NO;
				SDKROOT = macosx;
				VALID_ARCHS = "i386 x86_64";
			};
			name = Release;
		};
/* End XCBuildConfiguration section */

/* Begin XCConfigurationList section */
		0124873F1549898A001D41C3 /* Build configuration list for PBXNativeTarget "libRocketWrapper" */ = {
			isa = XCConfigurationList;
			buildConfigurations = (
				0124873C15498961001D41C3 /* Debug */,
				0124873D15498961001D41C3 /* Release */,
			);
			defaultConfigurationIsVisible = 0;
			defaultConfigurationName = Release;
		};
		1DEB916408733D950010E9CD /* Build configuration list for PBXProject "libRocketWrapper" */ = {
			isa = XCConfigurationList;
			buildConfigurations = (
				1DEB916508733D950010E9CD /* Debug */,
				1DEB916608733D950010E9CD /* Release */,
			);
			defaultConfigurationIsVisible = 0;
			defaultConfigurationName = Release;
		};
/* End XCConfigurationList section */
	};
	rootObject = 0867D690FE84028FC02AAC07 /* Project object */;
}
