// !$*UTF8*$!
{
	archiveVersion = 1;
	classes = {
	};
	objectVersion = 45;
	objects = {

/* Begin PBXBuildFile section */
		0191EBB4196B11DC00C23BE4 /* btFixedConstraintWrapper.cpp in Sources */ = {isa = PBXBuildFile; fileRef = 0191EBB3196B11DC00C23BE4 /* btFixedConstraintWrapper.cpp */; };
		01B6210113563BA800E20314 /* BulletDebugDraw.h in Headers */ = {isa = PBXBuildFile; fileRef = 01B620E913563BA800E20314 /* BulletDebugDraw.h */; };
		01B6210213563BA800E20314 /* BulletScene.h in Headers */ = {isa = PBXBuildFile; fileRef = 01B620EA13563BA800E20314 /* BulletScene.h */; };
		01B6210313563BA800E20314 /* ContactCache.h in Headers */ = {isa = PBXBuildFile; fileRef = 01B620EB13563BA800E20314 /* ContactCache.h */; };
		01B6210413563BA800E20314 /* ContactInfo.h in Headers */ = {isa = PBXBuildFile; fileRef = 01B620EC13563BA800E20314 /* ContactInfo.h */; };
		01B6210513563BA800E20314 /* MotionState.h in Headers */ = {isa = PBXBuildFile; fileRef = 01B620ED13563BA800E20314 /* MotionState.h */; };
		01B6210613563BA800E20314 /* ReshapeableRigidBody.h in Headers */ = {isa = PBXBuildFile; fileRef = 01B620EE13563BA800E20314 /* ReshapeableRigidBody.h */; };
		01B6210713563BA800E20314 /* ReshapeableRigidBodySection.h in Headers */ = {isa = PBXBuildFile; fileRef = 01B620EF13563BA800E20314 /* ReshapeableRigidBodySection.h */; };
		01B6210813563BA800E20314 /* RigidBodyConstructionInfo.h in Headers */ = {isa = PBXBuildFile; fileRef = 01B620F013563BA800E20314 /* RigidBodyConstructionInfo.h */; };
		01B6210913563BA800E20314 /* BulletDebugDraw.cpp in Sources */ = {isa = PBXBuildFile; fileRef = 01B620F213563BA800E20314 /* BulletDebugDraw.cpp */; };
		01B6210A13563BA800E20314 /* BulletScene.cpp in Sources */ = {isa = PBXBuildFile; fileRef = 01B620F313563BA800E20314 /* BulletScene.cpp */; };
		01B6210B13563BA800E20314 /* CollisionShapeInterface.cpp in Sources */ = {isa = PBXBuildFile; fileRef = 01B620F413563BA800E20314 /* CollisionShapeInterface.cpp */; };
		01B6210C13563BA800E20314 /* ContactCache.cpp in Sources */ = {isa = PBXBuildFile; fileRef = 01B620F513563BA800E20314 /* ContactCache.cpp */; };
		01B6210D13563BA800E20314 /* ContactInfo.cpp in Sources */ = {isa = PBXBuildFile; fileRef = 01B620F613563BA800E20314 /* ContactInfo.cpp */; };
		01B6210E13563BA800E20314 /* Generic6DofConstriantMotors.h in Headers */ = {isa = PBXBuildFile; fileRef = 01B620F713563BA800E20314 /* Generic6DofConstriantMotors.h */; };
		01B6210F13563BA800E20314 /* MotionState.cpp in Sources */ = {isa = PBXBuildFile; fileRef = 01B620F813563BA800E20314 /* MotionState.cpp */; };
		01B6211013563BA800E20314 /* ReshapeableRigidBody.cpp in Sources */ = {isa = PBXBuildFile; fileRef = 01B620F913563BA800E20314 /* ReshapeableRigidBody.cpp */; };
		01B6211113563BA800E20314 /* ReshapeableRigidBodySection.cpp in Sources */ = {isa = PBXBuildFile; fileRef = 01B620FA13563BA800E20314 /* ReshapeableRigidBodySection.cpp */; };
		01B6211213563BA800E20314 /* btGeneric6DofConstraintWrapper.cpp in Sources */ = {isa = PBXBuildFile; fileRef = 01B620FB13563BA800E20314 /* btGeneric6DofConstraintWrapper.cpp */; };
		01B6211313563BA800E20314 /* btManifoldPoint.cpp in Sources */ = {isa = PBXBuildFile; fileRef = 01B620FC13563BA800E20314 /* btManifoldPoint.cpp */; };
		01B6211413563BA800E20314 /* btRigidBodyWrapper.cpp in Sources */ = {isa = PBXBuildFile; fileRef = 01B620FD13563BA800E20314 /* btRigidBodyWrapper.cpp */; };
		01B6211513563BA800E20314 /* btTypedConstraintWrapper.cpp in Sources */ = {isa = PBXBuildFile; fileRef = 01B620FE13563BA800E20314 /* btTypedConstraintWrapper.cpp */; };
		01B6211613563BA800E20314 /* Stdafx.cpp in Sources */ = {isa = PBXBuildFile; fileRef = 01B620FF13563BA800E20314 /* Stdafx.cpp */; };
		01B6211713563BA800E20314 /* Stdafx.h in Headers */ = {isa = PBXBuildFile; fileRef = 01B6210013563BA800E20314 /* Stdafx.h */; };
		01B6211913563BF000E20314 /* libBulletCollision.a in Frameworks */ = {isa = PBXBuildFile; fileRef = 01B6211813563BF000E20314 /* libBulletCollision.a */; };
		01B6211B13563BFA00E20314 /* libBulletDynamics.a in Frameworks */ = {isa = PBXBuildFile; fileRef = 01B6211A13563BFA00E20314 /* libBulletDynamics.a */; };
		01B6211D13563C1000E20314 /* libBulletSoftBody.a in Frameworks */ = {isa = PBXBuildFile; fileRef = 01B6211C13563C1000E20314 /* libBulletSoftBody.a */; };
		01B6211F13563C1D00E20314 /* libLinearMath.a in Frameworks */ = {isa = PBXBuildFile; fileRef = 01B6211E13563C1D00E20314 /* libLinearMath.a */; };
		01B6212113563C4500E20314 /* libConvexDecomposition.a in Frameworks */ = {isa = PBXBuildFile; fileRef = 01B6212013563C4500E20314 /* libConvexDecomposition.a */; };
/* End PBXBuildFile section */

/* Begin PBXFileReference section */
		0191EBB3196B11DC00C23BE4 /* btFixedConstraintWrapper.cpp */ = {isa = PBXFileReference; fileEncoding = 4; lastKnownFileType = sourcecode.cpp.cpp; path = btFixedConstraintWrapper.cpp; sourceTree = "<group>"; };
		01B620E913563BA800E20314 /* BulletDebugDraw.h */ = {isa = PBXFileReference; fileEncoding = 4; lastKnownFileType = sourcecode.c.h; path = BulletDebugDraw.h; sourceTree = "<group>"; };
		01B620EA13563BA800E20314 /* BulletScene.h */ = {isa = PBXFileReference; fileEncoding = 4; lastKnownFileType = sourcecode.c.h; path = BulletScene.h; sourceTree = "<group>"; };
		01B620EB13563BA800E20314 /* ContactCache.h */ = {isa = PBXFileReference; fileEncoding = 4; lastKnownFileType = sourcecode.c.h; path = ContactCache.h; sourceTree = "<group>"; };
		01B620EC13563BA800E20314 /* ContactInfo.h */ = {isa = PBXFileReference; fileEncoding = 4; lastKnownFileType = sourcecode.c.h; path = ContactInfo.h; sourceTree = "<group>"; };
		01B620ED13563BA800E20314 /* MotionState.h */ = {isa = PBXFileReference; fileEncoding = 4; lastKnownFileType = sourcecode.c.h; path = MotionState.h; sourceTree = "<group>"; };
		01B620EE13563BA800E20314 /* ReshapeableRigidBody.h */ = {isa = PBXFileReference; fileEncoding = 4; lastKnownFileType = sourcecode.c.h; path = ReshapeableRigidBody.h; sourceTree = "<group>"; };
		01B620EF13563BA800E20314 /* ReshapeableRigidBodySection.h */ = {isa = PBXFileReference; fileEncoding = 4; lastKnownFileType = sourcecode.c.h; path = ReshapeableRigidBodySection.h; sourceTree = "<group>"; };
		01B620F013563BA800E20314 /* RigidBodyConstructionInfo.h */ = {isa = PBXFileReference; fileEncoding = 4; lastKnownFileType = sourcecode.c.h; path = RigidBodyConstructionInfo.h; sourceTree = "<group>"; };
		01B620F213563BA800E20314 /* BulletDebugDraw.cpp */ = {isa = PBXFileReference; fileEncoding = 4; lastKnownFileType = sourcecode.cpp.cpp; path = BulletDebugDraw.cpp; sourceTree = "<group>"; };
		01B620F313563BA800E20314 /* BulletScene.cpp */ = {isa = PBXFileReference; fileEncoding = 4; lastKnownFileType = sourcecode.cpp.cpp; path = BulletScene.cpp; sourceTree = "<group>"; };
		01B620F413563BA800E20314 /* CollisionShapeInterface.cpp */ = {isa = PBXFileReference; fileEncoding = 4; lastKnownFileType = sourcecode.cpp.cpp; path = CollisionShapeInterface.cpp; sourceTree = "<group>"; };
		01B620F513563BA800E20314 /* ContactCache.cpp */ = {isa = PBXFileReference; fileEncoding = 4; lastKnownFileType = sourcecode.cpp.cpp; path = ContactCache.cpp; sourceTree = "<group>"; };
		01B620F613563BA800E20314 /* ContactInfo.cpp */ = {isa = PBXFileReference; fileEncoding = 4; lastKnownFileType = sourcecode.cpp.cpp; path = ContactInfo.cpp; sourceTree = "<group>"; };
		01B620F713563BA800E20314 /* Generic6DofConstriantMotors.h */ = {isa = PBXFileReference; fileEncoding = 4; lastKnownFileType = sourcecode.c.h; path = Generic6DofConstriantMotors.h; sourceTree = "<group>"; };
		01B620F813563BA800E20314 /* MotionState.cpp */ = {isa = PBXFileReference; fileEncoding = 4; lastKnownFileType = sourcecode.cpp.cpp; path = MotionState.cpp; sourceTree = "<group>"; };
		01B620F913563BA800E20314 /* ReshapeableRigidBody.cpp */ = {isa = PBXFileReference; fileEncoding = 4; lastKnownFileType = sourcecode.cpp.cpp; path = ReshapeableRigidBody.cpp; sourceTree = "<group>"; };
		01B620FA13563BA800E20314 /* ReshapeableRigidBodySection.cpp */ = {isa = PBXFileReference; fileEncoding = 4; lastKnownFileType = sourcecode.cpp.cpp; path = ReshapeableRigidBodySection.cpp; sourceTree = "<group>"; };
		01B620FB13563BA800E20314 /* btGeneric6DofConstraintWrapper.cpp */ = {isa = PBXFileReference; fileEncoding = 4; lastKnownFileType = sourcecode.cpp.cpp; path = btGeneric6DofConstraintWrapper.cpp; sourceTree = "<group>"; };
		01B620FC13563BA800E20314 /* btManifoldPoint.cpp */ = {isa = PBXFileReference; fileEncoding = 4; lastKnownFileType = sourcecode.cpp.cpp; path = btManifoldPoint.cpp; sourceTree = "<group>"; };
		01B620FD13563BA800E20314 /* btRigidBodyWrapper.cpp */ = {isa = PBXFileReference; fileEncoding = 4; lastKnownFileType = sourcecode.cpp.cpp; path = btRigidBodyWrapper.cpp; sourceTree = "<group>"; };
		01B620FE13563BA800E20314 /* btTypedConstraintWrapper.cpp */ = {isa = PBXFileReference; fileEncoding = 4; lastKnownFileType = sourcecode.cpp.cpp; path = btTypedConstraintWrapper.cpp; sourceTree = "<group>"; };
		01B620FF13563BA800E20314 /* Stdafx.cpp */ = {isa = PBXFileReference; fileEncoding = 4; lastKnownFileType = sourcecode.cpp.cpp; name = Stdafx.cpp; path = ../Stdafx.cpp; sourceTree = SOURCE_ROOT; };
		01B6210013563BA800E20314 /* Stdafx.h */ = {isa = PBXFileReference; fileEncoding = 4; lastKnownFileType = sourcecode.c.h; name = Stdafx.h; path = ../Stdafx.h; sourceTree = SOURCE_ROOT; };
		01B6211813563BF000E20314 /* libBulletCollision.a */ = {isa = PBXFileReference; lastKnownFileType = archive.ar; name = libBulletCollision.a; path = ../../../Dependencies/Bullet/OSXBuild/src/BulletCollision/Release/libBulletCollision.a; sourceTree = SOURCE_ROOT; };
		01B6211A13563BFA00E20314 /* libBulletDynamics.a */ = {isa = PBXFileReference; lastKnownFileType = archive.ar; name = libBulletDynamics.a; path = ../../../Dependencies/Bullet/OSXBuild/src/BulletDynamics/Release/libBulletDynamics.a; sourceTree = SOURCE_ROOT; };
		01B6211C13563C1000E20314 /* libBulletSoftBody.a */ = {isa = PBXFileReference; lastKnownFileType = archive.ar; name = libBulletSoftBody.a; path = ../../../Dependencies/Bullet/OSXBuild/src/BulletSoftBody/Release/libBulletSoftBody.a; sourceTree = SOURCE_ROOT; };
		01B6211E13563C1D00E20314 /* libLinearMath.a */ = {isa = PBXFileReference; lastKnownFileType = archive.ar; name = libLinearMath.a; path = ../../../Dependencies/Bullet/OSXBuild/src/LinearMath/Release/libLinearMath.a; sourceTree = SOURCE_ROOT; };
		01B6212013563C4500E20314 /* libConvexDecomposition.a */ = {isa = PBXFileReference; lastKnownFileType = archive.ar; name = libConvexDecomposition.a; path = ../../../Dependencies/Bullet/OSXBuild/Extras/ConvexDecomposition/Release/libConvexDecomposition.a; sourceTree = SOURCE_ROOT; };
		5073E0C609E734A800EC74B6 /* BulletWrapperProj.xcconfig */ = {isa = PBXFileReference; fileEncoding = 30; lastKnownFileType = text.xcconfig; path = BulletWrapperProj.xcconfig; sourceTree = "<group>"; };
		5073E0C709E734A800EC74B6 /* BulletWrapperTarget.xcconfig */ = {isa = PBXFileReference; fileEncoding = 30; lastKnownFileType = text.xcconfig; path = BulletWrapperTarget.xcconfig; sourceTree = "<group>"; };
		D2AAC09D05546B4700DB518D /* libBulletWrapper.dylib */ = {isa = PBXFileReference; explicitFileType = "compiled.mach-o.dylib"; includeInIndex = 0; path = libBulletWrapper.dylib; sourceTree = BUILT_PRODUCTS_DIR; };
/* End PBXFileReference section */

/* Begin PBXFrameworksBuildPhase section */
		D2AAC09B05546B4700DB518D /* Frameworks */ = {
			isa = PBXFrameworksBuildPhase;
			buildActionMask = 2147483647;
			files = (
				01B6211913563BF000E20314 /* libBulletCollision.a in Frameworks */,
				01B6211B13563BFA00E20314 /* libBulletDynamics.a in Frameworks */,
				01B6211D13563C1000E20314 /* libBulletSoftBody.a in Frameworks */,
				01B6211F13563C1D00E20314 /* libLinearMath.a in Frameworks */,
				01B6212113563C4500E20314 /* libConvexDecomposition.a in Frameworks */,
			);
			runOnlyForDeploymentPostprocessing = 0;
		};
/* End PBXFrameworksBuildPhase section */

/* Begin PBXGroup section */
		01751E1D13563B5600A48318 /* BulletWrapper */ = {
			isa = PBXGroup;
			children = (
				01B620E813563BA800E20314 /* Include */,
				01B620F113563BA800E20314 /* src */,
				01B620FF13563BA800E20314 /* Stdafx.cpp */,
				01B6210013563BA800E20314 /* Stdafx.h */,
			);
			name = BulletWrapper;
			sourceTree = "<group>";
		};
		01B620E813563BA800E20314 /* Include */ = {
			isa = PBXGroup;
			children = (
				01B620E913563BA800E20314 /* BulletDebugDraw.h */,
				01B620EA13563BA800E20314 /* BulletScene.h */,
				01B620EB13563BA800E20314 /* ContactCache.h */,
				01B620EC13563BA800E20314 /* ContactInfo.h */,
				01B620ED13563BA800E20314 /* MotionState.h */,
				01B620EE13563BA800E20314 /* ReshapeableRigidBody.h */,
				01B620EF13563BA800E20314 /* ReshapeableRigidBodySection.h */,
				01B620F013563BA800E20314 /* RigidBodyConstructionInfo.h */,
			);
			name = Include;
			path = ../Include;
			sourceTree = SOURCE_ROOT;
		};
		01B620F113563BA800E20314 /* src */ = {
			isa = PBXGroup;
			children = (
				0191EBB3196B11DC00C23BE4 /* btFixedConstraintWrapper.cpp */,
				01B620F213563BA800E20314 /* BulletDebugDraw.cpp */,
				01B620F313563BA800E20314 /* BulletScene.cpp */,
				01B620F413563BA800E20314 /* CollisionShapeInterface.cpp */,
				01B620F513563BA800E20314 /* ContactCache.cpp */,
				01B620F613563BA800E20314 /* ContactInfo.cpp */,
				01B620F713563BA800E20314 /* Generic6DofConstriantMotors.h */,
				01B620F813563BA800E20314 /* MotionState.cpp */,
				01B620F913563BA800E20314 /* ReshapeableRigidBody.cpp */,
				01B620FA13563BA800E20314 /* ReshapeableRigidBodySection.cpp */,
				01B620FB13563BA800E20314 /* btGeneric6DofConstraintWrapper.cpp */,
				01B620FC13563BA800E20314 /* btManifoldPoint.cpp */,
				01B620FD13563BA800E20314 /* btRigidBodyWrapper.cpp */,
				01B620FE13563BA800E20314 /* btTypedConstraintWrapper.cpp */,
			);
			name = src;
			path = ../src;
			sourceTree = SOURCE_ROOT;
		};
		034768DDFF38A45A11DB9C8B /* Products */ = {
			isa = PBXGroup;
			children = (
				D2AAC09D05546B4700DB518D /* libBulletWrapper.dylib */,
			);
			name = Products;
			sourceTree = "<group>";
		};
		0867D691FE84028FC02AAC07 /* BulletWrapper */ = {
			isa = PBXGroup;
			children = (
				01751E1D13563B5600A48318 /* BulletWrapper */,
				5073E0CA09E734BC00EC74B6 /* Configuration Files */,
				0867D69AFE84028FC02AAC07 /* External Frameworks and Libraries */,
				034768DDFF38A45A11DB9C8B /* Products */,
			);
			name = BulletWrapper;
			sourceTree = "<group>";
		};
		0867D69AFE84028FC02AAC07 /* External Frameworks and Libraries */ = {
			isa = PBXGroup;
			children = (
				01B6212013563C4500E20314 /* libConvexDecomposition.a */,
				01B6211E13563C1D00E20314 /* libLinearMath.a */,
				01B6211C13563C1000E20314 /* libBulletSoftBody.a */,
				01B6211A13563BFA00E20314 /* libBulletDynamics.a */,
				01B6211813563BF000E20314 /* libBulletCollision.a */,
			);
			name = "External Frameworks and Libraries";
			sourceTree = "<group>";
		};
		5073E0CA09E734BC00EC74B6 /* Configuration Files */ = {
			isa = PBXGroup;
			children = (
				5073E0C609E734A800EC74B6 /* BulletWrapperProj.xcconfig */,
				5073E0C709E734A800EC74B6 /* BulletWrapperTarget.xcconfig */,
			);
			name = "Configuration Files";
			sourceTree = "<group>";
		};
/* End PBXGroup section */

/* Begin PBXHeadersBuildPhase section */
		D2AAC09905546B4700DB518D /* Headers */ = {
			isa = PBXHeadersBuildPhase;
			buildActionMask = 2147483647;
			files = (
				01B6210113563BA800E20314 /* BulletDebugDraw.h in Headers */,
				01B6210213563BA800E20314 /* BulletScene.h in Headers */,
				01B6210313563BA800E20314 /* ContactCache.h in Headers */,
				01B6210413563BA800E20314 /* ContactInfo.h in Headers */,
				01B6210513563BA800E20314 /* MotionState.h in Headers */,
				01B6210613563BA800E20314 /* ReshapeableRigidBody.h in Headers */,
				01B6210713563BA800E20314 /* ReshapeableRigidBodySection.h in Headers */,
				01B6210813563BA800E20314 /* RigidBodyConstructionInfo.h in Headers */,
				01B6210E13563BA800E20314 /* Generic6DofConstriantMotors.h in Headers */,
				01B6211713563BA800E20314 /* Stdafx.h in Headers */,
			);
			runOnlyForDeploymentPostprocessing = 0;
		};
/* End PBXHeadersBuildPhase section */

/* Begin PBXNativeTarget section */
		D2AAC09C05546B4700DB518D /* BulletWrapper */ = {
			isa = PBXNativeTarget;
			buildConfigurationList = 1DEB916008733D950010E9CD /* Build configuration list for PBXNativeTarget "BulletWrapper" */;
			buildPhases = (
				D2AAC09905546B4700DB518D /* Headers */,
				D2AAC09B05546B4700DB518D /* Frameworks */,
				D2AAC09A05546B4700DB518D /* Sources */,
			);
			buildRules = (
			);
			dependencies = (
			);
			name = BulletWrapper;
			productName = libBulletWrapper;
			productReference = D2AAC09D05546B4700DB518D /* libBulletWrapper.dylib */;
			productType = "com.apple.product-type.library.dynamic";
		};
/* End PBXNativeTarget section */

/* Begin PBXProject section */
		0867D690FE84028FC02AAC07 /* Project object */ = {
			isa = PBXProject;
			attributes = {
			};
			buildConfigurationList = 1DEB916408733D950010E9CD /* Build configuration list for PBXProject "BulletWrapper" */;
			compatibilityVersion = "Xcode 3.1";
			developmentRegion = English;
			hasScannedForEncodings = 1;
			knownRegions = (
				English,
				Japanese,
				French,
				German,
			);
			mainGroup = 0867D691FE84028FC02AAC07 /* BulletWrapper */;
			productRefGroup = 034768DDFF38A45A11DB9C8B /* Products */;
			projectDirPath = "";
			projectRoot = "";
			targets = (
				D2AAC09C05546B4700DB518D /* BulletWrapper */,
			);
		};
/* End PBXProject section */

/* Begin PBXSourcesBuildPhase section */
		D2AAC09A05546B4700DB518D /* Sources */ = {
			isa = PBXSourcesBuildPhase;
			buildActionMask = 2147483647;
			files = (
				01B6210913563BA800E20314 /* BulletDebugDraw.cpp in Sources */,
				01B6210A13563BA800E20314 /* BulletScene.cpp in Sources */,
				01B6210B13563BA800E20314 /* CollisionShapeInterface.cpp in Sources */,
				01B6210C13563BA800E20314 /* ContactCache.cpp in Sources */,
				01B6210D13563BA800E20314 /* ContactInfo.cpp in Sources */,
				0191EBB4196B11DC00C23BE4 /* btFixedConstraintWrapper.cpp in Sources */,
				01B6210F13563BA800E20314 /* MotionState.cpp in Sources */,
				01B6211013563BA800E20314 /* ReshapeableRigidBody.cpp in Sources */,
				01B6211113563BA800E20314 /* ReshapeableRigidBodySection.cpp in Sources */,
				01B6211213563BA800E20314 /* btGeneric6DofConstraintWrapper.cpp in Sources */,
				01B6211313563BA800E20314 /* btManifoldPoint.cpp in Sources */,
				01B6211413563BA800E20314 /* btRigidBodyWrapper.cpp in Sources */,
				01B6211513563BA800E20314 /* btTypedConstraintWrapper.cpp in Sources */,
				01B6211613563BA800E20314 /* Stdafx.cpp in Sources */,
			);
			runOnlyForDeploymentPostprocessing = 0;
		};
/* End PBXSourcesBuildPhase section */

/* Begin XCBuildConfiguration section */
		1DEB916108733D950010E9CD /* Debug */ = {
			isa = XCBuildConfiguration;
			baseConfigurationReference = 5073E0C709E734A800EC74B6 /* BulletWrapperTarget.xcconfig */;
			buildSettings = {
				ALWAYS_SEARCH_USER_PATHS = NO;
				COPY_PHASE_STRIP = NO;
				GCC_DYNAMIC_NO_PIC = NO;
				GCC_ENABLE_FIX_AND_CONTINUE = YES;
				GCC_MODEL_TUNING = G5;
				GCC_OPTIMIZATION_LEVEL = 0;
				GCC_PRECOMPILE_PREFIX_HEADER = YES;
				GCC_PREFIX_HEADER = BulletWrapper_Prefix.pch;
				LIBRARY_SEARCH_PATHS = (
					"$(inherited)",
					"\"$(SRCROOT)/../../../Dependencies/Bullet/OSXBuild/src/BulletCollision/Release\"",
					"\"$(SRCROOT)/../../../Dependencies/Bullet/OSXBuild/src/BulletDynamics/Release\"",
					"\"$(SRCROOT)/../../../Dependencies/Bullet/OSXBuild/src/BulletSoftBody/Release\"",
					"\"$(SRCROOT)/../../../Dependencies/Bullet/OSXBuild/src/LinearMath/Release\"",
					"\"$(SRCROOT)/../../../Dependencies/Bullet/OSXBuild/Extras/ConvexDecomposition/Release\"",
				);
			};
			name = Debug;
		};
		1DEB916208733D950010E9CD /* Release */ = {
			isa = XCBuildConfiguration;
			baseConfigurationReference = 5073E0C709E734A800EC74B6 /* BulletWrapperTarget.xcconfig */;
			buildSettings = {
				ALWAYS_SEARCH_USER_PATHS = NO;
				DEBUG_INFORMATION_FORMAT = "dwarf-with-dsym";
				GCC_MODEL_TUNING = G5;
				GCC_PRECOMPILE_PREFIX_HEADER = YES;
				GCC_PREFIX_HEADER = ../../BulletWrapper/Stdafx.h;
				GCC_PREPROCESSOR_DEFINITIONS = MAC_OSX;
				HEADER_SEARCH_PATHS = (
					/Users/andrewpiper/Development/Dependencies/Bullet/src/Extras/ConvexDecomposition,
					/Users/andrewpiper/Development/Dependencies/Bullet/src/src,
				);
				LIBRARY_SEARCH_PATHS = (
					"$(inherited)",
					"\"$(SRCROOT)/../../../Dependencies/Bullet/OSXBuild/src/BulletCollision/Release\"",
					"\"$(SRCROOT)/../../../Dependencies/Bullet/OSXBuild/src/BulletDynamics/Release\"",
					"\"$(SRCROOT)/../../../Dependencies/Bullet/OSXBuild/src/BulletSoftBody/Release\"",
					"\"$(SRCROOT)/../../../Dependencies/Bullet/OSXBuild/src/LinearMath/Release\"",
					"\"$(SRCROOT)/../../../Dependencies/Bullet/OSXBuild/Extras/ConvexDecomposition/Release\"",
				);
				STRIP_INSTALLED_PRODUCT = YES;
				STRIP_STYLE = "non-global";
			};
			name = Release;
		};
		1DEB916508733D950010E9CD /* Debug */ = {
			isa = XCBuildConfiguration;
			baseConfigurationReference = 5073E0C609E734A800EC74B6 /* BulletWrapperProj.xcconfig */;
			buildSettings = {
				ARCHS = "$(ARCHS_STANDARD_32_BIT)";
				GCC_C_LANGUAGE_STANDARD = gnu99;
				GCC_OPTIMIZATION_LEVEL = 0;
				GCC_WARN_ABOUT_RETURN_TYPE = YES;
				GCC_WARN_UNUSED_VARIABLE = YES;
				MACOSX_DEPLOYMENT_TARGET = 10.7;
				ONLY_ACTIVE_ARCH = NO;
				PREBINDING = NO;
				SDKROOT = macosx;
			};
			name = Debug;
		};
		1DEB916608733D950010E9CD /* Release */ = {
			isa = XCBuildConfiguration;
			baseConfigurationReference = 5073E0C609E734A800EC74B6 /* BulletWrapperProj.xcconfig */;
			buildSettings = {
				ARCHS = "$(ARCHS_STANDARD_32_BIT)";
				GCC_C_LANGUAGE_STANDARD = gnu99;
				GCC_WARN_ABOUT_RETURN_TYPE = YES;
				GCC_WARN_UNUSED_VARIABLE = YES;
				MACOSX_DEPLOYMENT_TARGET = 10.7;
				ONLY_ACTIVE_ARCH = NO;
				PREBINDING = NO;
				SDKROOT = macosx;
				VALID_ARCHS = "i386 x86_64";
			};
			name = Release;
		};
/* End XCBuildConfiguration section */

/* Begin XCConfigurationList section */
		1DEB916008733D950010E9CD /* Build configuration list for PBXNativeTarget "BulletWrapper" */ = {
			isa = XCConfigurationList;
			buildConfigurations = (
				1DEB916108733D950010E9CD /* Debug */,
				1DEB916208733D950010E9CD /* Release */,
			);
			defaultConfigurationIsVisible = 0;
			defaultConfigurationName = Release;
		};
		1DEB916408733D950010E9CD /* Build configuration list for PBXProject "BulletWrapper" */ = {
			isa = XCConfigurationList;
			buildConfigurations = (
				1DEB916508733D950010E9CD /* Debug */,
				1DEB916608733D950010E9CD /* Release */,
			);
			defaultConfigurationIsVisible = 0;
			defaultConfigurationName = Release;
		};
/* End XCConfigurationList section */
	};
	rootObject = 0867D690FE84028FC02AAC07 /* Project object */;
}
