// !$*UTF8*$!
{
	archiveVersion = 1;
	classes = {
	};
	objectVersion = 46;
	objects = {

/* Begin PBXBuildFile section */
		01D737BF1A699E170038BF31 /* ZipFile.cpp in Sources */ = {isa = PBXBuildFile; fileRef = 01D737BB1A699E170038BF31 /* ZipFile.cpp */; };
		01D737C01A699E170038BF31 /* ZipStream.cpp in Sources */ = {isa = PBXBuildFile; fileRef = 01D737BC1A699E170038BF31 /* ZipStream.cpp */; };
		01D737C11A699E170038BF31 /* Stdafx.cpp in Sources */ = {isa = PBXBuildFile; fileRef = 01D737BD1A699E170038BF31 /* Stdafx.cpp */; };
/* End PBXBuildFile section */

/* Begin PBXCopyFilesBuildPhase section */
		01C215EE1A699DF0001FC6B3 /* CopyFiles */ = {
			isa = PBXCopyFilesBuildPhase;
			buildActionMask = 2147483647;
			dstPath = "include/$(PRODUCT_NAME)";
			dstSubfolderSpec = 16;
			files = (
			);
			runOnlyForDeploymentPostprocessing = 0;
		};
/* End PBXCopyFilesBuildPhase section */

/* Begin PBXFileReference section */
		01C215F01A699DF0001FC6B3 /* libZip.a */ = {isa = PBXFileReference; explicitFileType = archive.ar; includeInIndex = 0; path = libZip.a; sourceTree = BUILT_PRODUCTS_DIR; };
		01D737BB1A699E170038BF31 /* ZipFile.cpp */ = {isa = PBXFileReference; fileEncoding = 4; lastKnownFileType = sourcecode.cpp.cpp; path = ZipFile.cpp; sourceTree = "<group>"; };
		01D737BC1A699E170038BF31 /* ZipStream.cpp */ = {isa = PBXFileReference; fileEncoding = 4; lastKnownFileType = sourcecode.cpp.cpp; path = ZipStream.cpp; sourceTree = "<group>"; };
		01D737BD1A699E170038BF31 /* Stdafx.cpp */ = {isa = PBXFileReference; fileEncoding = 4; lastKnownFileType = sourcecode.cpp.cpp; name = Stdafx.cpp; path = ../Stdafx.cpp; sourceTree = "<group>"; };
		01D737BE1A699E170038BF31 /* Stdafx.h */ = {isa = PBXFileReference; fileEncoding = 4; lastKnownFileType = sourcecode.c.h; name = Stdafx.h; path = ../Stdafx.h; sourceTree = "<group>"; };
/* End PBXFileReference section */

/* Begin PBXFrameworksBuildPhase section */
		01C215ED1A699DF0001FC6B3 /* Frameworks */ = {
			isa = PBXFrameworksBuildPhase;
			buildActionMask = 2147483647;
			files = (
			);
			runOnlyForDeploymentPostprocessing = 0;
		};
/* End PBXFrameworksBuildPhase section */

/* Begin PBXGroup section */
		01C215E71A699DF0001FC6B3 = {
			isa = PBXGroup;
			children = (
				01D737B91A699E170038BF31 /* Include */,
				01D737BA1A699E170038BF31 /* Src */,
				01D737BD1A699E170038BF31 /* Stdafx.cpp */,
				01D737BE1A699E170038BF31 /* Stdafx.h */,
				01C215F11A699DF0001FC6B3 /* Products */,
			);
			sourceTree = "<group>";
		};
		01C215F11A699DF0001FC6B3 /* Products */ = {
			isa = PBXGroup;
			children = (
				01C215F01A699DF0001FC6B3 /* libZip.a */,
			);
			name = Products;
			sourceTree = "<group>";
		};
		01D737B91A699E170038BF31 /* Include */ = {
			isa = PBXGroup;
			children = (
			);
			name = Include;
			path = ../Include;
			sourceTree = "<group>";
		};
		01D737BA1A699E170038BF31 /* Src */ = {
			isa = PBXGroup;
			children = (
				01D737BB1A699E170038BF31 /* ZipFile.cpp */,
				01D737BC1A699E170038BF31 /* ZipStream.cpp */,
			);
			name = Src;
			path = ../Src;
			sourceTree = "<group>";
		};
/* End PBXGroup section */

/* Begin PBXNativeTarget section */
		01C215EF1A699DF0001FC6B3 /* Zip */ = {
			isa = PBXNativeTarget;
			buildConfigurationList = 01C216041A699DF0001FC6B3 /* Build configuration list for PBXNativeTarget "Zip" */;
			buildPhases = (
				01C215EC1A699DF0001FC6B3 /* Sources */,
				01C215ED1A699DF0001FC6B3 /* Frameworks */,
				01C215EE1A699DF0001FC6B3 /* CopyFiles */,
			);
			buildRules = (
			);
			dependencies = (
			);
			name = Zip;
			productName = Zip;
			productReference = 01C215F01A699DF0001FC6B3 /* libZip.a */;
			productType = "com.apple.product-type.library.static";
		};
/* End PBXNativeTarget section */

/* Begin PBXProject section */
		01C215E81A699DF0001FC6B3 /* Project object */ = {
			isa = PBXProject;
			attributes = {
				LastUpgradeCheck = 0610;
				ORGANIZATIONNAME = "Andrew Piper";
				TargetAttributes = {
					01C215EF1A699DF0001FC6B3 = {
						CreatedOnToolsVersion = 6.1.1;
					};
				};
			};
			buildConfigurationList = 01C215EB1A699DF0001FC6B3 /* Build configuration list for PBXProject "Zip" */;
			compatibilityVersion = "Xcode 3.2";
			developmentRegion = English;
			hasScannedForEncodings = 0;
			knownRegions = (
				en,
			);
			mainGroup = 01C215E71A699DF0001FC6B3;
			productRefGroup = 01C215F11A699DF0001FC6B3 /* Products */;
			projectDirPath = "";
			projectRoot = "";
			targets = (
				01C215EF1A699DF0001FC6B3 /* Zip */,
			);
		};
/* End PBXProject section */

/* Begin PBXSourcesBuildPhase section */
		01C215EC1A699DF0001FC6B3 /* Sources */ = {
			isa = PBXSourcesBuildPhase;
			buildActionMask = 2147483647;
			files = (
				01D737C11A699E170038BF31 /* Stdafx.cpp in Sources */,
				01D737BF1A699E170038BF31 /* ZipFile.cpp in Sources */,
				01D737C01A699E170038BF31 /* ZipStream.cpp in Sources */,
			);
			runOnlyForDeploymentPostprocessing = 0;
		};
/* End PBXSourcesBuildPhase section */

/* Begin XCBuildConfiguration section */
		01C216021A699DF0001FC6B3 /* Debug */ = {
			isa = XCBuildConfiguration;
			buildSettings = {
				ALWAYS_SEARCH_USER_PATHS = NO;
				CLANG_CXX_LANGUAGE_STANDARD = "gnu++0x";
				CLANG_CXX_LIBRARY = "libc++";
				CLANG_ENABLE_MODULES = YES;
				CLANG_ENABLE_OBJC_ARC = YES;
				CLANG_WARN_BOOL_CONVERSION = YES;
				CLANG_WARN_CONSTANT_CONVERSION = YES;
				CLANG_WARN_DIRECT_OBJC_ISA_USAGE = YES_ERROR;
				CLANG_WARN_EMPTY_BODY = YES;
				CLANG_WARN_ENUM_CONVERSION = YES;
				CLANG_WARN_INT_CONVERSION = YES;
				CLANG_WARN_OBJC_ROOT_CLASS = YES_ERROR;
				CLANG_WARN_UNREACHABLE_CODE = YES;
				CLANG_WARN__DUPLICATE_METHOD_MATCH = YES;
				COPY_PHASE_STRIP = NO;
				ENABLE_STRICT_OBJC_MSGSEND = YES;
				GCC_C_LANGUAGE_STANDARD = gnu99;
				GCC_DYNAMIC_NO_PIC = NO;
				GCC_OPTIMIZATION_LEVEL = 0;
				GCC_PREPROCESSOR_DEFINITIONS = (
					"DEBUG=1",
					"$(inherited)",
				);
				GCC_SYMBOLS_PRIVATE_EXTERN = NO;
				GCC_WARN_64_TO_32_BIT_CONVERSION = YES;
				GCC_WARN_ABOUT_RETURN_TYPE = YES_ERROR;
				GCC_WARN_UNDECLARED_SELECTOR = YES;
				GCC_WARN_UNINITIALIZED_AUTOS = YES_AGGRESSIVE;
				GCC_WARN_UNUSED_FUNCTION = YES;
				GCC_WARN_UNUSED_VARIABLE = YES;
				IPHONEOS_DEPLOYMENT_TARGET = 8.1;
				MTL_ENABLE_DEBUG_INFO = YES;
				ONLY_ACTIVE_ARCH = YES;
				SDKROOT = iphoneos;
			};
			name = Debug;
		};
		01C216031A699DF0001FC6B3 /* Release */ = {
			isa = XCBuildConfiguration;
			buildSettings = {
				ALWAYS_SEARCH_USER_PATHS = NO;
				CLANG_CXX_LANGUAGE_STANDARD = "gnu++0x";
				CLANG_CXX_LIBRARY = "libc++";
				CLANG_ENABLE_MODULES = YES;
				CLANG_ENABLE_OBJC_ARC = YES;
				CLANG_WARN_BOOL_CONVERSION = YES;
				CLANG_WARN_CONSTANT_CONVERSION = YES;
				CLANG_WARN_DIRECT_OBJC_ISA_USAGE = YES_ERROR;
				CLANG_WARN_EMPTY_BODY = YES;
				CLANG_WARN_ENUM_CONVERSION = YES;
				CLANG_WARN_INT_CONVERSION = YES;
				CLANG_WARN_OBJC_ROOT_CLASS = YES_ERROR;
				CLANG_WARN_UNREACHABLE_CODE = YES;
				CLANG_WARN__DUPLICATE_METHOD_MATCH = YES;
				COPY_PHASE_STRIP = YES;
				ENABLE_NS_ASSERTIONS = NO;
				ENABLE_STRICT_OBJC_MSGSEND = YES;
				GCC_C_LANGUAGE_STANDARD = gnu99;
				GCC_WARN_64_TO_32_BIT_CONVERSION = YES;
				GCC_WARN_ABOUT_RETURN_TYPE = YES_ERROR;
				GCC_WARN_UNDECLARED_SELECTOR = YES;
				GCC_WARN_UNINITIALIZED_AUTOS = YES_AGGRESSIVE;
				GCC_WARN_UNUSED_FUNCTION = YES;
				GCC_WARN_UNUSED_VARIABLE = YES;
				IPHONEOS_DEPLOYMENT_TARGET = 8.1;
				MTL_ENABLE_DEBUG_INFO = NO;
				SDKROOT = iphoneos;
				VALIDATE_PRODUCT = YES;
			};
			name = Release;
		};
		01C216051A699DF0001FC6B3 /* Debug */ = {
			isa = XCBuildConfiguration;
			buildSettings = {
				GCC_PREPROCESSOR_DEFINITIONS = (
					"$(inherited)",
					APPLE_IOS,
				);
				HEADER_SEARCH_PATHS = "$(SRCROOT)/../../../Dependencies/OgreDeps/OSXInstall/include";
				OTHER_LDFLAGS = "-ObjC";
				PRODUCT_NAME = "$(TARGET_NAME)";
				SKIP_INSTALL = YES;
				WARNING_CFLAGS = "-Wno-return-type-c-linkage";
			};
			name = Debug;
		};
		01C216061A699DF0001FC6B3 /* Release */ = {
			isa = XCBuildConfiguration;
			buildSettings = {
				GCC_PREPROCESSOR_DEFINITIONS = APPLE_IOS;
				HEADER_SEARCH_PATHS = "$(SRCROOT)/../../../Dependencies/OgreDeps/OSXInstall/include";
				OTHER_LDFLAGS = "-ObjC";
				PRODUCT_NAME = "$(TARGET_NAME)";
				SKIP_INSTALL = YES;
				WARNING_CFLAGS = "-Wno-return-type-c-linkage";
			};
			name = Release;
		};
/* End XCBuildConfiguration section */

/* Begin XCConfigurationList section */
		01C215EB1A699DF0001FC6B3 /* Build configuration list for PBXProject "Zip" */ = {
			isa = XCConfigurationList;
			buildConfigurations = (
				01C216021A699DF0001FC6B3 /* Debug */,
				01C216031A699DF0001FC6B3 /* Release */,
			);
			defaultConfigurationIsVisible = 0;
			defaultConfigurationName = Release;
		};
		01C216041A699DF0001FC6B3 /* Build configuration list for PBXNativeTarget "Zip" */ = {
			isa = XCConfigurationList;
			buildConfigurations = (
				01C216051A699DF0001FC6B3 /* Debug */,
				01C216061A699DF0001FC6B3 /* Release */,
			);
			defaultConfigurationIsVisible = 0;
			defaultConfigurationName = Release;
		};
/* End XCConfigurationList section */
	};
	rootObject = 01C215E81A699DF0001FC6B3 /* Project object */;
}
